// !$*UTF8*$!
{
	archiveVersion = 1;
	classes = {
	};
	objectVersion = 46;
	objects = {

/* Begin PBXBuildFile section */
		0207DA581B56EA530066E2B4 /* Images.xcassets in Resources */ = {isa = PBXBuildFile; fileRef = 0207DA571B56EA530066E2B4 /* Images.xcassets */; };
		1D3623260D0F684500981E51 /* AppDelegate.m in Sources */ = {isa = PBXBuildFile; fileRef = 1D3623250D0F684500981E51 /* AppDelegate.m */; };
		1D60589B0D05DD56006BFB54 /* main.m in Sources */ = {isa = PBXBuildFile; fileRef = 29B97316FDCFA39411CA2CEA /* main.m */; };
		301BF552109A68D80062928A /* libCordova.a in Frameworks */ = {isa = PBXBuildFile; fileRef = 301BF535109A57CC0062928A /* libCordova.a */; settings = {ATTRIBUTES = (Required, ); }; };
		302D95F114D2391D003F00A1 /* MainViewController.m in Sources */ = {isa = PBXBuildFile; fileRef = 302D95EF14D2391D003F00A1 /* MainViewController.m */; };
		302D95F214D2391D003F00A1 /* MainViewController.xib in Resources */ = {isa = PBXBuildFile; fileRef = 302D95F014D2391D003F00A1 /* MainViewController.xib */; };
		6AFF5BF91D6E424B00AB3073 /* CDVLaunchScreen.storyboard in Resources */ = {isa = PBXBuildFile; fileRef = 6AFF5BF81D6E424B00AB3073 /* CDVLaunchScreen.storyboard */; };
		E5271EC087584386A1725468 /* APPBadge.m in Sources */ = {isa = PBXBuildFile; fileRef = C2FCFA5E278643888F8AF322 /* APPBadge.m */; };
		D44FCCF280634574A25FDE8E /* UIImage+CropScaleOrientation.m in Sources */ = {isa = PBXBuildFile; fileRef = 01F3138D87A54F41AA141B8A /* UIImage+CropScaleOrientation.m */; };
		C7212C46AE974A8F84201ACC /* CDVCamera.m in Sources */ = {isa = PBXBuildFile; fileRef = FC6C7F8BC88A4C3FB2375155 /* CDVCamera.m */; };
		AA505E64411B4767A335051C /* CDVJpegHeaderWriter.m in Sources */ = {isa = PBXBuildFile; fileRef = C3D97424A90A4AB38E175B20 /* CDVJpegHeaderWriter.m */; };
		047CF8FA321C40EA97FF5B9F /* ImageIO.framework in Frameworks */ = {isa = PBXBuildFile; fileRef = A9C653B8A1A7485C9DBDA693 /* ImageIO.framework */; settings = {ATTRIBUTES = (Weak, ); }; };
		A9FB03BAE0D949ACACAA2410 /* CoreLocation.framework in Frameworks */ = {isa = PBXBuildFile; fileRef = F2849259155F4AA592E14509 /* CoreLocation.framework */; };
		22DC0B7E90804DD09F84CFBA /* AVFoundation.framework in Frameworks */ = {isa = PBXBuildFile; fileRef = 47F756E572594FC1B0D8F660 /* AVFoundation.framework */; };
		9DB20844198B44BCBBB466B4 /* CDVDevice.m in Sources */ = {isa = PBXBuildFile; fileRef = C1E2F207E7784AB7A9874DEE /* CDVDevice.m */; };
		325F9EC9CC764BA09A54AF63 /* libz.tbd in Frameworks */ = {isa = PBXBuildFile; fileRef = F58ADD4DE0B24126BFD33DA1 /* libz.tbd */; };
		1044435E140B4256ACFE2B58 /* CDVCompass.m in Sources */ = {isa = PBXBuildFile; fileRef = 4EE3CF1050074341A46AFC87 /* CDVCompass.m */; };
		26CE26E0B8504C3397567ADE /* CDVNotification.m in Sources */ = {isa = PBXBuildFile; fileRef = A46027A32C8C480B901D5DE3 /* CDVNotification.m */; };
		7DA310C0825E4E4AB1272D57 /* CDVNotification.bundle in Resources */ = {isa = PBXBuildFile; fileRef = F1C67172197942A9B3BBD36A /* CDVNotification.bundle */; };
		554BF65467844AE9A43985E1 /* AudioToolbox.framework in Frameworks */ = {isa = PBXBuildFile; fileRef = 1CE5B3C814AB48F8A0F8B382 /* AudioToolbox.framework */; settings = {ATTRIBUTES = (Weak, ); }; };
		EC0F4B36EC4941098AD38C7E /* CDVFile.m in Sources */ = {isa = PBXBuildFile; fileRef = 59B7389BFBB14FD8BA0A75A2 /* CDVFile.m */; };
		B3C1FDA9AFE54681806CDC78 /* CDVLocalFilesystem.m in Sources */ = {isa = PBXBuildFile; fileRef = 70E8423662DB4EE7AB419680 /* CDVLocalFilesystem.m */; };
		8F8C1E9B58594562AE05E222 /* CDVAssetLibraryFilesystem.m in Sources */ = {isa = PBXBuildFile; fileRef = 784B900B1C9244C5A52A17D1 /* CDVAssetLibraryFilesystem.m */; };
		C3C6374BE6B4429588F058CA /* CDVFileTransfer.m in Sources */ = {isa = PBXBuildFile; fileRef = 1923AC94063C47D5AD892AC8 /* CDVFileTransfer.m */; };
		9647C1E8B6054FEC9E6811E9 /* CDVLocation.m in Sources */ = {isa = PBXBuildFile; fileRef = 0A82A90FA4BD4E36A3382027 /* CDVLocation.m */; };
		593879A78BDA4D3CAC54CC8A /* PluginObjects.m in Sources */ = {isa = PBXBuildFile; fileRef = 214208927BF54627BB11E3F3 /* PluginObjects.m */; };
		D31C9C19124545FFA35D9075 /* PluginCircle.m in Sources */ = {isa = PBXBuildFile; fileRef = 13723ADF89AC47EE9EAFE5FE /* PluginCircle.m */; };
		4813301F1497475C83549EAC /* PluginGeocoder.m in Sources */ = {isa = PBXBuildFile; fileRef = FD314C25569E42C9A0C0E50D /* PluginGeocoder.m */; };
		6DCA1A42EDD44DA2B287ED75 /* PluginLocationService.m in Sources */ = {isa = PBXBuildFile; fileRef = 833BA68B9FC44A02863E79DC /* PluginLocationService.m */; };
		C5B23FC8F0154BECB162C69F /* PluginEnvironment.m in Sources */ = {isa = PBXBuildFile; fileRef = DBB8787CB82A4695BCE23D4A /* PluginEnvironment.m */; };
		42C93A84E05A41FB911C0AC7 /* CordovaGoogleMaps.m in Sources */ = {isa = PBXBuildFile; fileRef = EC6E2C6212C74EA1A7344BED /* CordovaGoogleMaps.m */; };
		3C9535A25CF34265BDB6AD83 /* PluginMapViewController.m in Sources */ = {isa = PBXBuildFile; fileRef = 73E5627211B14FEBB2AED8CF /* PluginMapViewController.m */; };
		CE2ED2662A4B4895A75AEBA1 /* PluginGroundOverlay.m in Sources */ = {isa = PBXBuildFile; fileRef = 38375C91E90C4B62A365EFD2 /* PluginGroundOverlay.m */; };
		AAF2FA1F7B284CB1AC0D8AE2 /* PluginKmlOverlay.m in Sources */ = {isa = PBXBuildFile; fileRef = EEE5E461870F4F468916B8A2 /* PluginKmlOverlay.m */; };
		F627E6C3262844B987622168 /* PluginMap.m in Sources */ = {isa = PBXBuildFile; fileRef = 2B69CFFD32B54C89978F9F7F /* PluginMap.m */; };
		0C88C3AAC3C74AEDB08CB9D0 /* PluginMarker.m in Sources */ = {isa = PBXBuildFile; fileRef = 0E494FD9462D437B82F68FE9 /* PluginMarker.m */; };
		FC80BD7284134D7DA15BF71E /* PluginUtil.m in Sources */ = {isa = PBXBuildFile; fileRef = 3FA7D83A0CE249F8A9D8DA3B /* PluginUtil.m */; };
		A39682EEC0144C2AA66CA5B4 /* PluginPolygon.m in Sources */ = {isa = PBXBuildFile; fileRef = 8063D747DA2E4A5A8A6E1785 /* PluginPolygon.m */; };
		081449DD3CDA471E97CC1F99 /* PluginPolyline.m in Sources */ = {isa = PBXBuildFile; fileRef = A3581DDA724D4F6F99C05057 /* PluginPolyline.m */; };
		7833AEE111B84235BEA1789F /* PluginTileProvider.m in Sources */ = {isa = PBXBuildFile; fileRef = A7A31BCD42A24A2FB3544A2B /* PluginTileProvider.m */; };
		38196588639945878E63F521 /* TBXML.m in Sources */ = {isa = PBXBuildFile; fileRef = 2E2BF9E0A0DF4C009DCD8E69 /* TBXML.m */; };
		8CD3557DAFDE4BC99FB7CACE /* PluginTileOverlay.m in Sources */ = {isa = PBXBuildFile; fileRef = EBB817DAFAF14A29A56DD834 /* PluginTileOverlay.m */; };
		EE714FD76CFA4F938858D3D2 /* GMSCoordinateBounds+Geometry.m in Sources */ = {isa = PBXBuildFile; fileRef = 86874C34B7014E269F77A974 /* GMSCoordinateBounds+Geometry.m */; };
		59C5378C27834E9BA7E65D58 /* MyPluginLayer.m in Sources */ = {isa = PBXBuildFile; fileRef = 14244004CCF146E48452AE81 /* MyPluginLayer.m */; };
		2F135383CCA3460EAC0C3741 /* MyPluginScrollView.m in Sources */ = {isa = PBXBuildFile; fileRef = 50FA9CCEA23A4DDDA43DEC58 /* MyPluginScrollView.m */; };
		8DBE9B12BCD7457491F0B4A8 /* PluginMarkerCluster.m in Sources */ = {isa = PBXBuildFile; fileRef = A009087C58DF45FF87CE2AF7 /* PluginMarkerCluster.m */; };
		638BFFC2AC0342378D7B74E8 /* UIImageCache.m in Sources */ = {isa = PBXBuildFile; fileRef = 4967339A0E1343E1BDBC5046 /* UIImageCache.m */; };
		3C385641F80D4A7AB50C9F31 /* PluginStreetViewPanorama.m in Sources */ = {isa = PBXBuildFile; fileRef = 5FD15574C12E445687DAC71E /* PluginStreetViewPanorama.m */; };
		48BF51D4B36E43D5984F0E8F /* PluginStreetViewPanoramaController.m in Sources */ = {isa = PBXBuildFile; fileRef = 32781668E574474299FB351F /* PluginStreetViewPanoramaController.m */; };
		A5E2637FA5154FE5AA86F801 /* PluginViewController.m in Sources */ = {isa = PBXBuildFile; fileRef = 1D6B93A9DBAE4930AB0B2D61 /* PluginViewController.m */; };
		998D0200E0C24270865214A5 /* pgm_Localizable_en.json in Resources */ = {isa = PBXBuildFile; fileRef = 6D60B995272E4F7F837E16E0 /* pgm_Localizable_en.json */; };
		4EBFCA093F324EB8AC98446F /* pgm_Localizable_es.json in Resources */ = {isa = PBXBuildFile; fileRef = DD0F0780AE494EAB9D8EE125 /* pgm_Localizable_es.json */; };
		28C429D858044EE892BE1C8D /* pgm_Localizable_ja.json in Resources */ = {isa = PBXBuildFile; fileRef = 13216AEEB30A4C41AD8C932A /* pgm_Localizable_ja.json */; };
		529DB831F41F489EA55C7BF4 /* pgm_Localizable_ru.json in Resources */ = {isa = PBXBuildFile; fileRef = 85DC3FA8951D4EA38F0652EE /* pgm_Localizable_ru.json */; };
		AD42BDF98FF245FFA8002540 /* pgm_Localizable_uk.json in Resources */ = {isa = PBXBuildFile; fileRef = 1318F0F4A24145238E1120B7 /* pgm_Localizable_uk.json */; };
		7672144D9E09485A8320CD90 /* pgm_Localizable_pt-BR.json in Resources */ = {isa = PBXBuildFile; fileRef = 90A78C3E03D9458C99659954 /* pgm_Localizable_pt-BR.json */; };
		B89B157E0211472B871E8FB7 /* pgm_Localizable_de.json in Resources */ = {isa = PBXBuildFile; fileRef = 8287C5D55B524DAABD86E51E /* pgm_Localizable_de.json */; };
		DB4E2BF73BEB460380799AE5 /* pgm_Localizable_fr.json in Resources */ = {isa = PBXBuildFile; fileRef = 2760674FEAB04968B559D697 /* pgm_Localizable_fr.json */; };
		86838088E0A947BBBCD8CEF2 /* pgm_Localizable_hi.json in Resources */ = {isa = PBXBuildFile; fileRef = 02A5025C5DC34B30B6469476 /* pgm_Localizable_hi.json */; };
		BF9268E5B53B46CE8F6E9303 /* pgm_Localizable_ar.json in Resources */ = {isa = PBXBuildFile; fileRef = C1CB2C2A9317455DA12E8B63 /* pgm_Localizable_ar.json */; };
		50DBF8F7B227464BAFFCAE34 /* pgm_Localizable_nl.json in Resources */ = {isa = PBXBuildFile; fileRef = E3EA471D4B43442B90A6D16B /* pgm_Localizable_nl.json */; };
		6DA13E64ACDD4C18B0C198B3 /* pgm_Localizable_pl.json in Resources */ = {isa = PBXBuildFile; fileRef = 2E12DBD103D840FDAD5A792D /* pgm_Localizable_pl.json */; };
		86D43C10AE5F49D09E14A0C2 /* pgm_Localizable_da.json in Resources */ = {isa = PBXBuildFile; fileRef = 73D325DC56924E918B7F5331 /* pgm_Localizable_da.json */; };
		B96909C052F8475CA01D84CF /* pgm_Localizable_vi.json in Resources */ = {isa = PBXBuildFile; fileRef = 3D113F898C12459EAE33E0C7 /* pgm_Localizable_vi.json */; };
		60A4F383A47241C3A1C59C60 /* CDVInAppBrowser.m in Sources */ = {isa = PBXBuildFile; fileRef = 8B9E56027FCB48158788E6A3 /* CDVInAppBrowser.m */; };
		2F64EEA576A44CCBB819BC4C /* APPLocalNotification.m in Sources */ = {isa = PBXBuildFile; fileRef = AD7FA44BC7964B39A133C9B3 /* APPLocalNotification.m */; };
		CE5AA62579E943F898D2D3E8 /* APPNotificationContent.m in Sources */ = {isa = PBXBuildFile; fileRef = AF77653015E04DE8B230BA25 /* APPNotificationContent.m */; };
		BA26E70E42E94775ACB662AB /* APPNotificationOptions.m in Sources */ = {isa = PBXBuildFile; fileRef = 8269E5BC386D4B948EE4E8BE /* APPNotificationOptions.m */; };
		9FA29D1D00BE4E4097BDBBB6 /* UNUserNotificationCenter+APPLocalNotification.m in Sources */ = {isa = PBXBuildFile; fileRef = 969CD9FC751E43FFBFC0DEA4 /* UNUserNotificationCenter+APPLocalNotification.m */; };
		BB7D5F20EAE54B5FA99746C1 /* UNNotificationRequest+APPLocalNotification.m in Sources */ = {isa = PBXBuildFile; fileRef = 94F580A999B94BCB9EDDE6B0 /* UNNotificationRequest+APPLocalNotification.m */; };
		08EA6701A70B4A07B0F6F031 /* UserNotifications.framework in Frameworks */ = {isa = PBXBuildFile; fileRef = E72F1E67E927448783194B94 /* UserNotifications.framework */; };
		4A60E2330AEB46CD999E2B08 /* CDVCapture.m in Sources */ = {isa = PBXBuildFile; fileRef = D866FA3212E04C8D8C83926E /* CDVCapture.m */; };
		C4B00778C27546F18B627C76 /* CDVCapture.bundle in Resources */ = {isa = PBXBuildFile; fileRef = 9EE20DAADEDE408188887144 /* CDVCapture.bundle */; };
		2976137453BC402E9DEE3091 /* CDVConnection.m in Sources */ = {isa = PBXBuildFile; fileRef = 846EF55C85AB42C1A6D95B66 /* CDVConnection.m */; };
		9F5B3C04ACEA4B79A1BFE293 /* CDVReachability.m in Sources */ = {isa = PBXBuildFile; fileRef = D3E10DCB85EB47C3B7C63007 /* CDVReachability.m */; };
		9BD83CA391204FA4B06333E6 /* SystemConfiguration.framework in Frameworks */ = {isa = PBXBuildFile; fileRef = 6796DD2FA0E04934AB105E26 /* SystemConfiguration.framework */; settings = {ATTRIBUTES = (Weak, ); }; };
		7BFC9BF4F37B4A80B7C6F003 /* CoreTelephony.framework in Frameworks */ = {isa = PBXBuildFile; fileRef = 8B2A150D533E4197A1AB3317 /* CoreTelephony.framework */; };
		966D636B1BC5499E9759A004 /* SaveImage.m in Sources */ = {isa = PBXBuildFile; fileRef = B105C2C4A00045958AA3909D /* SaveImage.m */; settings = {COMPILER_FLAGS = "-fno-objc-arc"; }; };
		59005243248341E99423E566 /* CDVOrientation.m in Sources */ = {isa = PBXBuildFile; fileRef = EBD7807E3A194B8BAB255624 /* CDVOrientation.m */; };
		F503A7F646004D569B92450B /* CDVTTS.m in Sources */ = {isa = PBXBuildFile; fileRef = B9B4625F4AB24B6CB22020CD /* CDVTTS.m */; };
		1068F049BAA842AFB9352F0A /* CDVVibration.m in Sources */ = {isa = PBXBuildFile; fileRef = 6B3D1F560540443DBDB7E28B /* CDVVibration.m */; };
		67A752EE17904EF3BFE528EA /* UICKeyChainStore.m in Sources */ = {isa = PBXBuildFile; fileRef = 23C4B860975143128C5AAEBC /* UICKeyChainStore.m */; };
		78A69595206844EFA7C1BC20 /* CDVUniqueDeviceID.m in Sources */ = {isa = PBXBuildFile; fileRef = 0B890B15185549F6A6D82A83 /* CDVUniqueDeviceID.m */; };
		1F36D1AA979B4B61BD9A4894 /* Security.framework in Frameworks */ = {isa = PBXBuildFile; fileRef = 189C68411C68431AB502F77D /* Security.framework */; };
/* End PBXBuildFile section */

/* Begin PBXContainerItemProxy section */
		301BF534109A57CC0062928A /* PBXContainerItemProxy */ = {
			isa = PBXContainerItemProxy;
			containerPortal = 301BF52D109A57CC0062928A /* CordovaLib.xcodeproj */;
			proxyType = 2;
			remoteGlobalIDString = D2AAC07E0554694100DB518D;
			remoteInfo = CordovaLib;
		};
		301BF550109A68C00062928A /* PBXContainerItemProxy */ = {
			isa = PBXContainerItemProxy;
			containerPortal = 301BF52D109A57CC0062928A /* CordovaLib.xcodeproj */;
			proxyType = 1;
			remoteGlobalIDString = D2AAC07D0554694100DB518D;
			remoteInfo = CordovaLib;
		};
		907D8123214C687600058A10 /* PBXContainerItemProxy */ = {
			isa = PBXContainerItemProxy;
			containerPortal = 301BF52D109A57CC0062928A /* CordovaLib.xcodeproj */;
			proxyType = 2;
			remoteGlobalIDString = C0C01EB21E3911D50056E6CB;
			remoteInfo = Cordova;
		};
/* End PBXContainerItemProxy section */

/* Begin PBXFileReference section */
		0207DA571B56EA530066E2B4 /* Images.xcassets */ = {isa = PBXFileReference; lastKnownFileType = folder.assetcatalog; name = Images.xcassets; path = "eAbsensi FMIPA/Images.xcassets"; sourceTree = SOURCE_ROOT; };
		1D3623240D0F684500981E51 /* AppDelegate.h */ = {isa = PBXFileReference; fileEncoding = 4; lastKnownFileType = sourcecode.c.h; path = AppDelegate.h; sourceTree = "<group>"; };
		1D3623250D0F684500981E51 /* AppDelegate.m */ = {isa = PBXFileReference; fileEncoding = 4; lastKnownFileType = sourcecode.c.objc; path = AppDelegate.m; sourceTree = "<group>"; };
		1D6058910D05DD3D006BFB54 /* eAbsensi FMIPA.app */ = {isa = PBXFileReference; explicitFileType = wrapper.application; includeInIndex = 0; path = "eAbsensi FMIPA.app"; sourceTree = BUILT_PRODUCTS_DIR; };
		29B97316FDCFA39411CA2CEA /* main.m */ = {isa = PBXFileReference; fileEncoding = 4; lastKnownFileType = sourcecode.c.objc; path = main.m; sourceTree = "<group>"; };
		301BF52D109A57CC0062928A /* CordovaLib.xcodeproj */ = {isa = PBXFileReference; lastKnownFileType = "wrapper.pb-project"; name = CordovaLib.xcodeproj; path = CordovaLib/CordovaLib.xcodeproj; sourceTree = "<group>"; };
		301BF56E109A69640062928A /* www */ = {isa = PBXFileReference; lastKnownFileType = folder; path = www; sourceTree = SOURCE_ROOT; };
		302D95EE14D2391D003F00A1 /* MainViewController.h */ = {isa = PBXFileReference; fileEncoding = 4; lastKnownFileType = sourcecode.c.h; path = MainViewController.h; sourceTree = "<group>"; };
		302D95EF14D2391D003F00A1 /* MainViewController.m */ = {isa = PBXFileReference; fileEncoding = 4; lastKnownFileType = sourcecode.c.objc; path = MainViewController.m; sourceTree = "<group>"; };
		302D95F014D2391D003F00A1 /* MainViewController.xib */ = {isa = PBXFileReference; fileEncoding = 4; lastKnownFileType = file.xib; path = MainViewController.xib; sourceTree = "<group>"; };
		3047A50F1AB8059700498E2A /* build-debug.xcconfig */ = {isa = PBXFileReference; fileEncoding = 4; lastKnownFileType = text.xcconfig; name = "build-debug.xcconfig"; path = "cordova/build-debug.xcconfig"; sourceTree = SOURCE_ROOT; };
		3047A5101AB8059700498E2A /* build-release.xcconfig */ = {isa = PBXFileReference; fileEncoding = 4; lastKnownFileType = text.xcconfig; name = "build-release.xcconfig"; path = "cordova/build-release.xcconfig"; sourceTree = SOURCE_ROOT; };
		3047A5111AB8059700498E2A /* build.xcconfig */ = {isa = PBXFileReference; fileEncoding = 4; lastKnownFileType = text.xcconfig; name = build.xcconfig; path = cordova/build.xcconfig; sourceTree = SOURCE_ROOT; };
		32CA4F630368D1EE00C91783 /* eAbsensi FMIPA-Prefix.pch */ = {isa = PBXFileReference; fileEncoding = 4; lastKnownFileType = sourcecode.c.h; path = "eAbsensi FMIPA-Prefix.pch"; sourceTree = "<group>"; };
		6AFF5BF81D6E424B00AB3073 /* CDVLaunchScreen.storyboard */ = {isa = PBXFileReference; fileEncoding = 4; lastKnownFileType = file.storyboard; name = CDVLaunchScreen.storyboard; path = "eAbsensi FMIPA/CDVLaunchScreen.storyboard"; sourceTree = SOURCE_ROOT; };
		8D1107310486CEB800E47090 /* eAbsensi FMIPA-Info.plist */ = {isa = PBXFileReference; fileEncoding = 4; lastKnownFileType = text.plist.xml; name = "eAbsensi FMIPA-Info.plist"; path = "eAbsensi FMIPA/eAbsensi FMIPA-Info.plist"; plistStructureDefinitionIdentifier = "com.apple.xcode.plist.structure-definition.iphone.info-plist"; sourceTree = SOURCE_ROOT; };
		EB87FDF31871DA8E0020F90C /* www */ = {isa = PBXFileReference; lastKnownFileType = folder; name = www; path = ../../www; sourceTree = "<group>"; };
		EB87FDF41871DAF40020F90C /* config.xml */ = {isa = PBXFileReference; lastKnownFileType = text.xml; name = config.xml; path = ../../config.xml; sourceTree = "<group>"; };
		ED33DF2A687741AEAF9F8254 /* Bridging-Header.h */ = {isa = PBXFileReference; fileEncoding = 4; lastKnownFileType = sourcecode.c.h; name = "Bridging-Header.h"; path = "Bridging-Header.h"; sourceTree = "<group>"; };
		F840E1F0165FE0F500CFE078 /* config.xml */ = {isa = PBXFileReference; lastKnownFileType = text.xml; name = config.xml; path = "eAbsensi FMIPA/config.xml"; sourceTree = "<group>"; };
		C2FCFA5E278643888F8AF322 /* APPBadge.m */ = {isa = PBXFileReference; name = "APPBadge.m"; path = "cordova-plugin-badge/APPBadge.m"; sourceTree = "<group>"; fileEncoding = 4; lastKnownFileType = sourcecode.c.objc; explicitFileType = undefined; includeInIndex = 0; };
		C41BF3C577004642B090C075 /* APPBadge.h */ = {isa = PBXFileReference; name = "APPBadge.h"; path = "cordova-plugin-badge/APPBadge.h"; sourceTree = "<group>"; fileEncoding = 4; lastKnownFileType = sourcecode.c.h; explicitFileType = undefined; includeInIndex = 0; };
		01F3138D87A54F41AA141B8A /* UIImage+CropScaleOrientation.m */ = {isa = PBXFileReference; name = "UIImage+CropScaleOrientation.m"; path = "cordova-plugin-camera/UIImage+CropScaleOrientation.m"; sourceTree = "<group>"; fileEncoding = 4; lastKnownFileType = sourcecode.c.objc; explicitFileType = undefined; includeInIndex = 0; };
		FC6C7F8BC88A4C3FB2375155 /* CDVCamera.m */ = {isa = PBXFileReference; name = "CDVCamera.m"; path = "cordova-plugin-camera/CDVCamera.m"; sourceTree = "<group>"; fileEncoding = 4; lastKnownFileType = sourcecode.c.objc; explicitFileType = undefined; includeInIndex = 0; };
		C3D97424A90A4AB38E175B20 /* CDVJpegHeaderWriter.m */ = {isa = PBXFileReference; name = "CDVJpegHeaderWriter.m"; path = "cordova-plugin-camera/CDVJpegHeaderWriter.m"; sourceTree = "<group>"; fileEncoding = 4; lastKnownFileType = sourcecode.c.objc; explicitFileType = undefined; includeInIndex = 0; };
		B12562665AA04140A7F7623C /* UIImage+CropScaleOrientation.h */ = {isa = PBXFileReference; name = "UIImage+CropScaleOrientation.h"; path = "cordova-plugin-camera/UIImage+CropScaleOrientation.h"; sourceTree = "<group>"; fileEncoding = 4; lastKnownFileType = sourcecode.c.h; explicitFileType = undefined; includeInIndex = 0; };
		2BFDC0C2280B4381A97ABD06 /* CDVCamera.h */ = {isa = PBXFileReference; name = "CDVCamera.h"; path = "cordova-plugin-camera/CDVCamera.h"; sourceTree = "<group>"; fileEncoding = 4; lastKnownFileType = sourcecode.c.h; explicitFileType = undefined; includeInIndex = 0; };
		F625BEF38C844BC0B98F30AA /* CDVJpegHeaderWriter.h */ = {isa = PBXFileReference; name = "CDVJpegHeaderWriter.h"; path = "cordova-plugin-camera/CDVJpegHeaderWriter.h"; sourceTree = "<group>"; fileEncoding = 4; lastKnownFileType = sourcecode.c.h; explicitFileType = undefined; includeInIndex = 0; };
		5BF932D3C0BC4C83A942123C /* CDVExif.h */ = {isa = PBXFileReference; name = "CDVExif.h"; path = "cordova-plugin-camera/CDVExif.h"; sourceTree = "<group>"; fileEncoding = 4; lastKnownFileType = sourcecode.c.h; explicitFileType = undefined; includeInIndex = 0; };
		A9C653B8A1A7485C9DBDA693 /* ImageIO.framework */ = {isa = PBXFileReference; name = "ImageIO.framework"; path = "System/Library/Frameworks/ImageIO.framework"; sourceTree = SDKROOT; fileEncoding = undefined; lastKnownFileType = wrapper.framework; explicitFileType = undefined; includeInIndex = 0; };
		F2849259155F4AA592E14509 /* CoreLocation.framework */ = {isa = PBXFileReference; name = "CoreLocation.framework"; path = "System/Library/Frameworks/CoreLocation.framework"; sourceTree = SDKROOT; fileEncoding = undefined; lastKnownFileType = wrapper.framework; explicitFileType = undefined; includeInIndex = 0; };
		47F756E572594FC1B0D8F660 /* AVFoundation.framework */ = {isa = PBXFileReference; name = "AVFoundation.framework"; path = "System/Library/Frameworks/AVFoundation.framework"; sourceTree = SDKROOT; fileEncoding = undefined; lastKnownFileType = wrapper.framework; explicitFileType = undefined; includeInIndex = 0; };
		C1E2F207E7784AB7A9874DEE /* CDVDevice.m */ = {isa = PBXFileReference; name = "CDVDevice.m"; path = "cordova-plugin-device/CDVDevice.m"; sourceTree = "<group>"; fileEncoding = 4; lastKnownFileType = sourcecode.c.objc; explicitFileType = undefined; includeInIndex = 0; };
		9D7F216C70084418A3E34607 /* CDVDevice.h */ = {isa = PBXFileReference; name = "CDVDevice.h"; path = "cordova-plugin-device/CDVDevice.h"; sourceTree = "<group>"; fileEncoding = 4; lastKnownFileType = sourcecode.c.h; explicitFileType = undefined; includeInIndex = 0; };
		F58ADD4DE0B24126BFD33DA1 /* libz.tbd */ = {isa = PBXFileReference; name = "libz.tbd"; path = "usr/lib/libz.tbd"; sourceTree = SDKROOT; fileEncoding = undefined; lastKnownFileType = sourcecode.text-based-dylib-definition; explicitFileType = undefined; includeInIndex = 0; };
		4EE3CF1050074341A46AFC87 /* CDVCompass.m */ = {isa = PBXFileReference; name = "CDVCompass.m"; path = "cordova-plugin-device-orientation/CDVCompass.m"; sourceTree = "<group>"; fileEncoding = 4; lastKnownFileType = sourcecode.c.objc; explicitFileType = undefined; includeInIndex = 0; };
		01FDF17FC67C4973A98E7508 /* CDVCompass.h */ = {isa = PBXFileReference; name = "CDVCompass.h"; path = "cordova-plugin-device-orientation/CDVCompass.h"; sourceTree = "<group>"; fileEncoding = 4; lastKnownFileType = sourcecode.c.h; explicitFileType = undefined; includeInIndex = 0; };
		A46027A32C8C480B901D5DE3 /* CDVNotification.m */ = {isa = PBXFileReference; name = "CDVNotification.m"; path = "cordova-plugin-dialogs/CDVNotification.m"; sourceTree = "<group>"; fileEncoding = 4; lastKnownFileType = sourcecode.c.objc; explicitFileType = undefined; includeInIndex = 0; };
		EEA61788FAAD4D0CB9017602 /* CDVNotification.h */ = {isa = PBXFileReference; name = "CDVNotification.h"; path = "cordova-plugin-dialogs/CDVNotification.h"; sourceTree = "<group>"; fileEncoding = 4; lastKnownFileType = sourcecode.c.h; explicitFileType = undefined; includeInIndex = 0; };
		F1C67172197942A9B3BBD36A /* CDVNotification.bundle */ = {isa = PBXFileReference; name = "CDVNotification.bundle"; path = "CDVNotification.bundle"; sourceTree = "<group>"; fileEncoding = undefined; lastKnownFileType = wrapper.plug-in; explicitFileType = undefined; includeInIndex = 0; };
		1CE5B3C814AB48F8A0F8B382 /* AudioToolbox.framework */ = {isa = PBXFileReference; name = "AudioToolbox.framework"; path = "System/Library/Frameworks/AudioToolbox.framework"; sourceTree = SDKROOT; fileEncoding = undefined; lastKnownFileType = wrapper.framework; explicitFileType = undefined; includeInIndex = 0; };
		59B7389BFBB14FD8BA0A75A2 /* CDVFile.m */ = {isa = PBXFileReference; name = "CDVFile.m"; path = "cordova-plugin-file/CDVFile.m"; sourceTree = "<group>"; fileEncoding = 4; lastKnownFileType = sourcecode.c.objc; explicitFileType = undefined; includeInIndex = 0; };
		70E8423662DB4EE7AB419680 /* CDVLocalFilesystem.m */ = {isa = PBXFileReference; name = "CDVLocalFilesystem.m"; path = "cordova-plugin-file/CDVLocalFilesystem.m"; sourceTree = "<group>"; fileEncoding = 4; lastKnownFileType = sourcecode.c.objc; explicitFileType = undefined; includeInIndex = 0; };
		784B900B1C9244C5A52A17D1 /* CDVAssetLibraryFilesystem.m */ = {isa = PBXFileReference; name = "CDVAssetLibraryFilesystem.m"; path = "cordova-plugin-file/CDVAssetLibraryFilesystem.m"; sourceTree = "<group>"; fileEncoding = 4; lastKnownFileType = sourcecode.c.objc; explicitFileType = undefined; includeInIndex = 0; };
		641ECB6CD219441E9B9C8AD4 /* CDVFile.h */ = {isa = PBXFileReference; name = "CDVFile.h"; path = "cordova-plugin-file/CDVFile.h"; sourceTree = "<group>"; fileEncoding = 4; lastKnownFileType = sourcecode.c.h; explicitFileType = undefined; includeInIndex = 0; };
		D2940AA807AE4A478573E909 /* CDVLocalFilesystem.h */ = {isa = PBXFileReference; name = "CDVLocalFilesystem.h"; path = "cordova-plugin-file/CDVLocalFilesystem.h"; sourceTree = "<group>"; fileEncoding = 4; lastKnownFileType = sourcecode.c.h; explicitFileType = undefined; includeInIndex = 0; };
		0F61376EA7044C9DB793F5C1 /* CDVAssetLibraryFilesystem.h */ = {isa = PBXFileReference; name = "CDVAssetLibraryFilesystem.h"; path = "cordova-plugin-file/CDVAssetLibraryFilesystem.h"; sourceTree = "<group>"; fileEncoding = 4; lastKnownFileType = sourcecode.c.h; explicitFileType = undefined; includeInIndex = 0; };
		1923AC94063C47D5AD892AC8 /* CDVFileTransfer.m */ = {isa = PBXFileReference; name = "CDVFileTransfer.m"; path = "cordova-plugin-file-transfer/CDVFileTransfer.m"; sourceTree = "<group>"; fileEncoding = 4; lastKnownFileType = sourcecode.c.objc; explicitFileType = undefined; includeInIndex = 0; };
		2FF2A7D7237D4BEAB4D22334 /* CDVFileTransfer.h */ = {isa = PBXFileReference; name = "CDVFileTransfer.h"; path = "cordova-plugin-file-transfer/CDVFileTransfer.h"; sourceTree = "<group>"; fileEncoding = 4; lastKnownFileType = sourcecode.c.h; explicitFileType = undefined; includeInIndex = 0; };
		0A82A90FA4BD4E36A3382027 /* CDVLocation.m */ = {isa = PBXFileReference; name = "CDVLocation.m"; path = "cordova-plugin-geolocation/CDVLocation.m"; sourceTree = "<group>"; fileEncoding = 4; lastKnownFileType = sourcecode.c.objc; explicitFileType = undefined; includeInIndex = 0; };
		3BE8D281D487405F88CE5C70 /* CDVLocation.h */ = {isa = PBXFileReference; name = "CDVLocation.h"; path = "cordova-plugin-geolocation/CDVLocation.h"; sourceTree = "<group>"; fileEncoding = 4; lastKnownFileType = sourcecode.c.h; explicitFileType = undefined; includeInIndex = 0; };
		214208927BF54627BB11E3F3 /* PluginObjects.m */ = {isa = PBXFileReference; name = "PluginObjects.m"; path = "cordova-plugin-googlemaps/PluginObjects.m"; sourceTree = "<group>"; fileEncoding = 4; lastKnownFileType = sourcecode.c.objc; explicitFileType = undefined; includeInIndex = 0; };
		13723ADF89AC47EE9EAFE5FE /* PluginCircle.m */ = {isa = PBXFileReference; name = "PluginCircle.m"; path = "cordova-plugin-googlemaps/PluginCircle.m"; sourceTree = "<group>"; fileEncoding = 4; lastKnownFileType = sourcecode.c.objc; explicitFileType = undefined; includeInIndex = 0; };
		FD314C25569E42C9A0C0E50D /* PluginGeocoder.m */ = {isa = PBXFileReference; name = "PluginGeocoder.m"; path = "cordova-plugin-googlemaps/PluginGeocoder.m"; sourceTree = "<group>"; fileEncoding = 4; lastKnownFileType = sourcecode.c.objc; explicitFileType = undefined; includeInIndex = 0; };
		833BA68B9FC44A02863E79DC /* PluginLocationService.m */ = {isa = PBXFileReference; name = "PluginLocationService.m"; path = "cordova-plugin-googlemaps/PluginLocationService.m"; sourceTree = "<group>"; fileEncoding = 4; lastKnownFileType = sourcecode.c.objc; explicitFileType = undefined; includeInIndex = 0; };
		DBB8787CB82A4695BCE23D4A /* PluginEnvironment.m */ = {isa = PBXFileReference; name = "PluginEnvironment.m"; path = "cordova-plugin-googlemaps/PluginEnvironment.m"; sourceTree = "<group>"; fileEncoding = 4; lastKnownFileType = sourcecode.c.objc; explicitFileType = undefined; includeInIndex = 0; };
		EC6E2C6212C74EA1A7344BED /* CordovaGoogleMaps.m */ = {isa = PBXFileReference; name = "CordovaGoogleMaps.m"; path = "cordova-plugin-googlemaps/CordovaGoogleMaps.m"; sourceTree = "<group>"; fileEncoding = 4; lastKnownFileType = sourcecode.c.objc; explicitFileType = undefined; includeInIndex = 0; };
		73E5627211B14FEBB2AED8CF /* PluginMapViewController.m */ = {isa = PBXFileReference; name = "PluginMapViewController.m"; path = "cordova-plugin-googlemaps/PluginMapViewController.m"; sourceTree = "<group>"; fileEncoding = 4; lastKnownFileType = sourcecode.c.objc; explicitFileType = undefined; includeInIndex = 0; };
		38375C91E90C4B62A365EFD2 /* PluginGroundOverlay.m */ = {isa = PBXFileReference; name = "PluginGroundOverlay.m"; path = "cordova-plugin-googlemaps/PluginGroundOverlay.m"; sourceTree = "<group>"; fileEncoding = 4; lastKnownFileType = sourcecode.c.objc; explicitFileType = undefined; includeInIndex = 0; };
		EEE5E461870F4F468916B8A2 /* PluginKmlOverlay.m */ = {isa = PBXFileReference; name = "PluginKmlOverlay.m"; path = "cordova-plugin-googlemaps/PluginKmlOverlay.m"; sourceTree = "<group>"; fileEncoding = 4; lastKnownFileType = sourcecode.c.objc; explicitFileType = undefined; includeInIndex = 0; };
		2B69CFFD32B54C89978F9F7F /* PluginMap.m */ = {isa = PBXFileReference; name = "PluginMap.m"; path = "cordova-plugin-googlemaps/PluginMap.m"; sourceTree = "<group>"; fileEncoding = 4; lastKnownFileType = sourcecode.c.objc; explicitFileType = undefined; includeInIndex = 0; };
		0E494FD9462D437B82F68FE9 /* PluginMarker.m */ = {isa = PBXFileReference; name = "PluginMarker.m"; path = "cordova-plugin-googlemaps/PluginMarker.m"; sourceTree = "<group>"; fileEncoding = 4; lastKnownFileType = sourcecode.c.objc; explicitFileType = undefined; includeInIndex = 0; };
		3FA7D83A0CE249F8A9D8DA3B /* PluginUtil.m */ = {isa = PBXFileReference; name = "PluginUtil.m"; path = "cordova-plugin-googlemaps/PluginUtil.m"; sourceTree = "<group>"; fileEncoding = 4; lastKnownFileType = sourcecode.c.objc; explicitFileType = undefined; includeInIndex = 0; };
		8063D747DA2E4A5A8A6E1785 /* PluginPolygon.m */ = {isa = PBXFileReference; name = "PluginPolygon.m"; path = "cordova-plugin-googlemaps/PluginPolygon.m"; sourceTree = "<group>"; fileEncoding = 4; lastKnownFileType = sourcecode.c.objc; explicitFileType = undefined; includeInIndex = 0; };
		A3581DDA724D4F6F99C05057 /* PluginPolyline.m */ = {isa = PBXFileReference; name = "PluginPolyline.m"; path = "cordova-plugin-googlemaps/PluginPolyline.m"; sourceTree = "<group>"; fileEncoding = 4; lastKnownFileType = sourcecode.c.objc; explicitFileType = undefined; includeInIndex = 0; };
		A7A31BCD42A24A2FB3544A2B /* PluginTileProvider.m */ = {isa = PBXFileReference; name = "PluginTileProvider.m"; path = "cordova-plugin-googlemaps/PluginTileProvider.m"; sourceTree = "<group>"; fileEncoding = 4; lastKnownFileType = sourcecode.c.objc; explicitFileType = undefined; includeInIndex = 0; };
		2E2BF9E0A0DF4C009DCD8E69 /* TBXML.m */ = {isa = PBXFileReference; name = "TBXML.m"; path = "cordova-plugin-googlemaps/TBXML.m"; sourceTree = "<group>"; fileEncoding = 4; lastKnownFileType = sourcecode.c.objc; explicitFileType = undefined; includeInIndex = 0; };
		EBB817DAFAF14A29A56DD834 /* PluginTileOverlay.m */ = {isa = PBXFileReference; name = "PluginTileOverlay.m"; path = "cordova-plugin-googlemaps/PluginTileOverlay.m"; sourceTree = "<group>"; fileEncoding = 4; lastKnownFileType = sourcecode.c.objc; explicitFileType = undefined; includeInIndex = 0; };
		86874C34B7014E269F77A974 /* GMSCoordinateBounds+Geometry.m */ = {isa = PBXFileReference; name = "GMSCoordinateBounds+Geometry.m"; path = "cordova-plugin-googlemaps/GMSCoordinateBounds+Geometry.m"; sourceTree = "<group>"; fileEncoding = 4; lastKnownFileType = sourcecode.c.objc; explicitFileType = undefined; includeInIndex = 0; };
		14244004CCF146E48452AE81 /* MyPluginLayer.m */ = {isa = PBXFileReference; name = "MyPluginLayer.m"; path = "cordova-plugin-googlemaps/MyPluginLayer.m"; sourceTree = "<group>"; fileEncoding = 4; lastKnownFileType = sourcecode.c.objc; explicitFileType = undefined; includeInIndex = 0; };
		50FA9CCEA23A4DDDA43DEC58 /* MyPluginScrollView.m */ = {isa = PBXFileReference; name = "MyPluginScrollView.m"; path = "cordova-plugin-googlemaps/MyPluginScrollView.m"; sourceTree = "<group>"; fileEncoding = 4; lastKnownFileType = sourcecode.c.objc; explicitFileType = undefined; includeInIndex = 0; };
		A009087C58DF45FF87CE2AF7 /* PluginMarkerCluster.m */ = {isa = PBXFileReference; name = "PluginMarkerCluster.m"; path = "cordova-plugin-googlemaps/PluginMarkerCluster.m"; sourceTree = "<group>"; fileEncoding = 4; lastKnownFileType = sourcecode.c.objc; explicitFileType = undefined; includeInIndex = 0; };
		4967339A0E1343E1BDBC5046 /* UIImageCache.m */ = {isa = PBXFileReference; name = "UIImageCache.m"; path = "cordova-plugin-googlemaps/UIImageCache.m"; sourceTree = "<group>"; fileEncoding = 4; lastKnownFileType = sourcecode.c.objc; explicitFileType = undefined; includeInIndex = 0; };
		5FD15574C12E445687DAC71E /* PluginStreetViewPanorama.m */ = {isa = PBXFileReference; name = "PluginStreetViewPanorama.m"; path = "cordova-plugin-googlemaps/PluginStreetViewPanorama.m"; sourceTree = "<group>"; fileEncoding = 4; lastKnownFileType = sourcecode.c.objc; explicitFileType = undefined; includeInIndex = 0; };
		32781668E574474299FB351F /* PluginStreetViewPanoramaController.m */ = {isa = PBXFileReference; name = "PluginStreetViewPanoramaController.m"; path = "cordova-plugin-googlemaps/PluginStreetViewPanoramaController.m"; sourceTree = "<group>"; fileEncoding = 4; lastKnownFileType = sourcecode.c.objc; explicitFileType = undefined; includeInIndex = 0; };
		1D6B93A9DBAE4930AB0B2D61 /* PluginViewController.m */ = {isa = PBXFileReference; name = "PluginViewController.m"; path = "cordova-plugin-googlemaps/PluginViewController.m"; sourceTree = "<group>"; fileEncoding = 4; lastKnownFileType = sourcecode.c.objc; explicitFileType = undefined; includeInIndex = 0; };
		38B42524C9E7418AB02D0798 /* PluginObjects.h */ = {isa = PBXFileReference; name = "PluginObjects.h"; path = "cordova-plugin-googlemaps/PluginObjects.h"; sourceTree = "<group>"; fileEncoding = 4; lastKnownFileType = sourcecode.c.h; explicitFileType = undefined; includeInIndex = 0; };
		F9740165476A4894B41E4A24 /* PluginCircle.h */ = {isa = PBXFileReference; name = "PluginCircle.h"; path = "cordova-plugin-googlemaps/PluginCircle.h"; sourceTree = "<group>"; fileEncoding = 4; lastKnownFileType = sourcecode.c.h; explicitFileType = undefined; includeInIndex = 0; };
		B104203BFAD24111BA171807 /* PluginGeocoder.h */ = {isa = PBXFileReference; name = "PluginGeocoder.h"; path = "cordova-plugin-googlemaps/PluginGeocoder.h"; sourceTree = "<group>"; fileEncoding = 4; lastKnownFileType = sourcecode.c.h; explicitFileType = undefined; includeInIndex = 0; };
		6D54513E921540C6881ED36A /* PluginLocationService.h */ = {isa = PBXFileReference; name = "PluginLocationService.h"; path = "cordova-plugin-googlemaps/PluginLocationService.h"; sourceTree = "<group>"; fileEncoding = 4; lastKnownFileType = sourcecode.c.h; explicitFileType = undefined; includeInIndex = 0; };
		E56F3C5264E6429193E7921F /* PluginEnvironment.h */ = {isa = PBXFileReference; name = "PluginEnvironment.h"; path = "cordova-plugin-googlemaps/PluginEnvironment.h"; sourceTree = "<group>"; fileEncoding = 4; lastKnownFileType = sourcecode.c.h; explicitFileType = undefined; includeInIndex = 0; };
		DF916A0D0963489E887E6136 /* CordovaGoogleMaps.h */ = {isa = PBXFileReference; name = "CordovaGoogleMaps.h"; path = "cordova-plugin-googlemaps/CordovaGoogleMaps.h"; sourceTree = "<group>"; fileEncoding = 4; lastKnownFileType = sourcecode.c.h; explicitFileType = undefined; includeInIndex = 0; };
		2062B5C505FA41CA89C0931D /* PluginMapViewController.h */ = {isa = PBXFileReference; name = "PluginMapViewController.h"; path = "cordova-plugin-googlemaps/PluginMapViewController.h"; sourceTree = "<group>"; fileEncoding = 4; lastKnownFileType = sourcecode.c.h; explicitFileType = undefined; includeInIndex = 0; };
		D7BE9C921B3840EABEE637FD /* PluginGroundOverlay.h */ = {isa = PBXFileReference; name = "PluginGroundOverlay.h"; path = "cordova-plugin-googlemaps/PluginGroundOverlay.h"; sourceTree = "<group>"; fileEncoding = 4; lastKnownFileType = sourcecode.c.h; explicitFileType = undefined; includeInIndex = 0; };
		3589DCC876AB46D28E330585 /* PluginKmlOverlay.h */ = {isa = PBXFileReference; name = "PluginKmlOverlay.h"; path = "cordova-plugin-googlemaps/PluginKmlOverlay.h"; sourceTree = "<group>"; fileEncoding = 4; lastKnownFileType = sourcecode.c.h; explicitFileType = undefined; includeInIndex = 0; };
		DE779C83BB6341F28BC866CD /* PluginMap.h */ = {isa = PBXFileReference; name = "PluginMap.h"; path = "cordova-plugin-googlemaps/PluginMap.h"; sourceTree = "<group>"; fileEncoding = 4; lastKnownFileType = sourcecode.c.h; explicitFileType = undefined; includeInIndex = 0; };
		07F10289BAE94DB78C85C82E /* PluginMarker.h */ = {isa = PBXFileReference; name = "PluginMarker.h"; path = "cordova-plugin-googlemaps/PluginMarker.h"; sourceTree = "<group>"; fileEncoding = 4; lastKnownFileType = sourcecode.c.h; explicitFileType = undefined; includeInIndex = 0; };
		C8CE4763B8494E9A905B08F2 /* PluginUtil.h */ = {isa = PBXFileReference; name = "PluginUtil.h"; path = "cordova-plugin-googlemaps/PluginUtil.h"; sourceTree = "<group>"; fileEncoding = 4; lastKnownFileType = sourcecode.c.h; explicitFileType = undefined; includeInIndex = 0; };
		784AD40919E249BCA0104B7F /* PluginPolygon.h */ = {isa = PBXFileReference; name = "PluginPolygon.h"; path = "cordova-plugin-googlemaps/PluginPolygon.h"; sourceTree = "<group>"; fileEncoding = 4; lastKnownFileType = sourcecode.c.h; explicitFileType = undefined; includeInIndex = 0; };
		17705D19F6134E3DB183338A /* PluginPolyline.h */ = {isa = PBXFileReference; name = "PluginPolyline.h"; path = "cordova-plugin-googlemaps/PluginPolyline.h"; sourceTree = "<group>"; fileEncoding = 4; lastKnownFileType = sourcecode.c.h; explicitFileType = undefined; includeInIndex = 0; };
		BB8B76D8C87442B8B9232CB0 /* PluginTileProvider.h */ = {isa = PBXFileReference; name = "PluginTileProvider.h"; path = "cordova-plugin-googlemaps/PluginTileProvider.h"; sourceTree = "<group>"; fileEncoding = 4; lastKnownFileType = sourcecode.c.h; explicitFileType = undefined; includeInIndex = 0; };
		5F5C8228AC8B48ACAF86192D /* TBXML.h */ = {isa = PBXFileReference; name = "TBXML.h"; path = "cordova-plugin-googlemaps/TBXML.h"; sourceTree = "<group>"; fileEncoding = 4; lastKnownFileType = sourcecode.c.h; explicitFileType = undefined; includeInIndex = 0; };
		A917B88FC8414B258FD3BA88 /* PluginTileOverlay.h */ = {isa = PBXFileReference; name = "PluginTileOverlay.h"; path = "cordova-plugin-googlemaps/PluginTileOverlay.h"; sourceTree = "<group>"; fileEncoding = 4; lastKnownFileType = sourcecode.c.h; explicitFileType = undefined; includeInIndex = 0; };
		F630FD234DD14FCF8174E47B /* GMSCoordinateBounds+Geometry.h */ = {isa = PBXFileReference; name = "GMSCoordinateBounds+Geometry.h"; path = "cordova-plugin-googlemaps/GMSCoordinateBounds+Geometry.h"; sourceTree = "<group>"; fileEncoding = 4; lastKnownFileType = sourcecode.c.h; explicitFileType = undefined; includeInIndex = 0; };
		1C6A2ACBC33B49579B51F97A /* MyPluginLayer.h */ = {isa = PBXFileReference; name = "MyPluginLayer.h"; path = "cordova-plugin-googlemaps/MyPluginLayer.h"; sourceTree = "<group>"; fileEncoding = 4; lastKnownFileType = sourcecode.c.h; explicitFileType = undefined; includeInIndex = 0; };
		50459AFEFBA04E12976D427D /* MyPluginScrollView.h */ = {isa = PBXFileReference; name = "MyPluginScrollView.h"; path = "cordova-plugin-googlemaps/MyPluginScrollView.h"; sourceTree = "<group>"; fileEncoding = 4; lastKnownFileType = sourcecode.c.h; explicitFileType = undefined; includeInIndex = 0; };
		002EAE90552A4FE59248F14C /* PluginMarkerCluster.h */ = {isa = PBXFileReference; name = "PluginMarkerCluster.h"; path = "cordova-plugin-googlemaps/PluginMarkerCluster.h"; sourceTree = "<group>"; fileEncoding = 4; lastKnownFileType = sourcecode.c.h; explicitFileType = undefined; includeInIndex = 0; };
		95B1487D21EC4C6799DFD5BD /* UIImageCache.h */ = {isa = PBXFileReference; name = "UIImageCache.h"; path = "cordova-plugin-googlemaps/UIImageCache.h"; sourceTree = "<group>"; fileEncoding = 4; lastKnownFileType = sourcecode.c.h; explicitFileType = undefined; includeInIndex = 0; };
		BDD229D3F7B54434B38420F1 /* PluginStreetViewPanorama.h */ = {isa = PBXFileReference; name = "PluginStreetViewPanorama.h"; path = "cordova-plugin-googlemaps/PluginStreetViewPanorama.h"; sourceTree = "<group>"; fileEncoding = 4; lastKnownFileType = sourcecode.c.h; explicitFileType = undefined; includeInIndex = 0; };
		0F8C87F53FFA42E8861BD8E0 /* PluginStreetViewPanoramaController.h */ = {isa = PBXFileReference; name = "PluginStreetViewPanoramaController.h"; path = "cordova-plugin-googlemaps/PluginStreetViewPanoramaController.h"; sourceTree = "<group>"; fileEncoding = 4; lastKnownFileType = sourcecode.c.h; explicitFileType = undefined; includeInIndex = 0; };
		53A6C6E84D174F4293639656 /* PluginViewController.h */ = {isa = PBXFileReference; name = "PluginViewController.h"; path = "cordova-plugin-googlemaps/PluginViewController.h"; sourceTree = "<group>"; fileEncoding = 4; lastKnownFileType = sourcecode.c.h; explicitFileType = undefined; includeInIndex = 0; };
		A8664BDF1373406F95A11050 /* IPluginView.h */ = {isa = PBXFileReference; name = "IPluginView.h"; path = "cordova-plugin-googlemaps/IPluginView.h"; sourceTree = "<group>"; fileEncoding = 4; lastKnownFileType = sourcecode.c.h; explicitFileType = undefined; includeInIndex = 0; };
		2BBFAC63FEB14D7A9A34D9A5 /* IPluginProtocol.h */ = {isa = PBXFileReference; name = "IPluginProtocol.h"; path = "cordova-plugin-googlemaps/IPluginProtocol.h"; sourceTree = "<group>"; fileEncoding = 4; lastKnownFileType = sourcecode.c.h; explicitFileType = undefined; includeInIndex = 0; };
		6D60B995272E4F7F837E16E0 /* pgm_Localizable_en.json */ = {isa = PBXFileReference; name = "pgm_Localizable_en.json"; path = "pgm_Localizable_en.json"; sourceTree = "<group>"; fileEncoding = undefined; lastKnownFileType = unknown; explicitFileType = undefined; includeInIndex = 0; };
		DD0F0780AE494EAB9D8EE125 /* pgm_Localizable_es.json */ = {isa = PBXFileReference; name = "pgm_Localizable_es.json"; path = "pgm_Localizable_es.json"; sourceTree = "<group>"; fileEncoding = undefined; lastKnownFileType = unknown; explicitFileType = undefined; includeInIndex = 0; };
		13216AEEB30A4C41AD8C932A /* pgm_Localizable_ja.json */ = {isa = PBXFileReference; name = "pgm_Localizable_ja.json"; path = "pgm_Localizable_ja.json"; sourceTree = "<group>"; fileEncoding = undefined; lastKnownFileType = unknown; explicitFileType = undefined; includeInIndex = 0; };
		85DC3FA8951D4EA38F0652EE /* pgm_Localizable_ru.json */ = {isa = PBXFileReference; name = "pgm_Localizable_ru.json"; path = "pgm_Localizable_ru.json"; sourceTree = "<group>"; fileEncoding = undefined; lastKnownFileType = unknown; explicitFileType = undefined; includeInIndex = 0; };
		1318F0F4A24145238E1120B7 /* pgm_Localizable_uk.json */ = {isa = PBXFileReference; name = "pgm_Localizable_uk.json"; path = "pgm_Localizable_uk.json"; sourceTree = "<group>"; fileEncoding = undefined; lastKnownFileType = unknown; explicitFileType = undefined; includeInIndex = 0; };
		90A78C3E03D9458C99659954 /* pgm_Localizable_pt-BR.json */ = {isa = PBXFileReference; name = "pgm_Localizable_pt-BR.json"; path = "pgm_Localizable_pt-BR.json"; sourceTree = "<group>"; fileEncoding = undefined; lastKnownFileType = unknown; explicitFileType = undefined; includeInIndex = 0; };
		8287C5D55B524DAABD86E51E /* pgm_Localizable_de.json */ = {isa = PBXFileReference; name = "pgm_Localizable_de.json"; path = "pgm_Localizable_de.json"; sourceTree = "<group>"; fileEncoding = undefined; lastKnownFileType = unknown; explicitFileType = undefined; includeInIndex = 0; };
		2760674FEAB04968B559D697 /* pgm_Localizable_fr.json */ = {isa = PBXFileReference; name = "pgm_Localizable_fr.json"; path = "pgm_Localizable_fr.json"; sourceTree = "<group>"; fileEncoding = undefined; lastKnownFileType = unknown; explicitFileType = undefined; includeInIndex = 0; };
		02A5025C5DC34B30B6469476 /* pgm_Localizable_hi.json */ = {isa = PBXFileReference; name = "pgm_Localizable_hi.json"; path = "pgm_Localizable_hi.json"; sourceTree = "<group>"; fileEncoding = undefined; lastKnownFileType = unknown; explicitFileType = undefined; includeInIndex = 0; };
		C1CB2C2A9317455DA12E8B63 /* pgm_Localizable_ar.json */ = {isa = PBXFileReference; name = "pgm_Localizable_ar.json"; path = "pgm_Localizable_ar.json"; sourceTree = "<group>"; fileEncoding = undefined; lastKnownFileType = unknown; explicitFileType = undefined; includeInIndex = 0; };
		E3EA471D4B43442B90A6D16B /* pgm_Localizable_nl.json */ = {isa = PBXFileReference; name = "pgm_Localizable_nl.json"; path = "pgm_Localizable_nl.json"; sourceTree = "<group>"; fileEncoding = undefined; lastKnownFileType = unknown; explicitFileType = undefined; includeInIndex = 0; };
		2E12DBD103D840FDAD5A792D /* pgm_Localizable_pl.json */ = {isa = PBXFileReference; name = "pgm_Localizable_pl.json"; path = "pgm_Localizable_pl.json"; sourceTree = "<group>"; fileEncoding = undefined; lastKnownFileType = unknown; explicitFileType = undefined; includeInIndex = 0; };
		73D325DC56924E918B7F5331 /* pgm_Localizable_da.json */ = {isa = PBXFileReference; name = "pgm_Localizable_da.json"; path = "pgm_Localizable_da.json"; sourceTree = "<group>"; fileEncoding = undefined; lastKnownFileType = unknown; explicitFileType = undefined; includeInIndex = 0; };
		3D113F898C12459EAE33E0C7 /* pgm_Localizable_vi.json */ = {isa = PBXFileReference; name = "pgm_Localizable_vi.json"; path = "pgm_Localizable_vi.json"; sourceTree = "<group>"; fileEncoding = undefined; lastKnownFileType = unknown; explicitFileType = undefined; includeInIndex = 0; };
		8B9E56027FCB48158788E6A3 /* CDVInAppBrowser.m */ = {isa = PBXFileReference; name = "CDVInAppBrowser.m"; path = "cordova-plugin-inappbrowser/CDVInAppBrowser.m"; sourceTree = "<group>"; fileEncoding = 4; lastKnownFileType = sourcecode.c.objc; explicitFileType = undefined; includeInIndex = 0; };
		70CD544BF5BD4FC782016F1E /* CDVInAppBrowser.h */ = {isa = PBXFileReference; name = "CDVInAppBrowser.h"; path = "cordova-plugin-inappbrowser/CDVInAppBrowser.h"; sourceTree = "<group>"; fileEncoding = 4; lastKnownFileType = sourcecode.c.h; explicitFileType = undefined; includeInIndex = 0; };
		AD7FA44BC7964B39A133C9B3 /* APPLocalNotification.m */ = {isa = PBXFileReference; name = "APPLocalNotification.m"; path = "cordova-plugin-local-notification/APPLocalNotification.m"; sourceTree = "<group>"; fileEncoding = 4; lastKnownFileType = sourcecode.c.objc; explicitFileType = undefined; includeInIndex = 0; };
		AF77653015E04DE8B230BA25 /* APPNotificationContent.m */ = {isa = PBXFileReference; name = "APPNotificationContent.m"; path = "cordova-plugin-local-notification/APPNotificationContent.m"; sourceTree = "<group>"; fileEncoding = 4; lastKnownFileType = sourcecode.c.objc; explicitFileType = undefined; includeInIndex = 0; };
		8269E5BC386D4B948EE4E8BE /* APPNotificationOptions.m */ = {isa = PBXFileReference; name = "APPNotificationOptions.m"; path = "cordova-plugin-local-notification/APPNotificationOptions.m"; sourceTree = "<group>"; fileEncoding = 4; lastKnownFileType = sourcecode.c.objc; explicitFileType = undefined; includeInIndex = 0; };
		969CD9FC751E43FFBFC0DEA4 /* UNUserNotificationCenter+APPLocalNotification.m */ = {isa = PBXFileReference; name = "UNUserNotificationCenter+APPLocalNotification.m"; path = "cordova-plugin-local-notification/UNUserNotificationCenter+APPLocalNotification.m"; sourceTree = "<group>"; fileEncoding = 4; lastKnownFileType = sourcecode.c.objc; explicitFileType = undefined; includeInIndex = 0; };
		94F580A999B94BCB9EDDE6B0 /* UNNotificationRequest+APPLocalNotification.m */ = {isa = PBXFileReference; name = "UNNotificationRequest+APPLocalNotification.m"; path = "cordova-plugin-local-notification/UNNotificationRequest+APPLocalNotification.m"; sourceTree = "<group>"; fileEncoding = 4; lastKnownFileType = sourcecode.c.objc; explicitFileType = undefined; includeInIndex = 0; };
		735E5FC7F6914268A4ADF061 /* APPLocalNotification.h */ = {isa = PBXFileReference; name = "APPLocalNotification.h"; path = "cordova-plugin-local-notification/APPLocalNotification.h"; sourceTree = "<group>"; fileEncoding = 4; lastKnownFileType = sourcecode.c.h; explicitFileType = undefined; includeInIndex = 0; };
		C99A5DB18D2E4163B46F6888 /* APPNotificationContent.h */ = {isa = PBXFileReference; name = "APPNotificationContent.h"; path = "cordova-plugin-local-notification/APPNotificationContent.h"; sourceTree = "<group>"; fileEncoding = 4; lastKnownFileType = sourcecode.c.h; explicitFileType = undefined; includeInIndex = 0; };
		9ED6A219C4A845A89D7CAC15 /* APPNotificationOptions.h */ = {isa = PBXFileReference; name = "APPNotificationOptions.h"; path = "cordova-plugin-local-notification/APPNotificationOptions.h"; sourceTree = "<group>"; fileEncoding = 4; lastKnownFileType = sourcecode.c.h; explicitFileType = undefined; includeInIndex = 0; };
		07180B957D054D8FAC7CC853 /* UNUserNotificationCenter+APPLocalNotification.h */ = {isa = PBXFileReference; name = "UNUserNotificationCenter+APPLocalNotification.h"; path = "cordova-plugin-local-notification/UNUserNotificationCenter+APPLocalNotification.h"; sourceTree = "<group>"; fileEncoding = 4; lastKnownFileType = sourcecode.c.h; explicitFileType = undefined; includeInIndex = 0; };
		B122821971624BC7A6C7F80C /* UNNotificationRequest+APPLocalNotification.h */ = {isa = PBXFileReference; name = "UNNotificationRequest+APPLocalNotification.h"; path = "cordova-plugin-local-notification/UNNotificationRequest+APPLocalNotification.h"; sourceTree = "<group>"; fileEncoding = 4; lastKnownFileType = sourcecode.c.h; explicitFileType = undefined; includeInIndex = 0; };
		E72F1E67E927448783194B94 /* UserNotifications.framework */ = {isa = PBXFileReference; name = "UserNotifications.framework"; path = "System/Library/Frameworks/UserNotifications.framework"; sourceTree = SDKROOT; fileEncoding = undefined; lastKnownFileType = wrapper.framework; explicitFileType = undefined; includeInIndex = 0; };
		D866FA3212E04C8D8C83926E /* CDVCapture.m */ = {isa = PBXFileReference; name = "CDVCapture.m"; path = "cordova-plugin-media-capture/CDVCapture.m"; sourceTree = "<group>"; fileEncoding = 4; lastKnownFileType = sourcecode.c.objc; explicitFileType = undefined; includeInIndex = 0; };
		B8DDB0916C23470B911ABC73 /* CDVCapture.h */ = {isa = PBXFileReference; name = "CDVCapture.h"; path = "cordova-plugin-media-capture/CDVCapture.h"; sourceTree = "<group>"; fileEncoding = 4; lastKnownFileType = sourcecode.c.h; explicitFileType = undefined; includeInIndex = 0; };
		9EE20DAADEDE408188887144 /* CDVCapture.bundle */ = {isa = PBXFileReference; name = "CDVCapture.bundle"; path = "CDVCapture.bundle"; sourceTree = "<group>"; fileEncoding = undefined; lastKnownFileType = wrapper.plug-in; explicitFileType = undefined; includeInIndex = 0; };
		846EF55C85AB42C1A6D95B66 /* CDVConnection.m */ = {isa = PBXFileReference; name = "CDVConnection.m"; path = "cordova-plugin-network-information/CDVConnection.m"; sourceTree = "<group>"; fileEncoding = 4; lastKnownFileType = sourcecode.c.objc; explicitFileType = undefined; includeInIndex = 0; };
		D3E10DCB85EB47C3B7C63007 /* CDVReachability.m */ = {isa = PBXFileReference; name = "CDVReachability.m"; path = "cordova-plugin-network-information/CDVReachability.m"; sourceTree = "<group>"; fileEncoding = 4; lastKnownFileType = sourcecode.c.objc; explicitFileType = undefined; includeInIndex = 0; };
		7A4633FF821E4877894F89AB /* CDVConnection.h */ = {isa = PBXFileReference; name = "CDVConnection.h"; path = "cordova-plugin-network-information/CDVConnection.h"; sourceTree = "<group>"; fileEncoding = 4; lastKnownFileType = sourcecode.c.h; explicitFileType = undefined; includeInIndex = 0; };
		A92BD2F29E7647549AE0B4C6 /* CDVReachability.h */ = {isa = PBXFileReference; name = "CDVReachability.h"; path = "cordova-plugin-network-information/CDVReachability.h"; sourceTree = "<group>"; fileEncoding = 4; lastKnownFileType = sourcecode.c.h; explicitFileType = undefined; includeInIndex = 0; };
		6796DD2FA0E04934AB105E26 /* SystemConfiguration.framework */ = {isa = PBXFileReference; name = "SystemConfiguration.framework"; path = "System/Library/Frameworks/SystemConfiguration.framework"; sourceTree = SDKROOT; fileEncoding = undefined; lastKnownFileType = wrapper.framework; explicitFileType = undefined; includeInIndex = 0; };
		8B2A150D533E4197A1AB3317 /* CoreTelephony.framework */ = {isa = PBXFileReference; name = "CoreTelephony.framework"; path = "System/Library/Frameworks/CoreTelephony.framework"; sourceTree = SDKROOT; fileEncoding = undefined; lastKnownFileType = wrapper.framework; explicitFileType = undefined; includeInIndex = 0; };
		B105C2C4A00045958AA3909D /* SaveImage.m */ = {isa = PBXFileReference; name = "SaveImage.m"; path = "cordova-plugin-save-image/SaveImage.m"; sourceTree = "<group>"; fileEncoding = 4; lastKnownFileType = sourcecode.c.objc; explicitFileType = undefined; includeInIndex = 0; };
		17758382C90E488289CD663E /* SaveImage.h */ = {isa = PBXFileReference; name = "SaveImage.h"; path = "cordova-plugin-save-image/SaveImage.h"; sourceTree = "<group>"; fileEncoding = 4; lastKnownFileType = sourcecode.c.h; explicitFileType = undefined; includeInIndex = 0; };
		EBD7807E3A194B8BAB255624 /* CDVOrientation.m */ = {isa = PBXFileReference; name = "CDVOrientation.m"; path = "cordova-plugin-screen-orientation/CDVOrientation.m"; sourceTree = "<group>"; fileEncoding = 4; lastKnownFileType = sourcecode.c.objc; explicitFileType = undefined; includeInIndex = 0; };
		16F507CAA23B48A496D150D9 /* CDVOrientation.h */ = {isa = PBXFileReference; name = "CDVOrientation.h"; path = "cordova-plugin-screen-orientation/CDVOrientation.h"; sourceTree = "<group>"; fileEncoding = 4; lastKnownFileType = sourcecode.c.h; explicitFileType = undefined; includeInIndex = 0; };
		B9B4625F4AB24B6CB22020CD /* CDVTTS.m */ = {isa = PBXFileReference; name = "CDVTTS.m"; path = "cordova-plugin-tts/CDVTTS.m"; sourceTree = "<group>"; fileEncoding = 4; lastKnownFileType = sourcecode.c.objc; explicitFileType = undefined; includeInIndex = 0; };
		D89D61D8AF644ED7824A4923 /* CDVTTS.h */ = {isa = PBXFileReference; name = "CDVTTS.h"; path = "cordova-plugin-tts/CDVTTS.h"; sourceTree = "<group>"; fileEncoding = 4; lastKnownFileType = sourcecode.c.h; explicitFileType = undefined; includeInIndex = 0; };
		6B3D1F560540443DBDB7E28B /* CDVVibration.m */ = {isa = PBXFileReference; name = "CDVVibration.m"; path = "cordova-plugin-vibration/CDVVibration.m"; sourceTree = "<group>"; fileEncoding = 4; lastKnownFileType = sourcecode.c.objc; explicitFileType = undefined; includeInIndex = 0; };
		B07E14B7286E46FA89A17922 /* CDVVibration.h */ = {isa = PBXFileReference; name = "CDVVibration.h"; path = "cordova-plugin-vibration/CDVVibration.h"; sourceTree = "<group>"; fileEncoding = 4; lastKnownFileType = sourcecode.c.h; explicitFileType = undefined; includeInIndex = 0; };
		23C4B860975143128C5AAEBC /* UICKeyChainStore.m */ = {isa = PBXFileReference; name = "UICKeyChainStore.m"; path = "cordova-unique-device-id/UICKeyChainStore.m"; sourceTree = "<group>"; fileEncoding = 4; lastKnownFileType = sourcecode.c.objc; explicitFileType = undefined; includeInIndex = 0; };
		0B890B15185549F6A6D82A83 /* CDVUniqueDeviceID.m */ = {isa = PBXFileReference; name = "CDVUniqueDeviceID.m"; path = "cordova-unique-device-id/CDVUniqueDeviceID.m"; sourceTree = "<group>"; fileEncoding = 4; lastKnownFileType = sourcecode.c.objc; explicitFileType = undefined; includeInIndex = 0; };
		22E0E73B742241B1A9A7F8B0 /* UICKeyChainStore.h */ = {isa = PBXFileReference; name = "UICKeyChainStore.h"; path = "cordova-unique-device-id/UICKeyChainStore.h"; sourceTree = "<group>"; fileEncoding = 4; lastKnownFileType = sourcecode.c.h; explicitFileType = undefined; includeInIndex = 0; };
		3165B1704EB34C168D0DD8EE /* CDVUniqueDeviceID.h */ = {isa = PBXFileReference; name = "CDVUniqueDeviceID.h"; path = "cordova-unique-device-id/CDVUniqueDeviceID.h"; sourceTree = "<group>"; fileEncoding = 4; lastKnownFileType = sourcecode.c.h; explicitFileType = undefined; includeInIndex = 0; };
		189C68411C68431AB502F77D /* Security.framework */ = {isa = PBXFileReference; name = "Security.framework"; path = "System/Library/Frameworks/Security.framework"; sourceTree = SDKROOT; fileEncoding = undefined; lastKnownFileType = wrapper.framework; explicitFileType = undefined; includeInIndex = 0; };
/* End PBXFileReference section */

/* Begin PBXFrameworksBuildPhase section */
		1D60588F0D05DD3D006BFB54 /* Frameworks */ = {
			isa = PBXFrameworksBuildPhase;
			buildActionMask = 2147483647;
			files = (
				301BF552109A68D80062928A /* libCordova.a in Frameworks */,
				047CF8FA321C40EA97FF5B9F /* ImageIO.framework in Frameworks */,
				A9FB03BAE0D949ACACAA2410 /* CoreLocation.framework in Frameworks */,
				22DC0B7E90804DD09F84CFBA /* AVFoundation.framework in Frameworks */,
				325F9EC9CC764BA09A54AF63 /* libz.tbd in Frameworks */,
				554BF65467844AE9A43985E1 /* AudioToolbox.framework in Frameworks */,
				08EA6701A70B4A07B0F6F031 /* UserNotifications.framework in Frameworks */,
				9BD83CA391204FA4B06333E6 /* SystemConfiguration.framework in Frameworks */,
				7BFC9BF4F37B4A80B7C6F003 /* CoreTelephony.framework in Frameworks */,
				1F36D1AA979B4B61BD9A4894 /* Security.framework in Frameworks */,
			);
			runOnlyForDeploymentPostprocessing = 0;
		};
/* End PBXFrameworksBuildPhase section */

/* Begin PBXGroup section */
		080E96DDFE201D6D7F000001 /* Classes */ = {
			isa = PBXGroup;
			children = (
				302D95EE14D2391D003F00A1 /* MainViewController.h */,
				302D95EF14D2391D003F00A1 /* MainViewController.m */,
				302D95F014D2391D003F00A1 /* MainViewController.xib */,
				1D3623240D0F684500981E51 /* AppDelegate.h */,
				1D3623250D0F684500981E51 /* AppDelegate.m */,
			);
			name = Classes;
			path = "eAbsensi FMIPA/Classes";
			sourceTree = SOURCE_ROOT;
		};
		19C28FACFE9D520D11CA2CBB /* Products */ = {
			isa = PBXGroup;
			children = (
				1D6058910D05DD3D006BFB54 /* eAbsensi FMIPA.app */,
			);
			name = Products;
			sourceTree = "<group>";
		};
		29B97314FDCFA39411CA2CEA /* CustomTemplate */ = {
			isa = PBXGroup;
			children = (
				EB87FDF41871DAF40020F90C /* config.xml */,
				EB87FDF31871DA8E0020F90C /* www */,
				EB87FDF11871DA420020F90C /* Staging */,
				301BF52D109A57CC0062928A /* CordovaLib.xcodeproj */,
				080E96DDFE201D6D7F000001 /* Classes */,
				307C750510C5A3420062BCA9 /* Plugins */,
				29B97315FDCFA39411CA2CEA /* Other Sources */,
				29B97317FDCFA39411CA2CEA /* Resources */,
				29B97323FDCFA39411CA2CEA /* Frameworks */,
				19C28FACFE9D520D11CA2CBB /* Products */,
			);
			name = CustomTemplate;
			sourceTree = "<group>";
		};
		29B97315FDCFA39411CA2CEA /* Other Sources */ = {
			isa = PBXGroup;
			children = (
				32CA4F630368D1EE00C91783 /* eAbsensi FMIPA-Prefix.pch */,
				29B97316FDCFA39411CA2CEA /* main.m */,
				ED33DF2A687741AEAF9F8254 /* Bridging-Header.h */,
			);
			name = "Other Sources";
			path = "eAbsensi FMIPA";
			sourceTree = "<group>";
		};
		29B97317FDCFA39411CA2CEA /* Resources */ = {
			isa = PBXGroup;
			children = (
				0207DA571B56EA530066E2B4 /* Images.xcassets */,
				3047A50E1AB8057F00498E2A /* config */,
				8D1107310486CEB800E47090 /* eAbsensi FMIPA-Info.plist */,
				6AFF5BF81D6E424B00AB3073 /* CDVLaunchScreen.storyboard */,
				F1C67172197942A9B3BBD36A /* CDVNotification.bundle */,
				6D60B995272E4F7F837E16E0 /* pgm_Localizable_en.json */,
				DD0F0780AE494EAB9D8EE125 /* pgm_Localizable_es.json */,
				13216AEEB30A4C41AD8C932A /* pgm_Localizable_ja.json */,
				85DC3FA8951D4EA38F0652EE /* pgm_Localizable_ru.json */,
				1318F0F4A24145238E1120B7 /* pgm_Localizable_uk.json */,
				90A78C3E03D9458C99659954 /* pgm_Localizable_pt-BR.json */,
				8287C5D55B524DAABD86E51E /* pgm_Localizable_de.json */,
				2760674FEAB04968B559D697 /* pgm_Localizable_fr.json */,
				02A5025C5DC34B30B6469476 /* pgm_Localizable_hi.json */,
				C1CB2C2A9317455DA12E8B63 /* pgm_Localizable_ar.json */,
				E3EA471D4B43442B90A6D16B /* pgm_Localizable_nl.json */,
				2E12DBD103D840FDAD5A792D /* pgm_Localizable_pl.json */,
				73D325DC56924E918B7F5331 /* pgm_Localizable_da.json */,
				3D113F898C12459EAE33E0C7 /* pgm_Localizable_vi.json */,
				9EE20DAADEDE408188887144 /* CDVCapture.bundle */,
			);
			name = Resources;
			path = "eAbsensi FMIPA/Resources";
			sourceTree = "<group>";
		};
		29B97323FDCFA39411CA2CEA /* Frameworks */ = {
			isa = PBXGroup;
			children = (
				A9C653B8A1A7485C9DBDA693 /* ImageIO.framework */,
				F2849259155F4AA592E14509 /* CoreLocation.framework */,
				47F756E572594FC1B0D8F660 /* AVFoundation.framework */,
				F58ADD4DE0B24126BFD33DA1 /* libz.tbd */,
				1CE5B3C814AB48F8A0F8B382 /* AudioToolbox.framework */,
				E72F1E67E927448783194B94 /* UserNotifications.framework */,
				6796DD2FA0E04934AB105E26 /* SystemConfiguration.framework */,
				8B2A150D533E4197A1AB3317 /* CoreTelephony.framework */,
				189C68411C68431AB502F77D /* Security.framework */,
			);
			name = Frameworks;
			sourceTree = "<group>";
		};
		301BF52E109A57CC0062928A /* Products */ = {
			isa = PBXGroup;
			children = (
				301BF535109A57CC0062928A /* libCordova.a */,
				907D8124214C687600058A10 /* Cordova.framework */,
			);
			name = Products;
			sourceTree = "<group>";
		};
		3047A50E1AB8057F00498E2A /* config */ = {
			isa = PBXGroup;
			children = (
				3047A50F1AB8059700498E2A /* build-debug.xcconfig */,
				3047A5101AB8059700498E2A /* build-release.xcconfig */,
				3047A5111AB8059700498E2A /* build.xcconfig */,
			);
			name = config;
			sourceTree = "<group>";
		};
		307C750510C5A3420062BCA9 /* Plugins */ = {
			isa = PBXGroup;
			children = (
				C2FCFA5E278643888F8AF322 /* APPBadge.m */,
				C41BF3C577004642B090C075 /* APPBadge.h */,
				01F3138D87A54F41AA141B8A /* UIImage+CropScaleOrientation.m */,
				FC6C7F8BC88A4C3FB2375155 /* CDVCamera.m */,
				C3D97424A90A4AB38E175B20 /* CDVJpegHeaderWriter.m */,
				B12562665AA04140A7F7623C /* UIImage+CropScaleOrientation.h */,
				2BFDC0C2280B4381A97ABD06 /* CDVCamera.h */,
				F625BEF38C844BC0B98F30AA /* CDVJpegHeaderWriter.h */,
				5BF932D3C0BC4C83A942123C /* CDVExif.h */,
				C1E2F207E7784AB7A9874DEE /* CDVDevice.m */,
				9D7F216C70084418A3E34607 /* CDVDevice.h */,
				4EE3CF1050074341A46AFC87 /* CDVCompass.m */,
				01FDF17FC67C4973A98E7508 /* CDVCompass.h */,
				A46027A32C8C480B901D5DE3 /* CDVNotification.m */,
				EEA61788FAAD4D0CB9017602 /* CDVNotification.h */,
				59B7389BFBB14FD8BA0A75A2 /* CDVFile.m */,
				70E8423662DB4EE7AB419680 /* CDVLocalFilesystem.m */,
				784B900B1C9244C5A52A17D1 /* CDVAssetLibraryFilesystem.m */,
				641ECB6CD219441E9B9C8AD4 /* CDVFile.h */,
				D2940AA807AE4A478573E909 /* CDVLocalFilesystem.h */,
				0F61376EA7044C9DB793F5C1 /* CDVAssetLibraryFilesystem.h */,
				1923AC94063C47D5AD892AC8 /* CDVFileTransfer.m */,
				2FF2A7D7237D4BEAB4D22334 /* CDVFileTransfer.h */,
				0A82A90FA4BD4E36A3382027 /* CDVLocation.m */,
				3BE8D281D487405F88CE5C70 /* CDVLocation.h */,
				214208927BF54627BB11E3F3 /* PluginObjects.m */,
				13723ADF89AC47EE9EAFE5FE /* PluginCircle.m */,
				FD314C25569E42C9A0C0E50D /* PluginGeocoder.m */,
				833BA68B9FC44A02863E79DC /* PluginLocationService.m */,
				DBB8787CB82A4695BCE23D4A /* PluginEnvironment.m */,
				EC6E2C6212C74EA1A7344BED /* CordovaGoogleMaps.m */,
				73E5627211B14FEBB2AED8CF /* PluginMapViewController.m */,
				38375C91E90C4B62A365EFD2 /* PluginGroundOverlay.m */,
				EEE5E461870F4F468916B8A2 /* PluginKmlOverlay.m */,
				2B69CFFD32B54C89978F9F7F /* PluginMap.m */,
				0E494FD9462D437B82F68FE9 /* PluginMarker.m */,
				3FA7D83A0CE249F8A9D8DA3B /* PluginUtil.m */,
				8063D747DA2E4A5A8A6E1785 /* PluginPolygon.m */,
				A3581DDA724D4F6F99C05057 /* PluginPolyline.m */,
				A7A31BCD42A24A2FB3544A2B /* PluginTileProvider.m */,
				2E2BF9E0A0DF4C009DCD8E69 /* TBXML.m */,
				EBB817DAFAF14A29A56DD834 /* PluginTileOverlay.m */,
				86874C34B7014E269F77A974 /* GMSCoordinateBounds+Geometry.m */,
				14244004CCF146E48452AE81 /* MyPluginLayer.m */,
				50FA9CCEA23A4DDDA43DEC58 /* MyPluginScrollView.m */,
				A009087C58DF45FF87CE2AF7 /* PluginMarkerCluster.m */,
				4967339A0E1343E1BDBC5046 /* UIImageCache.m */,
				5FD15574C12E445687DAC71E /* PluginStreetViewPanorama.m */,
				32781668E574474299FB351F /* PluginStreetViewPanoramaController.m */,
				1D6B93A9DBAE4930AB0B2D61 /* PluginViewController.m */,
				38B42524C9E7418AB02D0798 /* PluginObjects.h */,
				F9740165476A4894B41E4A24 /* PluginCircle.h */,
				B104203BFAD24111BA171807 /* PluginGeocoder.h */,
				6D54513E921540C6881ED36A /* PluginLocationService.h */,
				E56F3C5264E6429193E7921F /* PluginEnvironment.h */,
				DF916A0D0963489E887E6136 /* CordovaGoogleMaps.h */,
				2062B5C505FA41CA89C0931D /* PluginMapViewController.h */,
				D7BE9C921B3840EABEE637FD /* PluginGroundOverlay.h */,
				3589DCC876AB46D28E330585 /* PluginKmlOverlay.h */,
				DE779C83BB6341F28BC866CD /* PluginMap.h */,
				07F10289BAE94DB78C85C82E /* PluginMarker.h */,
				C8CE4763B8494E9A905B08F2 /* PluginUtil.h */,
				784AD40919E249BCA0104B7F /* PluginPolygon.h */,
				17705D19F6134E3DB183338A /* PluginPolyline.h */,
				BB8B76D8C87442B8B9232CB0 /* PluginTileProvider.h */,
				5F5C8228AC8B48ACAF86192D /* TBXML.h */,
				A917B88FC8414B258FD3BA88 /* PluginTileOverlay.h */,
				F630FD234DD14FCF8174E47B /* GMSCoordinateBounds+Geometry.h */,
				1C6A2ACBC33B49579B51F97A /* MyPluginLayer.h */,
				50459AFEFBA04E12976D427D /* MyPluginScrollView.h */,
				002EAE90552A4FE59248F14C /* PluginMarkerCluster.h */,
				95B1487D21EC4C6799DFD5BD /* UIImageCache.h */,
				BDD229D3F7B54434B38420F1 /* PluginStreetViewPanorama.h */,
				0F8C87F53FFA42E8861BD8E0 /* PluginStreetViewPanoramaController.h */,
				53A6C6E84D174F4293639656 /* PluginViewController.h */,
				A8664BDF1373406F95A11050 /* IPluginView.h */,
				2BBFAC63FEB14D7A9A34D9A5 /* IPluginProtocol.h */,
				8B9E56027FCB48158788E6A3 /* CDVInAppBrowser.m */,
				70CD544BF5BD4FC782016F1E /* CDVInAppBrowser.h */,
				AD7FA44BC7964B39A133C9B3 /* APPLocalNotification.m */,
				AF77653015E04DE8B230BA25 /* APPNotificationContent.m */,
				8269E5BC386D4B948EE4E8BE /* APPNotificationOptions.m */,
				969CD9FC751E43FFBFC0DEA4 /* UNUserNotificationCenter+APPLocalNotification.m */,
				94F580A999B94BCB9EDDE6B0 /* UNNotificationRequest+APPLocalNotification.m */,
				735E5FC7F6914268A4ADF061 /* APPLocalNotification.h */,
				C99A5DB18D2E4163B46F6888 /* APPNotificationContent.h */,
				9ED6A219C4A845A89D7CAC15 /* APPNotificationOptions.h */,
				07180B957D054D8FAC7CC853 /* UNUserNotificationCenter+APPLocalNotification.h */,
				B122821971624BC7A6C7F80C /* UNNotificationRequest+APPLocalNotification.h */,
				D866FA3212E04C8D8C83926E /* CDVCapture.m */,
				B8DDB0916C23470B911ABC73 /* CDVCapture.h */,
				846EF55C85AB42C1A6D95B66 /* CDVConnection.m */,
				D3E10DCB85EB47C3B7C63007 /* CDVReachability.m */,
				7A4633FF821E4877894F89AB /* CDVConnection.h */,
				A92BD2F29E7647549AE0B4C6 /* CDVReachability.h */,
				B105C2C4A00045958AA3909D /* SaveImage.m */,
				17758382C90E488289CD663E /* SaveImage.h */,
				EBD7807E3A194B8BAB255624 /* CDVOrientation.m */,
				16F507CAA23B48A496D150D9 /* CDVOrientation.h */,
				B9B4625F4AB24B6CB22020CD /* CDVTTS.m */,
				D89D61D8AF644ED7824A4923 /* CDVTTS.h */,
				6B3D1F560540443DBDB7E28B /* CDVVibration.m */,
				B07E14B7286E46FA89A17922 /* CDVVibration.h */,
				23C4B860975143128C5AAEBC /* UICKeyChainStore.m */,
				0B890B15185549F6A6D82A83 /* CDVUniqueDeviceID.m */,
				22E0E73B742241B1A9A7F8B0 /* UICKeyChainStore.h */,
				3165B1704EB34C168D0DD8EE /* CDVUniqueDeviceID.h */,
			);
			name = Plugins;
			path = "eAbsensi FMIPA/Plugins";
			sourceTree = SOURCE_ROOT;
		};
		EB87FDF11871DA420020F90C /* Staging */ = {
			isa = PBXGroup;
			children = (
				F840E1F0165FE0F500CFE078 /* config.xml */,
				301BF56E109A69640062928A /* www */,
			);
			name = Staging;
			sourceTree = "<group>";
		};
/* End PBXGroup section */

/* Begin PBXNativeTarget section */
		1D6058900D05DD3D006BFB54 /* eAbsensi FMIPA */ = {
			isa = PBXNativeTarget;
			buildConfigurationList = 1D6058960D05DD3E006BFB54 /* Build configuration list for PBXNativeTarget "eAbsensi FMIPA" */;
			buildPhases = (
				304B58A110DAC018002A0835 /* Copy www directory */,
				1D60588D0D05DD3D006BFB54 /* Resources */,
				1D60588E0D05DD3D006BFB54 /* Sources */,
				1D60588F0D05DD3D006BFB54 /* Frameworks */,
			);
			buildRules = (
			);
			dependencies = (
				301BF551109A68C00062928A /* PBXTargetDependency */,
			);
			name = "eAbsensi FMIPA";
			productName = "eAbsensi FMIPA";
			productReference = 1D6058910D05DD3D006BFB54 /* eAbsensi FMIPA.app */;
			productType = "com.apple.product-type.application";
		};
/* End PBXNativeTarget section */

/* Begin PBXProject section */
		29B97313FDCFA39411CA2CEA /* Project object */ = {
			isa = PBXProject;
			attributes = {
				LastUpgradeCheck = 510;
				TargetAttributes = {
					1D6058900D05DD3D006BFB54 = {
						ProvisioningStyle = Automatic;
					};
				};
			};
			buildConfigurationList = C01FCF4E08A954540054247B /* Build configuration list for PBXProject "eAbsensi FMIPA" */;
			compatibilityVersion = "Xcode 3.2";
			developmentRegion = English;
			hasScannedForEncodings = 1;
			mainGroup = 29B97314FDCFA39411CA2CEA /* CustomTemplate */;
			projectDirPath = "";
			projectReferences = (
				{
					ProductGroup = 301BF52E109A57CC0062928A /* Products */;
					ProjectRef = 301BF52D109A57CC0062928A /* CordovaLib.xcodeproj */;
				},
			);
			projectRoot = "";
			targets = (
				1D6058900D05DD3D006BFB54 /* eAbsensi FMIPA */,
			);
		};
/* End PBXProject section */

/* Begin PBXReferenceProxy section */
		301BF535109A57CC0062928A /* libCordova.a */ = {
			isa = PBXReferenceProxy;
			fileType = archive.ar;
			path = libCordova.a;
			remoteRef = 301BF534109A57CC0062928A /* PBXContainerItemProxy */;
			sourceTree = BUILT_PRODUCTS_DIR;
		};
		907D8124214C687600058A10 /* Cordova.framework */ = {
			isa = PBXReferenceProxy;
			fileType = wrapper.framework;
			path = Cordova.framework;
			remoteRef = 907D8123214C687600058A10 /* PBXContainerItemProxy */;
			sourceTree = BUILT_PRODUCTS_DIR;
		};
/* End PBXReferenceProxy section */

/* Begin PBXResourcesBuildPhase section */
		1D60588D0D05DD3D006BFB54 /* Resources */ = {
			isa = PBXResourcesBuildPhase;
			buildActionMask = 2147483647;
			files = (
				302D95F214D2391D003F00A1 /* MainViewController.xib in Resources */,
				0207DA581B56EA530066E2B4 /* Images.xcassets in Resources */,
				6AFF5BF91D6E424B00AB3073 /* CDVLaunchScreen.storyboard in Resources */,
				7DA310C0825E4E4AB1272D57 /* CDVNotification.bundle in Resources */,
				998D0200E0C24270865214A5 /* pgm_Localizable_en.json in Resources */,
				4EBFCA093F324EB8AC98446F /* pgm_Localizable_es.json in Resources */,
				28C429D858044EE892BE1C8D /* pgm_Localizable_ja.json in Resources */,
				529DB831F41F489EA55C7BF4 /* pgm_Localizable_ru.json in Resources */,
				AD42BDF98FF245FFA8002540 /* pgm_Localizable_uk.json in Resources */,
				7672144D9E09485A8320CD90 /* pgm_Localizable_pt-BR.json in Resources */,
				B89B157E0211472B871E8FB7 /* pgm_Localizable_de.json in Resources */,
				DB4E2BF73BEB460380799AE5 /* pgm_Localizable_fr.json in Resources */,
				86838088E0A947BBBCD8CEF2 /* pgm_Localizable_hi.json in Resources */,
				BF9268E5B53B46CE8F6E9303 /* pgm_Localizable_ar.json in Resources */,
				50DBF8F7B227464BAFFCAE34 /* pgm_Localizable_nl.json in Resources */,
				6DA13E64ACDD4C18B0C198B3 /* pgm_Localizable_pl.json in Resources */,
				86D43C10AE5F49D09E14A0C2 /* pgm_Localizable_da.json in Resources */,
				B96909C052F8475CA01D84CF /* pgm_Localizable_vi.json in Resources */,
				C4B00778C27546F18B627C76 /* CDVCapture.bundle in Resources */,
			);
			runOnlyForDeploymentPostprocessing = 0;
		};
/* End PBXResourcesBuildPhase section */

/* Begin PBXShellScriptBuildPhase section */
		304B58A110DAC018002A0835 /* Copy www directory */ = {
			isa = PBXShellScriptBuildPhase;
			buildActionMask = 2147483647;
			files = (
			);
			inputPaths = (
			);
			name = "Copy www directory";
			outputPaths = (
			);
			runOnlyForDeploymentPostprocessing = 0;
			shellPath = /bin/sh;
			shellScript = "\"$SRCROOT/eAbsensi FMIPA/Scripts/copy-www-build-step.sh\"";
			showEnvVarsInLog = 0;
		};
/* End PBXShellScriptBuildPhase section */

/* Begin PBXSourcesBuildPhase section */
		1D60588E0D05DD3D006BFB54 /* Sources */ = {
			isa = PBXSourcesBuildPhase;
			buildActionMask = 2147483647;
			files = (
				1D60589B0D05DD56006BFB54 /* main.m in Sources */,
				1D3623260D0F684500981E51 /* AppDelegate.m in Sources */,
				302D95F114D2391D003F00A1 /* MainViewController.m in Sources */,
				E5271EC087584386A1725468 /* APPBadge.m in Sources */,
				D44FCCF280634574A25FDE8E /* UIImage+CropScaleOrientation.m in Sources */,
				C7212C46AE974A8F84201ACC /* CDVCamera.m in Sources */,
				AA505E64411B4767A335051C /* CDVJpegHeaderWriter.m in Sources */,
				9DB20844198B44BCBBB466B4 /* CDVDevice.m in Sources */,
				1044435E140B4256ACFE2B58 /* CDVCompass.m in Sources */,
				26CE26E0B8504C3397567ADE /* CDVNotification.m in Sources */,
				EC0F4B36EC4941098AD38C7E /* CDVFile.m in Sources */,
				B3C1FDA9AFE54681806CDC78 /* CDVLocalFilesystem.m in Sources */,
				8F8C1E9B58594562AE05E222 /* CDVAssetLibraryFilesystem.m in Sources */,
				C3C6374BE6B4429588F058CA /* CDVFileTransfer.m in Sources */,
				9647C1E8B6054FEC9E6811E9 /* CDVLocation.m in Sources */,
				593879A78BDA4D3CAC54CC8A /* PluginObjects.m in Sources */,
				D31C9C19124545FFA35D9075 /* PluginCircle.m in Sources */,
				4813301F1497475C83549EAC /* PluginGeocoder.m in Sources */,
				6DCA1A42EDD44DA2B287ED75 /* PluginLocationService.m in Sources */,
				C5B23FC8F0154BECB162C69F /* PluginEnvironment.m in Sources */,
				42C93A84E05A41FB911C0AC7 /* CordovaGoogleMaps.m in Sources */,
				3C9535A25CF34265BDB6AD83 /* PluginMapViewController.m in Sources */,
				CE2ED2662A4B4895A75AEBA1 /* PluginGroundOverlay.m in Sources */,
				AAF2FA1F7B284CB1AC0D8AE2 /* PluginKmlOverlay.m in Sources */,
				F627E6C3262844B987622168 /* PluginMap.m in Sources */,
				0C88C3AAC3C74AEDB08CB9D0 /* PluginMarker.m in Sources */,
				FC80BD7284134D7DA15BF71E /* PluginUtil.m in Sources */,
				A39682EEC0144C2AA66CA5B4 /* PluginPolygon.m in Sources */,
				081449DD3CDA471E97CC1F99 /* PluginPolyline.m in Sources */,
				7833AEE111B84235BEA1789F /* PluginTileProvider.m in Sources */,
				38196588639945878E63F521 /* TBXML.m in Sources */,
				8CD3557DAFDE4BC99FB7CACE /* PluginTileOverlay.m in Sources */,
				EE714FD76CFA4F938858D3D2 /* GMSCoordinateBounds+Geometry.m in Sources */,
				59C5378C27834E9BA7E65D58 /* MyPluginLayer.m in Sources */,
				2F135383CCA3460EAC0C3741 /* MyPluginScrollView.m in Sources */,
				8DBE9B12BCD7457491F0B4A8 /* PluginMarkerCluster.m in Sources */,
				638BFFC2AC0342378D7B74E8 /* UIImageCache.m in Sources */,
				3C385641F80D4A7AB50C9F31 /* PluginStreetViewPanorama.m in Sources */,
				48BF51D4B36E43D5984F0E8F /* PluginStreetViewPanoramaController.m in Sources */,
				A5E2637FA5154FE5AA86F801 /* PluginViewController.m in Sources */,
				60A4F383A47241C3A1C59C60 /* CDVInAppBrowser.m in Sources */,
				2F64EEA576A44CCBB819BC4C /* APPLocalNotification.m in Sources */,
				CE5AA62579E943F898D2D3E8 /* APPNotificationContent.m in Sources */,
				BA26E70E42E94775ACB662AB /* APPNotificationOptions.m in Sources */,
				9FA29D1D00BE4E4097BDBBB6 /* UNUserNotificationCenter+APPLocalNotification.m in Sources */,
				BB7D5F20EAE54B5FA99746C1 /* UNNotificationRequest+APPLocalNotification.m in Sources */,
				4A60E2330AEB46CD999E2B08 /* CDVCapture.m in Sources */,
				2976137453BC402E9DEE3091 /* CDVConnection.m in Sources */,
				9F5B3C04ACEA4B79A1BFE293 /* CDVReachability.m in Sources */,
				966D636B1BC5499E9759A004 /* SaveImage.m in Sources */,
				59005243248341E99423E566 /* CDVOrientation.m in Sources */,
				F503A7F646004D569B92450B /* CDVTTS.m in Sources */,
				1068F049BAA842AFB9352F0A /* CDVVibration.m in Sources */,
				67A752EE17904EF3BFE528EA /* UICKeyChainStore.m in Sources */,
				78A69595206844EFA7C1BC20 /* CDVUniqueDeviceID.m in Sources */,
			);
			runOnlyForDeploymentPostprocessing = 0;
		};
/* End PBXSourcesBuildPhase section */

/* Begin PBXTargetDependency section */
		301BF551109A68C00062928A /* PBXTargetDependency */ = {
			isa = PBXTargetDependency;
			name = CordovaLib;
			targetProxy = 301BF550109A68C00062928A /* PBXContainerItemProxy */;
		};
/* End PBXTargetDependency section */

/* Begin XCBuildConfiguration section */
		1D6058940D05DD3E006BFB54 /* Debug */ = {
			isa = XCBuildConfiguration;
			baseConfigurationReference = 3047A50F1AB8059700498E2A /* build-debug.xcconfig */;
			buildSettings = {
				ALWAYS_SEARCH_USER_PATHS = NO;
				ASSETCATALOG_COMPILER_APPICON_NAME = AppIcon;
				ASSETCATALOG_COMPILER_LAUNCHIMAGE_NAME = LaunchImage;
				CLANG_ENABLE_MODULES = YES;
				CLANG_ENABLE_OBJC_ARC = YES;
				COPY_PHASE_STRIP = NO;
				GCC_DYNAMIC_NO_PIC = NO;
				GCC_OPTIMIZATION_LEVEL = 0;
				GCC_PRECOMPILE_PREFIX_HEADER = YES;
				GCC_PREFIX_HEADER = "eAbsensi FMIPA/eAbsensi FMIPA-Prefix.pch";
				GCC_THUMB_SUPPORT = NO;
				GCC_VERSION = "";
				INFOPLIST_FILE = "eAbsensi FMIPA/eAbsensi FMIPA-Info.plist";
				IPHONEOS_DEPLOYMENT_TARGET = 10.0;
				LD_RUNPATH_SEARCH_PATHS = "@executable_path/Frameworks";
				PRODUCT_BUNDLE_IDENTIFIER = com.ahmar.id.absensifmipa;
				PRODUCT_NAME = "$(TARGET_NAME)";
				TARGETED_DEVICE_FAMILY = "1,2";
			};
			name = Debug;
		};
		1D6058950D05DD3E006BFB54 /* Release */ = {
			isa = XCBuildConfiguration;
			baseConfigurationReference = 3047A5101AB8059700498E2A /* build-release.xcconfig */;
			buildSettings = {
				ALWAYS_SEARCH_USER_PATHS = NO;
				ASSETCATALOG_COMPILER_APPICON_NAME = AppIcon;
				ASSETCATALOG_COMPILER_LAUNCHIMAGE_NAME = LaunchImage;
				CLANG_ENABLE_MODULES = YES;
				CLANG_ENABLE_OBJC_ARC = YES;
				COPY_PHASE_STRIP = YES;
				GCC_PRECOMPILE_PREFIX_HEADER = YES;
				GCC_PREFIX_HEADER = "eAbsensi FMIPA/eAbsensi FMIPA-Prefix.pch";
				GCC_THUMB_SUPPORT = NO;
				GCC_VERSION = "";
				INFOPLIST_FILE = "eAbsensi FMIPA/eAbsensi FMIPA-Info.plist";
				IPHONEOS_DEPLOYMENT_TARGET = 10.0;
				LD_RUNPATH_SEARCH_PATHS = "@executable_path/Frameworks";
				PRODUCT_BUNDLE_IDENTIFIER = com.ahmar.id.absensifmipa;
				PRODUCT_NAME = "$(TARGET_NAME)";
				TARGETED_DEVICE_FAMILY = "1,2";
			};
			name = Release;
		};
		C01FCF4F08A954540054247B /* Debug */ = {
			isa = XCBuildConfiguration;
			baseConfigurationReference = 3047A5111AB8059700498E2A /* build.xcconfig */;
			buildSettings = {
				CLANG_ENABLE_MODULES = YES;
				CLANG_ENABLE_OBJC_ARC = YES;
				CLANG_WARN_BLOCK_CAPTURE_AUTORELEASING = YES;
				CLANG_WARN_BOOL_CONVERSION = YES;
				CLANG_WARN_COMMA = YES;
				CLANG_WARN_CONSTANT_CONVERSION = YES;
				CLANG_WARN_DEPRECATED_OBJC_IMPLEMENTATIONS = YES;
				CLANG_WARN_EMPTY_BODY = YES;
				CLANG_WARN_ENUM_CONVERSION = YES;
				CLANG_WARN_INFINITE_RECURSION = YES;
				CLANG_WARN_INT_CONVERSION = YES;
				CLANG_WARN_NON_LITERAL_NULL_CONVERSION = YES;
				CLANG_WARN_OBJC_IMPLICIT_RETAIN_SELF = YES;
				CLANG_WARN_OBJC_LITERAL_CONVERSION = YES;
				CLANG_WARN_RANGE_LOOP_ANALYSIS = YES;
				CLANG_WARN_STRICT_PROTOTYPES = YES;
				CLANG_WARN_SUSPICIOUS_MOVE = YES;
				CLANG_WARN_UNREACHABLE_CODE = YES;
				CLANG_WARN__DUPLICATE_METHOD_MATCH = YES;
				ENABLE_STRICT_OBJC_MSGSEND = YES;
				ENABLE_TESTABILITY = YES;
				GCC_C_LANGUAGE_STANDARD = c99;
				GCC_NO_COMMON_BLOCKS = YES;
				GCC_THUMB_SUPPORT = NO;
				GCC_VERSION = "";
				GCC_WARN_64_TO_32_BIT_CONVERSION = YES;
				GCC_WARN_ABOUT_RETURN_TYPE = YES;
				GCC_WARN_UNDECLARED_SELECTOR = YES;
				GCC_WARN_UNINITIALIZED_AUTOS = YES;
				GCC_WARN_UNUSED_FUNCTION = YES;
				GCC_WARN_UNUSED_VARIABLE = YES;
				ONLY_ACTIVE_ARCH = YES;
				SDKROOT = iphoneos;
				SKIP_INSTALL = NO;
				WK_WEB_VIEW_ONLY = 0;
				PRODUCT_BUNDLE_IDENTIFIER = com.ahmar.id.absensifmipa;
			};
			name = Debug;
		};
		C01FCF5008A954540054247B /* Release */ = {
			isa = XCBuildConfiguration;
			baseConfigurationReference = 3047A5111AB8059700498E2A /* build.xcconfig */;
			buildSettings = {
				CLANG_ENABLE_MODULES = YES;
				CLANG_ENABLE_OBJC_ARC = YES;
				CLANG_WARN_BLOCK_CAPTURE_AUTORELEASING = YES;
				CLANG_WARN_BOOL_CONVERSION = YES;
				CLANG_WARN_COMMA = YES;
				CLANG_WARN_CONSTANT_CONVERSION = YES;
				CLANG_WARN_DEPRECATED_OBJC_IMPLEMENTATIONS = YES;
				CLANG_WARN_EMPTY_BODY = YES;
				CLANG_WARN_ENUM_CONVERSION = YES;
				CLANG_WARN_INFINITE_RECURSION = YES;
				CLANG_WARN_INT_CONVERSION = YES;
				CLANG_WARN_NON_LITERAL_NULL_CONVERSION = YES;
				CLANG_WARN_OBJC_IMPLICIT_RETAIN_SELF = YES;
				CLANG_WARN_OBJC_LITERAL_CONVERSION = YES;
				CLANG_WARN_RANGE_LOOP_ANALYSIS = YES;
				CLANG_WARN_STRICT_PROTOTYPES = YES;
				CLANG_WARN_SUSPICIOUS_MOVE = YES;
				CLANG_WARN_UNREACHABLE_CODE = YES;
				CLANG_WARN__DUPLICATE_METHOD_MATCH = YES;
				ENABLE_STRICT_OBJC_MSGSEND = YES;
				GCC_C_LANGUAGE_STANDARD = c99;
				GCC_NO_COMMON_BLOCKS = YES;
				GCC_THUMB_SUPPORT = NO;
				GCC_VERSION = "";
				GCC_WARN_64_TO_32_BIT_CONVERSION = YES;
				GCC_WARN_ABOUT_RETURN_TYPE = YES;
				GCC_WARN_UNDECLARED_SELECTOR = YES;
				GCC_WARN_UNINITIALIZED_AUTOS = YES;
				GCC_WARN_UNUSED_FUNCTION = YES;
				GCC_WARN_UNUSED_VARIABLE = YES;
				SDKROOT = iphoneos;
				SKIP_INSTALL = NO;
				WK_WEB_VIEW_ONLY = 0;
				PRODUCT_BUNDLE_IDENTIFIER = com.ahmar.id.absensifmipa;
			};
			name = Release;
		};
/* End XCBuildConfiguration section */

/* Begin XCConfigurationList section */
		1D6058960D05DD3E006BFB54 /* Build configuration list for PBXNativeTarget "eAbsensi FMIPA" */ = {
			isa = XCConfigurationList;
			buildConfigurations = (
				1D6058940D05DD3E006BFB54 /* Debug */,
				1D6058950D05DD3E006BFB54 /* Release */,
			);
			defaultConfigurationIsVisible = 0;
			defaultConfigurationName = Release;
		};
		C01FCF4E08A954540054247B /* Build configuration list for PBXProject "eAbsensi FMIPA" */ = {
			isa = XCConfigurationList;
			buildConfigurations = (
				C01FCF4F08A954540054247B /* Debug */,
				C01FCF5008A954540054247B /* Release */,
			);
			defaultConfigurationIsVisible = 0;
			defaultConfigurationName = Release;
		};
/* End XCConfigurationList section */
	};
	rootObject = 29B97313FDCFA39411CA2CEA /* Project object */;
}
