// !$*UTF8*$!
{
	archiveVersion = 1;
	classes = {
	};
	objectVersion = 46;
	objects = {

/* Begin PBXBuildFile section */
		0207DA581B56EA530066E2B4 /* Images.xcassets in Resources */ = {isa = PBXBuildFile; fileRef = 0207DA571B56EA530066E2B4 /* Images.xcassets */; };
		1D3623260D0F684500981E51 /* AppDelegate.m in Sources */ = {isa = PBXBuildFile; fileRef = 1D3623250D0F684500981E51 /* AppDelegate.m */; };
		1D60589B0D05DD56006BFB54 /* main.m in Sources */ = {isa = PBXBuildFile; fileRef = 29B97316FDCFA39411CA2CEA /* main.m */; };
		301BF552109A68D80062928A /* libCordova.a in Frameworks */ = {isa = PBXBuildFile; fileRef = 301BF535109A57CC0062928A /* libCordova.a */; settings = {ATTRIBUTES = (Required, ); }; };
		302D95F114D2391D003F00A1 /* MainViewController.m in Sources */ = {isa = PBXBuildFile; fileRef = 302D95EF14D2391D003F00A1 /* MainViewController.m */; };
		302D95F214D2391D003F00A1 /* MainViewController.xib in Resources */ = {isa = PBXBuildFile; fileRef = 302D95F014D2391D003F00A1 /* MainViewController.xib */; };
		6AFF5BF91D6E424B00AB3073 /* CDVLaunchScreen.storyboard in Resources */ = {isa = PBXBuildFile; fileRef = 6AFF5BF81D6E424B00AB3073 /* CDVLaunchScreen.storyboard */; };
		8D1771A1DB9D44CDBEE6B273 /* APPBadge.m in Sources */ = {isa = PBXBuildFile; fileRef = 15C7E46C65E8430F99996079 /* APPBadge.m */; };
		E6D43FCAE8A147AA938372C8 /* UIImage+CropScaleOrientation.m in Sources */ = {isa = PBXBuildFile; fileRef = B02FFDDCEBA6478E9FA15C85 /* UIImage+CropScaleOrientation.m */; };
		377117578E274855A42254AA /* CDVCamera.m in Sources */ = {isa = PBXBuildFile; fileRef = 9ABCB9AAE7E1477E8E4C6DC1 /* CDVCamera.m */; };
		F2489933922D4E6FA8552980 /* CDVJpegHeaderWriter.m in Sources */ = {isa = PBXBuildFile; fileRef = 76508E07648747F09E240F43 /* CDVJpegHeaderWriter.m */; };
		6EB0509660DA48CAB0D2929D /* ImageIO.framework in Frameworks */ = {isa = PBXBuildFile; fileRef = 801C0671D4C44BE192BAF017 /* ImageIO.framework */; settings = {ATTRIBUTES = (Weak, ); }; };
		1B310982ECEB4955947B2F3A /* CoreLocation.framework in Frameworks */ = {isa = PBXBuildFile; fileRef = 916183E31BB04D06A95BDF3E /* CoreLocation.framework */; };
		62C18181D7924EF3AAC1BF00 /* AVFoundation.framework in Frameworks */ = {isa = PBXBuildFile; fileRef = 4A7F3283BB14456FB78CFAA8 /* AVFoundation.framework */; };
		DCE0FB21BF12438BA005D8B3 /* CDVDevice.m in Sources */ = {isa = PBXBuildFile; fileRef = C04E3687E8B74FECB36AEEAD /* CDVDevice.m */; };
		318AE86124B646428D29FAC2 /* libz.tbd in Frameworks */ = {isa = PBXBuildFile; fileRef = 6FD43C98DCA94FDE98BA3BC6 /* libz.tbd */; };
		6918DBB673DE4A30A3289230 /* CDVCompass.m in Sources */ = {isa = PBXBuildFile; fileRef = C1B72E90223B43B886F3537B /* CDVCompass.m */; };
		B672BE364A1F40FC9CCBEC71 /* CDVNotification.m in Sources */ = {isa = PBXBuildFile; fileRef = D7B41400F4164929810BFB93 /* CDVNotification.m */; };
		737D85C04DDE44B8AF36D5F2 /* CDVNotification.bundle in Resources */ = {isa = PBXBuildFile; fileRef = 8CB19A0F8454491C91ABCA45 /* CDVNotification.bundle */; };
		495931035C954B6980FC7A17 /* AudioToolbox.framework in Frameworks */ = {isa = PBXBuildFile; fileRef = 856209F693CC4F00B5786AE9 /* AudioToolbox.framework */; settings = {ATTRIBUTES = (Weak, ); }; };
		E398CBF061274EB590D8CDCA /* CDVFile.m in Sources */ = {isa = PBXBuildFile; fileRef = EC19E7381FC5454A805E560D /* CDVFile.m */; };
		BE69195753CF409F81BE50BB /* CDVLocalFilesystem.m in Sources */ = {isa = PBXBuildFile; fileRef = B1B08FB49802452FAF4753F4 /* CDVLocalFilesystem.m */; };
		E9004730133A4C5FB7A4900E /* CDVAssetLibraryFilesystem.m in Sources */ = {isa = PBXBuildFile; fileRef = AF98869D2BA6415BA1B17410 /* CDVAssetLibraryFilesystem.m */; };
		EC79AE74B6B74716AC382418 /* CDVFileTransfer.m in Sources */ = {isa = PBXBuildFile; fileRef = 5C10A10A13D547C9B02B672C /* CDVFileTransfer.m */; };
		B974F3A674254081A41BFECC /* CDVLocation.m in Sources */ = {isa = PBXBuildFile; fileRef = FA4D8893BF534777AAC3D904 /* CDVLocation.m */; };
		5FAC383EC9774FD28FA4EF7D /* PluginObjects.m in Sources */ = {isa = PBXBuildFile; fileRef = 7FF067BA16DB4451B5E1DFEA /* PluginObjects.m */; };
		A7394AFFF0AA4B7899FB4251 /* PluginCircle.m in Sources */ = {isa = PBXBuildFile; fileRef = 4EE1F47012B249B5A8043FBF /* PluginCircle.m */; };
		ACD0B57D5F5F42B5B128E116 /* PluginGeocoder.m in Sources */ = {isa = PBXBuildFile; fileRef = AE48AAEDB84C48249CE57F46 /* PluginGeocoder.m */; };
		97DC75A07D7F4D8B84AB04F9 /* PluginLocationService.m in Sources */ = {isa = PBXBuildFile; fileRef = 9CAEBA8AC69E4790A9183793 /* PluginLocationService.m */; };
		D98C92CECC1E426BBA89D0F3 /* PluginEnvironment.m in Sources */ = {isa = PBXBuildFile; fileRef = F30995EBE2B64F05B2C6034D /* PluginEnvironment.m */; };
		D4CE32E5913346EBAF4BE8FD /* CordovaGoogleMaps.m in Sources */ = {isa = PBXBuildFile; fileRef = 6ECEC40D650C4A18AC888535 /* CordovaGoogleMaps.m */; };
		0859CCA4DC0D47DB8206A198 /* PluginMapViewController.m in Sources */ = {isa = PBXBuildFile; fileRef = 7DE3A2627F00416FA697AC7B /* PluginMapViewController.m */; };
		A42E6E6F6C8946EB8730FA1A /* PluginGroundOverlay.m in Sources */ = {isa = PBXBuildFile; fileRef = F9B11403B7F442AE9C1433D9 /* PluginGroundOverlay.m */; };
		B1B1236295574BE38B91DAA7 /* PluginKmlOverlay.m in Sources */ = {isa = PBXBuildFile; fileRef = 22A1BEAC2F9B432CAE7DDE11 /* PluginKmlOverlay.m */; };
		524B549FC4984A64B3436777 /* PluginMap.m in Sources */ = {isa = PBXBuildFile; fileRef = 94F92A909B0B4A1D891A5C2C /* PluginMap.m */; };
		FD569E65BDE849BFB576FD5A /* PluginMarker.m in Sources */ = {isa = PBXBuildFile; fileRef = F6482053EC6749EEAEFE15EB /* PluginMarker.m */; };
		B942EC9382014311A4705F2A /* PluginUtil.m in Sources */ = {isa = PBXBuildFile; fileRef = 401BAFBFA02F4E399C9BB35A /* PluginUtil.m */; };
		0865F5CF34AA4D89A23DF2A9 /* PluginPolygon.m in Sources */ = {isa = PBXBuildFile; fileRef = D056E9F6F9A94A34A350E925 /* PluginPolygon.m */; };
		7D7333CB6D21488EBD63D31F /* PluginPolyline.m in Sources */ = {isa = PBXBuildFile; fileRef = 120428E5386F4FB4B5D80934 /* PluginPolyline.m */; };
		E4107C35E3E5410D8F4164E9 /* PluginTileProvider.m in Sources */ = {isa = PBXBuildFile; fileRef = A9C762F260D040B9B1892E88 /* PluginTileProvider.m */; };
		9827B6369A68449AA4BB5DB6 /* TBXML.m in Sources */ = {isa = PBXBuildFile; fileRef = 8E806A36286D4057A48ADC76 /* TBXML.m */; };
		889F116E21614317A59DD749 /* PluginTileOverlay.m in Sources */ = {isa = PBXBuildFile; fileRef = B72B5B8341D94A61854569D5 /* PluginTileOverlay.m */; };
		AFFA6E72699A413180F95D0B /* GMSCoordinateBounds+Geometry.m in Sources */ = {isa = PBXBuildFile; fileRef = 5FA6E70436E84A56BE17374E /* GMSCoordinateBounds+Geometry.m */; };
		818A14666D4D40229A867C26 /* MyPluginLayer.m in Sources */ = {isa = PBXBuildFile; fileRef = 14FC999677C745BFB2BD0AE5 /* MyPluginLayer.m */; };
		7A6A5E76D9F1400C9995D19D /* MyPluginScrollView.m in Sources */ = {isa = PBXBuildFile; fileRef = 50AAFF3D9D374321A3DA1003 /* MyPluginScrollView.m */; };
		3DEB9FF94F974257BA4C3296 /* PluginMarkerCluster.m in Sources */ = {isa = PBXBuildFile; fileRef = 82FDE83AAA7D4D2F9108EE73 /* PluginMarkerCluster.m */; };
		119711C5303F45E3BAB0BB59 /* UIImageCache.m in Sources */ = {isa = PBXBuildFile; fileRef = DDCC9D86383B4C939D44EFF4 /* UIImageCache.m */; };
		6D7C257BE83A4935BA4A1FD8 /* PluginStreetViewPanorama.m in Sources */ = {isa = PBXBuildFile; fileRef = CCC811778DF140A48864DBCA /* PluginStreetViewPanorama.m */; };
		7E87091AA7044D6F843CF86A /* PluginStreetViewPanoramaController.m in Sources */ = {isa = PBXBuildFile; fileRef = 1271CF3A7CE74049B9E2A97E /* PluginStreetViewPanoramaController.m */; };
		F925F76BE0084E08B808E18D /* PluginViewController.m in Sources */ = {isa = PBXBuildFile; fileRef = 98436068728C4C83BEF90EA8 /* PluginViewController.m */; };
		8DA6362AD4EB495D9BF9A73E /* pgm_Localizable_en.json in Resources */ = {isa = PBXBuildFile; fileRef = DBD69A74B1C745B790E9BC6C /* pgm_Localizable_en.json */; };
		3FD25AA34CE34C09BA558B4C /* pgm_Localizable_es.json in Resources */ = {isa = PBXBuildFile; fileRef = 8D65F876FE5843CE99D601E2 /* pgm_Localizable_es.json */; };
		4B88796BE6E642889A49EC95 /* pgm_Localizable_ja.json in Resources */ = {isa = PBXBuildFile; fileRef = DCDE51B3BAC24D30B998490C /* pgm_Localizable_ja.json */; };
		46733A41799D44B2A340F538 /* pgm_Localizable_ru.json in Resources */ = {isa = PBXBuildFile; fileRef = 3833AD398ABE4B81A6E7EEFF /* pgm_Localizable_ru.json */; };
		4ADAAF0D7C1D4DF191809469 /* pgm_Localizable_uk.json in Resources */ = {isa = PBXBuildFile; fileRef = 9B3DDCD773B94D4DACE338ED /* pgm_Localizable_uk.json */; };
		C1BF366A13BD4306872B7885 /* pgm_Localizable_pt-BR.json in Resources */ = {isa = PBXBuildFile; fileRef = 257FB4C62E43447A8600C510 /* pgm_Localizable_pt-BR.json */; };
		D6B9F65285FF4262BCDD1C8D /* pgm_Localizable_de.json in Resources */ = {isa = PBXBuildFile; fileRef = 5CDBE4336B6849718EB13F54 /* pgm_Localizable_de.json */; };
		82D59DD23FCB491BB8EEC5D4 /* pgm_Localizable_fr.json in Resources */ = {isa = PBXBuildFile; fileRef = 1215CA539E53411CA68FA490 /* pgm_Localizable_fr.json */; };
		48200915D3C6454B91E80AAC /* pgm_Localizable_hi.json in Resources */ = {isa = PBXBuildFile; fileRef = DA88FC6DFFE743AE9BBFEFE2 /* pgm_Localizable_hi.json */; };
		1EE322E80EDC440596486A43 /* pgm_Localizable_ar.json in Resources */ = {isa = PBXBuildFile; fileRef = 447AC336741E4FE3977A1A67 /* pgm_Localizable_ar.json */; };
		68CE840185504313943D9E51 /* pgm_Localizable_nl.json in Resources */ = {isa = PBXBuildFile; fileRef = BF7DADD114B74624BC2DA6C0 /* pgm_Localizable_nl.json */; };
		B38E7A9977EA4A3893A564B4 /* pgm_Localizable_pl.json in Resources */ = {isa = PBXBuildFile; fileRef = 1523E9AC8B4B4539953DFFF7 /* pgm_Localizable_pl.json */; };
		F9D6EC8752DE4A78B440B2C6 /* pgm_Localizable_da.json in Resources */ = {isa = PBXBuildFile; fileRef = 25238E381A6B42E3A351323E /* pgm_Localizable_da.json */; };
		F073E7146ABC4F36A8702784 /* pgm_Localizable_vi.json in Resources */ = {isa = PBXBuildFile; fileRef = 5182D89491194FEBA5E92214 /* pgm_Localizable_vi.json */; };
		F7F1F336CEF9428EB3A80B5C /* CDVInAppBrowser.m in Sources */ = {isa = PBXBuildFile; fileRef = 509EB56E0CA84ACB9064CE87 /* CDVInAppBrowser.m */; };
		A7A6C0931C004E1BBC595B1D /* APPLocalNotification.m in Sources */ = {isa = PBXBuildFile; fileRef = 9A248B87EBA74699A8CC6BF5 /* APPLocalNotification.m */; };
		A8D2E92AECC34B66A66FB001 /* APPNotificationContent.m in Sources */ = {isa = PBXBuildFile; fileRef = A9D740FF1F4048AF87F492CF /* APPNotificationContent.m */; };
		E222EDAA6931450C968BDAE8 /* APPNotificationOptions.m in Sources */ = {isa = PBXBuildFile; fileRef = 8FC4BDD289EA41D997FC4F74 /* APPNotificationOptions.m */; };
		F7613FBCCF504C74B3973440 /* UNUserNotificationCenter+APPLocalNotification.m in Sources */ = {isa = PBXBuildFile; fileRef = F160EA88ADCC46A7AF1E4E56 /* UNUserNotificationCenter+APPLocalNotification.m */; };
		432992502AC5461AA3505929 /* UNNotificationRequest+APPLocalNotification.m in Sources */ = {isa = PBXBuildFile; fileRef = 53C858B0263643919A2ED4E2 /* UNNotificationRequest+APPLocalNotification.m */; };
		9A28D7953B7641F08F73CE71 /* UserNotifications.framework in Frameworks */ = {isa = PBXBuildFile; fileRef = 9A93085A11E245E99C65C6C1 /* UserNotifications.framework */; };
		A08C6AE79AF54BD6A8EDE661 /* CDVCapture.m in Sources */ = {isa = PBXBuildFile; fileRef = 4631BD2D6F6646339403B93A /* CDVCapture.m */; };
		D30E67D5A54F44AB9C0EE6E0 /* CDVCapture.bundle in Resources */ = {isa = PBXBuildFile; fileRef = 3591A1EF0F0C4213BCE5669E /* CDVCapture.bundle */; };
		87F3776D230E4E6584318B6D /* CDVConnection.m in Sources */ = {isa = PBXBuildFile; fileRef = 3DA7EF8C3B5047FFA43ECDE0 /* CDVConnection.m */; };
		D396A307A414465BBD7B3E12 /* CDVReachability.m in Sources */ = {isa = PBXBuildFile; fileRef = 5E2C1274288D43A88AA5AFD9 /* CDVReachability.m */; };
		19B467BD2FD74525A522302A /* SystemConfiguration.framework in Frameworks */ = {isa = PBXBuildFile; fileRef = 4FA08D2BE45F40859FEB66B6 /* SystemConfiguration.framework */; settings = {ATTRIBUTES = (Weak, ); }; };
		1D0CBEE9A95243D0B42859C0 /* CoreTelephony.framework in Frameworks */ = {isa = PBXBuildFile; fileRef = CA74022E7A7C4433AC0A0106 /* CoreTelephony.framework */; };
		1166728502604FFB95C2640C /* SaveImage.m in Sources */ = {isa = PBXBuildFile; fileRef = 2D5C70FEE49B42D78EECEBD3 /* SaveImage.m */; settings = {COMPILER_FLAGS = "-fno-objc-arc"; }; };
		91AE30EBA7B440E4AD726430 /* CDVOrientation.m in Sources */ = {isa = PBXBuildFile; fileRef = B8336337D7E34D95BF3DCB4C /* CDVOrientation.m */; };
		6FC113EF43434E3289547F6C /* CDVTTS.m in Sources */ = {isa = PBXBuildFile; fileRef = 0B130439B9C94AC7B6A846E6 /* CDVTTS.m */; };
		BDC3E1515B4245E481E4E697 /* CDVVibration.m in Sources */ = {isa = PBXBuildFile; fileRef = CFDC6773AC7A4DDCBDB1F17A /* CDVVibration.m */; };
		E7AA077351F8440C92D65B53 /* UICKeyChainStore.m in Sources */ = {isa = PBXBuildFile; fileRef = CEB81798C855422EA3512376 /* UICKeyChainStore.m */; };
		EF338282D34B460DB4163ACF /* CDVUniqueDeviceID.m in Sources */ = {isa = PBXBuildFile; fileRef = 555A147116F94440A9EFFDE9 /* CDVUniqueDeviceID.m */; };
		39E05DFCF2644884AE666925 /* Security.framework in Frameworks */ = {isa = PBXBuildFile; fileRef = A999975CE5324E88B2A0D8E7 /* Security.framework */; };
/* End PBXBuildFile section */

/* Begin PBXContainerItemProxy section */
		301BF534109A57CC0062928A /* PBXContainerItemProxy */ = {
			isa = PBXContainerItemProxy;
			containerPortal = 301BF52D109A57CC0062928A /* CordovaLib.xcodeproj */;
			proxyType = 2;
			remoteGlobalIDString = D2AAC07E0554694100DB518D;
			remoteInfo = CordovaLib;
		};
		301BF550109A68C00062928A /* PBXContainerItemProxy */ = {
			isa = PBXContainerItemProxy;
			containerPortal = 301BF52D109A57CC0062928A /* CordovaLib.xcodeproj */;
			proxyType = 1;
			remoteGlobalIDString = D2AAC07D0554694100DB518D;
			remoteInfo = CordovaLib;
		};
		907D8123214C687600058A10 /* PBXContainerItemProxy */ = {
			isa = PBXContainerItemProxy;
			containerPortal = 301BF52D109A57CC0062928A /* CordovaLib.xcodeproj */;
			proxyType = 2;
			remoteGlobalIDString = C0C01EB21E3911D50056E6CB;
			remoteInfo = Cordova;
		};
/* End PBXContainerItemProxy section */

/* Begin PBXFileReference section */
		0207DA571B56EA530066E2B4 /* Images.xcassets */ = {isa = PBXFileReference; lastKnownFileType = folder.assetcatalog; name = Images.xcassets; path = "eAbsensi FMIPA/Images.xcassets"; sourceTree = SOURCE_ROOT; };
		1D3623240D0F684500981E51 /* AppDelegate.h */ = {isa = PBXFileReference; fileEncoding = 4; lastKnownFileType = sourcecode.c.h; path = AppDelegate.h; sourceTree = "<group>"; };
		1D3623250D0F684500981E51 /* AppDelegate.m */ = {isa = PBXFileReference; fileEncoding = 4; lastKnownFileType = sourcecode.c.objc; path = AppDelegate.m; sourceTree = "<group>"; };
		1D6058910D05DD3D006BFB54 /* eAbsensi FMIPA.app */ = {isa = PBXFileReference; explicitFileType = wrapper.application; includeInIndex = 0; path = "eAbsensi FMIPA.app"; sourceTree = BUILT_PRODUCTS_DIR; };
		29B97316FDCFA39411CA2CEA /* main.m */ = {isa = PBXFileReference; fileEncoding = 4; lastKnownFileType = sourcecode.c.objc; path = main.m; sourceTree = "<group>"; };
		301BF52D109A57CC0062928A /* CordovaLib.xcodeproj */ = {isa = PBXFileReference; lastKnownFileType = "wrapper.pb-project"; name = CordovaLib.xcodeproj; path = CordovaLib/CordovaLib.xcodeproj; sourceTree = "<group>"; };
		301BF56E109A69640062928A /* www */ = {isa = PBXFileReference; lastKnownFileType = folder; path = www; sourceTree = SOURCE_ROOT; };
		302D95EE14D2391D003F00A1 /* MainViewController.h */ = {isa = PBXFileReference; fileEncoding = 4; lastKnownFileType = sourcecode.c.h; path = MainViewController.h; sourceTree = "<group>"; };
		302D95EF14D2391D003F00A1 /* MainViewController.m */ = {isa = PBXFileReference; fileEncoding = 4; lastKnownFileType = sourcecode.c.objc; path = MainViewController.m; sourceTree = "<group>"; };
		302D95F014D2391D003F00A1 /* MainViewController.xib */ = {isa = PBXFileReference; fileEncoding = 4; lastKnownFileType = file.xib; path = MainViewController.xib; sourceTree = "<group>"; };
		3047A50F1AB8059700498E2A /* build-debug.xcconfig */ = {isa = PBXFileReference; fileEncoding = 4; lastKnownFileType = text.xcconfig; name = "build-debug.xcconfig"; path = "cordova/build-debug.xcconfig"; sourceTree = SOURCE_ROOT; };
		3047A5101AB8059700498E2A /* build-release.xcconfig */ = {isa = PBXFileReference; fileEncoding = 4; lastKnownFileType = text.xcconfig; name = "build-release.xcconfig"; path = "cordova/build-release.xcconfig"; sourceTree = SOURCE_ROOT; };
		3047A5111AB8059700498E2A /* build.xcconfig */ = {isa = PBXFileReference; fileEncoding = 4; lastKnownFileType = text.xcconfig; name = build.xcconfig; path = cordova/build.xcconfig; sourceTree = SOURCE_ROOT; };
		32CA4F630368D1EE00C91783 /* eAbsensi FMIPA-Prefix.pch */ = {isa = PBXFileReference; fileEncoding = 4; lastKnownFileType = sourcecode.c.h; path = "eAbsensi FMIPA-Prefix.pch"; sourceTree = "<group>"; };
		6AFF5BF81D6E424B00AB3073 /* CDVLaunchScreen.storyboard */ = {isa = PBXFileReference; fileEncoding = 4; lastKnownFileType = file.storyboard; name = CDVLaunchScreen.storyboard; path = "eAbsensi FMIPA/CDVLaunchScreen.storyboard"; sourceTree = SOURCE_ROOT; };
		8D1107310486CEB800E47090 /* eAbsensi FMIPA-Info.plist */ = {isa = PBXFileReference; fileEncoding = 4; lastKnownFileType = text.plist.xml; name = "eAbsensi FMIPA-Info.plist"; path = "eAbsensi FMIPA/eAbsensi FMIPA-Info.plist"; plistStructureDefinitionIdentifier = "com.apple.xcode.plist.structure-definition.iphone.info-plist"; sourceTree = SOURCE_ROOT; };
		EB87FDF31871DA8E0020F90C /* www */ = {isa = PBXFileReference; lastKnownFileType = folder; name = www; path = ../../www; sourceTree = "<group>"; };
		EB87FDF41871DAF40020F90C /* config.xml */ = {isa = PBXFileReference; lastKnownFileType = text.xml; name = config.xml; path = ../../config.xml; sourceTree = "<group>"; };
		ED33DF2A687741AEAF9F8254 /* Bridging-Header.h */ = {isa = PBXFileReference; fileEncoding = 4; lastKnownFileType = sourcecode.c.h; name = "Bridging-Header.h"; path = "Bridging-Header.h"; sourceTree = "<group>"; };
		F840E1F0165FE0F500CFE078 /* config.xml */ = {isa = PBXFileReference; lastKnownFileType = text.xml; name = config.xml; path = "eAbsensi FMIPA/config.xml"; sourceTree = "<group>"; };
		15C7E46C65E8430F99996079 /* APPBadge.m */ = {isa = PBXFileReference; name = "APPBadge.m"; path = "cordova-plugin-badge/APPBadge.m"; sourceTree = "<group>"; fileEncoding = 4; lastKnownFileType = sourcecode.c.objc; explicitFileType = undefined; includeInIndex = 0; };
		E39B377240A045CBB7DDDFF0 /* APPBadge.h */ = {isa = PBXFileReference; name = "APPBadge.h"; path = "cordova-plugin-badge/APPBadge.h"; sourceTree = "<group>"; fileEncoding = 4; lastKnownFileType = sourcecode.c.h; explicitFileType = undefined; includeInIndex = 0; };
		B02FFDDCEBA6478E9FA15C85 /* UIImage+CropScaleOrientation.m */ = {isa = PBXFileReference; name = "UIImage+CropScaleOrientation.m"; path = "cordova-plugin-camera/UIImage+CropScaleOrientation.m"; sourceTree = "<group>"; fileEncoding = 4; lastKnownFileType = sourcecode.c.objc; explicitFileType = undefined; includeInIndex = 0; };
		9ABCB9AAE7E1477E8E4C6DC1 /* CDVCamera.m */ = {isa = PBXFileReference; name = "CDVCamera.m"; path = "cordova-plugin-camera/CDVCamera.m"; sourceTree = "<group>"; fileEncoding = 4; lastKnownFileType = sourcecode.c.objc; explicitFileType = undefined; includeInIndex = 0; };
		76508E07648747F09E240F43 /* CDVJpegHeaderWriter.m */ = {isa = PBXFileReference; name = "CDVJpegHeaderWriter.m"; path = "cordova-plugin-camera/CDVJpegHeaderWriter.m"; sourceTree = "<group>"; fileEncoding = 4; lastKnownFileType = sourcecode.c.objc; explicitFileType = undefined; includeInIndex = 0; };
		59ADE78CB99C446196075020 /* UIImage+CropScaleOrientation.h */ = {isa = PBXFileReference; name = "UIImage+CropScaleOrientation.h"; path = "cordova-plugin-camera/UIImage+CropScaleOrientation.h"; sourceTree = "<group>"; fileEncoding = 4; lastKnownFileType = sourcecode.c.h; explicitFileType = undefined; includeInIndex = 0; };
		52656A95D9BF42DC9A48497F /* CDVCamera.h */ = {isa = PBXFileReference; name = "CDVCamera.h"; path = "cordova-plugin-camera/CDVCamera.h"; sourceTree = "<group>"; fileEncoding = 4; lastKnownFileType = sourcecode.c.h; explicitFileType = undefined; includeInIndex = 0; };
		DAD9998083A44A888DAF23E5 /* CDVJpegHeaderWriter.h */ = {isa = PBXFileReference; name = "CDVJpegHeaderWriter.h"; path = "cordova-plugin-camera/CDVJpegHeaderWriter.h"; sourceTree = "<group>"; fileEncoding = 4; lastKnownFileType = sourcecode.c.h; explicitFileType = undefined; includeInIndex = 0; };
		EE324CF8B9674A62BC091DEA /* CDVExif.h */ = {isa = PBXFileReference; name = "CDVExif.h"; path = "cordova-plugin-camera/CDVExif.h"; sourceTree = "<group>"; fileEncoding = 4; lastKnownFileType = sourcecode.c.h; explicitFileType = undefined; includeInIndex = 0; };
		801C0671D4C44BE192BAF017 /* ImageIO.framework */ = {isa = PBXFileReference; name = "ImageIO.framework"; path = "System/Library/Frameworks/ImageIO.framework"; sourceTree = SDKROOT; fileEncoding = undefined; lastKnownFileType = wrapper.framework; explicitFileType = undefined; includeInIndex = 0; };
		916183E31BB04D06A95BDF3E /* CoreLocation.framework */ = {isa = PBXFileReference; name = "CoreLocation.framework"; path = "System/Library/Frameworks/CoreLocation.framework"; sourceTree = SDKROOT; fileEncoding = undefined; lastKnownFileType = wrapper.framework; explicitFileType = undefined; includeInIndex = 0; };
		4A7F3283BB14456FB78CFAA8 /* AVFoundation.framework */ = {isa = PBXFileReference; name = "AVFoundation.framework"; path = "System/Library/Frameworks/AVFoundation.framework"; sourceTree = SDKROOT; fileEncoding = undefined; lastKnownFileType = wrapper.framework; explicitFileType = undefined; includeInIndex = 0; };
		C04E3687E8B74FECB36AEEAD /* CDVDevice.m */ = {isa = PBXFileReference; name = "CDVDevice.m"; path = "cordova-plugin-device/CDVDevice.m"; sourceTree = "<group>"; fileEncoding = 4; lastKnownFileType = sourcecode.c.objc; explicitFileType = undefined; includeInIndex = 0; };
		42A9A54E5B204D85B39F37CE /* CDVDevice.h */ = {isa = PBXFileReference; name = "CDVDevice.h"; path = "cordova-plugin-device/CDVDevice.h"; sourceTree = "<group>"; fileEncoding = 4; lastKnownFileType = sourcecode.c.h; explicitFileType = undefined; includeInIndex = 0; };
		6FD43C98DCA94FDE98BA3BC6 /* libz.tbd */ = {isa = PBXFileReference; name = "libz.tbd"; path = "usr/lib/libz.tbd"; sourceTree = SDKROOT; fileEncoding = undefined; lastKnownFileType = sourcecode.text-based-dylib-definition; explicitFileType = undefined; includeInIndex = 0; };
		C1B72E90223B43B886F3537B /* CDVCompass.m */ = {isa = PBXFileReference; name = "CDVCompass.m"; path = "cordova-plugin-device-orientation/CDVCompass.m"; sourceTree = "<group>"; fileEncoding = 4; lastKnownFileType = sourcecode.c.objc; explicitFileType = undefined; includeInIndex = 0; };
		28A6E74761D74D359C4E0A8C /* CDVCompass.h */ = {isa = PBXFileReference; name = "CDVCompass.h"; path = "cordova-plugin-device-orientation/CDVCompass.h"; sourceTree = "<group>"; fileEncoding = 4; lastKnownFileType = sourcecode.c.h; explicitFileType = undefined; includeInIndex = 0; };
		D7B41400F4164929810BFB93 /* CDVNotification.m */ = {isa = PBXFileReference; name = "CDVNotification.m"; path = "cordova-plugin-dialogs/CDVNotification.m"; sourceTree = "<group>"; fileEncoding = 4; lastKnownFileType = sourcecode.c.objc; explicitFileType = undefined; includeInIndex = 0; };
		62CA2435935046F6B078B6D5 /* CDVNotification.h */ = {isa = PBXFileReference; name = "CDVNotification.h"; path = "cordova-plugin-dialogs/CDVNotification.h"; sourceTree = "<group>"; fileEncoding = 4; lastKnownFileType = sourcecode.c.h; explicitFileType = undefined; includeInIndex = 0; };
		8CB19A0F8454491C91ABCA45 /* CDVNotification.bundle */ = {isa = PBXFileReference; name = "CDVNotification.bundle"; path = "CDVNotification.bundle"; sourceTree = "<group>"; fileEncoding = undefined; lastKnownFileType = wrapper.plug-in; explicitFileType = undefined; includeInIndex = 0; };
		856209F693CC4F00B5786AE9 /* AudioToolbox.framework */ = {isa = PBXFileReference; name = "AudioToolbox.framework"; path = "System/Library/Frameworks/AudioToolbox.framework"; sourceTree = SDKROOT; fileEncoding = undefined; lastKnownFileType = wrapper.framework; explicitFileType = undefined; includeInIndex = 0; };
		EC19E7381FC5454A805E560D /* CDVFile.m */ = {isa = PBXFileReference; name = "CDVFile.m"; path = "cordova-plugin-file/CDVFile.m"; sourceTree = "<group>"; fileEncoding = 4; lastKnownFileType = sourcecode.c.objc; explicitFileType = undefined; includeInIndex = 0; };
		B1B08FB49802452FAF4753F4 /* CDVLocalFilesystem.m */ = {isa = PBXFileReference; name = "CDVLocalFilesystem.m"; path = "cordova-plugin-file/CDVLocalFilesystem.m"; sourceTree = "<group>"; fileEncoding = 4; lastKnownFileType = sourcecode.c.objc; explicitFileType = undefined; includeInIndex = 0; };
		AF98869D2BA6415BA1B17410 /* CDVAssetLibraryFilesystem.m */ = {isa = PBXFileReference; name = "CDVAssetLibraryFilesystem.m"; path = "cordova-plugin-file/CDVAssetLibraryFilesystem.m"; sourceTree = "<group>"; fileEncoding = 4; lastKnownFileType = sourcecode.c.objc; explicitFileType = undefined; includeInIndex = 0; };
		C23B5995BDD24867A7161EA5 /* CDVFile.h */ = {isa = PBXFileReference; name = "CDVFile.h"; path = "cordova-plugin-file/CDVFile.h"; sourceTree = "<group>"; fileEncoding = 4; lastKnownFileType = sourcecode.c.h; explicitFileType = undefined; includeInIndex = 0; };
		D28C94C69FBC4D47813AF69E /* CDVLocalFilesystem.h */ = {isa = PBXFileReference; name = "CDVLocalFilesystem.h"; path = "cordova-plugin-file/CDVLocalFilesystem.h"; sourceTree = "<group>"; fileEncoding = 4; lastKnownFileType = sourcecode.c.h; explicitFileType = undefined; includeInIndex = 0; };
		2B4AAD8D0BC94C42B79B3242 /* CDVAssetLibraryFilesystem.h */ = {isa = PBXFileReference; name = "CDVAssetLibraryFilesystem.h"; path = "cordova-plugin-file/CDVAssetLibraryFilesystem.h"; sourceTree = "<group>"; fileEncoding = 4; lastKnownFileType = sourcecode.c.h; explicitFileType = undefined; includeInIndex = 0; };
		5C10A10A13D547C9B02B672C /* CDVFileTransfer.m */ = {isa = PBXFileReference; name = "CDVFileTransfer.m"; path = "cordova-plugin-file-transfer/CDVFileTransfer.m"; sourceTree = "<group>"; fileEncoding = 4; lastKnownFileType = sourcecode.c.objc; explicitFileType = undefined; includeInIndex = 0; };
		186CF1D38E1E4F528FDEA158 /* CDVFileTransfer.h */ = {isa = PBXFileReference; name = "CDVFileTransfer.h"; path = "cordova-plugin-file-transfer/CDVFileTransfer.h"; sourceTree = "<group>"; fileEncoding = 4; lastKnownFileType = sourcecode.c.h; explicitFileType = undefined; includeInIndex = 0; };
		FA4D8893BF534777AAC3D904 /* CDVLocation.m */ = {isa = PBXFileReference; name = "CDVLocation.m"; path = "cordova-plugin-geolocation/CDVLocation.m"; sourceTree = "<group>"; fileEncoding = 4; lastKnownFileType = sourcecode.c.objc; explicitFileType = undefined; includeInIndex = 0; };
		2ADBAB0B07A64AE3AEB8F96F /* CDVLocation.h */ = {isa = PBXFileReference; name = "CDVLocation.h"; path = "cordova-plugin-geolocation/CDVLocation.h"; sourceTree = "<group>"; fileEncoding = 4; lastKnownFileType = sourcecode.c.h; explicitFileType = undefined; includeInIndex = 0; };
		7FF067BA16DB4451B5E1DFEA /* PluginObjects.m */ = {isa = PBXFileReference; name = "PluginObjects.m"; path = "cordova-plugin-googlemaps/PluginObjects.m"; sourceTree = "<group>"; fileEncoding = 4; lastKnownFileType = sourcecode.c.objc; explicitFileType = undefined; includeInIndex = 0; };
		4EE1F47012B249B5A8043FBF /* PluginCircle.m */ = {isa = PBXFileReference; name = "PluginCircle.m"; path = "cordova-plugin-googlemaps/PluginCircle.m"; sourceTree = "<group>"; fileEncoding = 4; lastKnownFileType = sourcecode.c.objc; explicitFileType = undefined; includeInIndex = 0; };
		AE48AAEDB84C48249CE57F46 /* PluginGeocoder.m */ = {isa = PBXFileReference; name = "PluginGeocoder.m"; path = "cordova-plugin-googlemaps/PluginGeocoder.m"; sourceTree = "<group>"; fileEncoding = 4; lastKnownFileType = sourcecode.c.objc; explicitFileType = undefined; includeInIndex = 0; };
		9CAEBA8AC69E4790A9183793 /* PluginLocationService.m */ = {isa = PBXFileReference; name = "PluginLocationService.m"; path = "cordova-plugin-googlemaps/PluginLocationService.m"; sourceTree = "<group>"; fileEncoding = 4; lastKnownFileType = sourcecode.c.objc; explicitFileType = undefined; includeInIndex = 0; };
		F30995EBE2B64F05B2C6034D /* PluginEnvironment.m */ = {isa = PBXFileReference; name = "PluginEnvironment.m"; path = "cordova-plugin-googlemaps/PluginEnvironment.m"; sourceTree = "<group>"; fileEncoding = 4; lastKnownFileType = sourcecode.c.objc; explicitFileType = undefined; includeInIndex = 0; };
		6ECEC40D650C4A18AC888535 /* CordovaGoogleMaps.m */ = {isa = PBXFileReference; name = "CordovaGoogleMaps.m"; path = "cordova-plugin-googlemaps/CordovaGoogleMaps.m"; sourceTree = "<group>"; fileEncoding = 4; lastKnownFileType = sourcecode.c.objc; explicitFileType = undefined; includeInIndex = 0; };
		7DE3A2627F00416FA697AC7B /* PluginMapViewController.m */ = {isa = PBXFileReference; name = "PluginMapViewController.m"; path = "cordova-plugin-googlemaps/PluginMapViewController.m"; sourceTree = "<group>"; fileEncoding = 4; lastKnownFileType = sourcecode.c.objc; explicitFileType = undefined; includeInIndex = 0; };
		F9B11403B7F442AE9C1433D9 /* PluginGroundOverlay.m */ = {isa = PBXFileReference; name = "PluginGroundOverlay.m"; path = "cordova-plugin-googlemaps/PluginGroundOverlay.m"; sourceTree = "<group>"; fileEncoding = 4; lastKnownFileType = sourcecode.c.objc; explicitFileType = undefined; includeInIndex = 0; };
		22A1BEAC2F9B432CAE7DDE11 /* PluginKmlOverlay.m */ = {isa = PBXFileReference; name = "PluginKmlOverlay.m"; path = "cordova-plugin-googlemaps/PluginKmlOverlay.m"; sourceTree = "<group>"; fileEncoding = 4; lastKnownFileType = sourcecode.c.objc; explicitFileType = undefined; includeInIndex = 0; };
		94F92A909B0B4A1D891A5C2C /* PluginMap.m */ = {isa = PBXFileReference; name = "PluginMap.m"; path = "cordova-plugin-googlemaps/PluginMap.m"; sourceTree = "<group>"; fileEncoding = 4; lastKnownFileType = sourcecode.c.objc; explicitFileType = undefined; includeInIndex = 0; };
		F6482053EC6749EEAEFE15EB /* PluginMarker.m */ = {isa = PBXFileReference; name = "PluginMarker.m"; path = "cordova-plugin-googlemaps/PluginMarker.m"; sourceTree = "<group>"; fileEncoding = 4; lastKnownFileType = sourcecode.c.objc; explicitFileType = undefined; includeInIndex = 0; };
		401BAFBFA02F4E399C9BB35A /* PluginUtil.m */ = {isa = PBXFileReference; name = "PluginUtil.m"; path = "cordova-plugin-googlemaps/PluginUtil.m"; sourceTree = "<group>"; fileEncoding = 4; lastKnownFileType = sourcecode.c.objc; explicitFileType = undefined; includeInIndex = 0; };
		D056E9F6F9A94A34A350E925 /* PluginPolygon.m */ = {isa = PBXFileReference; name = "PluginPolygon.m"; path = "cordova-plugin-googlemaps/PluginPolygon.m"; sourceTree = "<group>"; fileEncoding = 4; lastKnownFileType = sourcecode.c.objc; explicitFileType = undefined; includeInIndex = 0; };
		120428E5386F4FB4B5D80934 /* PluginPolyline.m */ = {isa = PBXFileReference; name = "PluginPolyline.m"; path = "cordova-plugin-googlemaps/PluginPolyline.m"; sourceTree = "<group>"; fileEncoding = 4; lastKnownFileType = sourcecode.c.objc; explicitFileType = undefined; includeInIndex = 0; };
		A9C762F260D040B9B1892E88 /* PluginTileProvider.m */ = {isa = PBXFileReference; name = "PluginTileProvider.m"; path = "cordova-plugin-googlemaps/PluginTileProvider.m"; sourceTree = "<group>"; fileEncoding = 4; lastKnownFileType = sourcecode.c.objc; explicitFileType = undefined; includeInIndex = 0; };
		8E806A36286D4057A48ADC76 /* TBXML.m */ = {isa = PBXFileReference; name = "TBXML.m"; path = "cordova-plugin-googlemaps/TBXML.m"; sourceTree = "<group>"; fileEncoding = 4; lastKnownFileType = sourcecode.c.objc; explicitFileType = undefined; includeInIndex = 0; };
		B72B5B8341D94A61854569D5 /* PluginTileOverlay.m */ = {isa = PBXFileReference; name = "PluginTileOverlay.m"; path = "cordova-plugin-googlemaps/PluginTileOverlay.m"; sourceTree = "<group>"; fileEncoding = 4; lastKnownFileType = sourcecode.c.objc; explicitFileType = undefined; includeInIndex = 0; };
		5FA6E70436E84A56BE17374E /* GMSCoordinateBounds+Geometry.m */ = {isa = PBXFileReference; name = "GMSCoordinateBounds+Geometry.m"; path = "cordova-plugin-googlemaps/GMSCoordinateBounds+Geometry.m"; sourceTree = "<group>"; fileEncoding = 4; lastKnownFileType = sourcecode.c.objc; explicitFileType = undefined; includeInIndex = 0; };
		14FC999677C745BFB2BD0AE5 /* MyPluginLayer.m */ = {isa = PBXFileReference; name = "MyPluginLayer.m"; path = "cordova-plugin-googlemaps/MyPluginLayer.m"; sourceTree = "<group>"; fileEncoding = 4; lastKnownFileType = sourcecode.c.objc; explicitFileType = undefined; includeInIndex = 0; };
		50AAFF3D9D374321A3DA1003 /* MyPluginScrollView.m */ = {isa = PBXFileReference; name = "MyPluginScrollView.m"; path = "cordova-plugin-googlemaps/MyPluginScrollView.m"; sourceTree = "<group>"; fileEncoding = 4; lastKnownFileType = sourcecode.c.objc; explicitFileType = undefined; includeInIndex = 0; };
		82FDE83AAA7D4D2F9108EE73 /* PluginMarkerCluster.m */ = {isa = PBXFileReference; name = "PluginMarkerCluster.m"; path = "cordova-plugin-googlemaps/PluginMarkerCluster.m"; sourceTree = "<group>"; fileEncoding = 4; lastKnownFileType = sourcecode.c.objc; explicitFileType = undefined; includeInIndex = 0; };
		DDCC9D86383B4C939D44EFF4 /* UIImageCache.m */ = {isa = PBXFileReference; name = "UIImageCache.m"; path = "cordova-plugin-googlemaps/UIImageCache.m"; sourceTree = "<group>"; fileEncoding = 4; lastKnownFileType = sourcecode.c.objc; explicitFileType = undefined; includeInIndex = 0; };
		CCC811778DF140A48864DBCA /* PluginStreetViewPanorama.m */ = {isa = PBXFileReference; name = "PluginStreetViewPanorama.m"; path = "cordova-plugin-googlemaps/PluginStreetViewPanorama.m"; sourceTree = "<group>"; fileEncoding = 4; lastKnownFileType = sourcecode.c.objc; explicitFileType = undefined; includeInIndex = 0; };
		1271CF3A7CE74049B9E2A97E /* PluginStreetViewPanoramaController.m */ = {isa = PBXFileReference; name = "PluginStreetViewPanoramaController.m"; path = "cordova-plugin-googlemaps/PluginStreetViewPanoramaController.m"; sourceTree = "<group>"; fileEncoding = 4; lastKnownFileType = sourcecode.c.objc; explicitFileType = undefined; includeInIndex = 0; };
		98436068728C4C83BEF90EA8 /* PluginViewController.m */ = {isa = PBXFileReference; name = "PluginViewController.m"; path = "cordova-plugin-googlemaps/PluginViewController.m"; sourceTree = "<group>"; fileEncoding = 4; lastKnownFileType = sourcecode.c.objc; explicitFileType = undefined; includeInIndex = 0; };
		44395E611AF54C27ABB2577D /* PluginObjects.h */ = {isa = PBXFileReference; name = "PluginObjects.h"; path = "cordova-plugin-googlemaps/PluginObjects.h"; sourceTree = "<group>"; fileEncoding = 4; lastKnownFileType = sourcecode.c.h; explicitFileType = undefined; includeInIndex = 0; };
		E6B51D437F3449ACA09DA73C /* PluginCircle.h */ = {isa = PBXFileReference; name = "PluginCircle.h"; path = "cordova-plugin-googlemaps/PluginCircle.h"; sourceTree = "<group>"; fileEncoding = 4; lastKnownFileType = sourcecode.c.h; explicitFileType = undefined; includeInIndex = 0; };
		0CE7B0EB12BD4AFA84DAED69 /* PluginGeocoder.h */ = {isa = PBXFileReference; name = "PluginGeocoder.h"; path = "cordova-plugin-googlemaps/PluginGeocoder.h"; sourceTree = "<group>"; fileEncoding = 4; lastKnownFileType = sourcecode.c.h; explicitFileType = undefined; includeInIndex = 0; };
		B151AD0DD8D04A20A68ED6D9 /* PluginLocationService.h */ = {isa = PBXFileReference; name = "PluginLocationService.h"; path = "cordova-plugin-googlemaps/PluginLocationService.h"; sourceTree = "<group>"; fileEncoding = 4; lastKnownFileType = sourcecode.c.h; explicitFileType = undefined; includeInIndex = 0; };
		D076920B81784739A219B686 /* PluginEnvironment.h */ = {isa = PBXFileReference; name = "PluginEnvironment.h"; path = "cordova-plugin-googlemaps/PluginEnvironment.h"; sourceTree = "<group>"; fileEncoding = 4; lastKnownFileType = sourcecode.c.h; explicitFileType = undefined; includeInIndex = 0; };
		6C1369987B7E455281DEBEB5 /* CordovaGoogleMaps.h */ = {isa = PBXFileReference; name = "CordovaGoogleMaps.h"; path = "cordova-plugin-googlemaps/CordovaGoogleMaps.h"; sourceTree = "<group>"; fileEncoding = 4; lastKnownFileType = sourcecode.c.h; explicitFileType = undefined; includeInIndex = 0; };
		0154FE72DA124CAEA6432EF3 /* PluginMapViewController.h */ = {isa = PBXFileReference; name = "PluginMapViewController.h"; path = "cordova-plugin-googlemaps/PluginMapViewController.h"; sourceTree = "<group>"; fileEncoding = 4; lastKnownFileType = sourcecode.c.h; explicitFileType = undefined; includeInIndex = 0; };
		D1D3ED9E25F849AEBE405E76 /* PluginGroundOverlay.h */ = {isa = PBXFileReference; name = "PluginGroundOverlay.h"; path = "cordova-plugin-googlemaps/PluginGroundOverlay.h"; sourceTree = "<group>"; fileEncoding = 4; lastKnownFileType = sourcecode.c.h; explicitFileType = undefined; includeInIndex = 0; };
		A76ABC66D591422687541763 /* PluginKmlOverlay.h */ = {isa = PBXFileReference; name = "PluginKmlOverlay.h"; path = "cordova-plugin-googlemaps/PluginKmlOverlay.h"; sourceTree = "<group>"; fileEncoding = 4; lastKnownFileType = sourcecode.c.h; explicitFileType = undefined; includeInIndex = 0; };
		D3D7FBB3DF214D3CADB59C69 /* PluginMap.h */ = {isa = PBXFileReference; name = "PluginMap.h"; path = "cordova-plugin-googlemaps/PluginMap.h"; sourceTree = "<group>"; fileEncoding = 4; lastKnownFileType = sourcecode.c.h; explicitFileType = undefined; includeInIndex = 0; };
		BF4C1B2E876F46C58CB2CA1A /* PluginMarker.h */ = {isa = PBXFileReference; name = "PluginMarker.h"; path = "cordova-plugin-googlemaps/PluginMarker.h"; sourceTree = "<group>"; fileEncoding = 4; lastKnownFileType = sourcecode.c.h; explicitFileType = undefined; includeInIndex = 0; };
		D2656B8DBA0045B59C03F1BE /* PluginUtil.h */ = {isa = PBXFileReference; name = "PluginUtil.h"; path = "cordova-plugin-googlemaps/PluginUtil.h"; sourceTree = "<group>"; fileEncoding = 4; lastKnownFileType = sourcecode.c.h; explicitFileType = undefined; includeInIndex = 0; };
		D6776DC82F824EA2A54FABB4 /* PluginPolygon.h */ = {isa = PBXFileReference; name = "PluginPolygon.h"; path = "cordova-plugin-googlemaps/PluginPolygon.h"; sourceTree = "<group>"; fileEncoding = 4; lastKnownFileType = sourcecode.c.h; explicitFileType = undefined; includeInIndex = 0; };
		C8C357E392294F77993C9BAE /* PluginPolyline.h */ = {isa = PBXFileReference; name = "PluginPolyline.h"; path = "cordova-plugin-googlemaps/PluginPolyline.h"; sourceTree = "<group>"; fileEncoding = 4; lastKnownFileType = sourcecode.c.h; explicitFileType = undefined; includeInIndex = 0; };
		E79B3383D04F4A5DA900C7A3 /* PluginTileProvider.h */ = {isa = PBXFileReference; name = "PluginTileProvider.h"; path = "cordova-plugin-googlemaps/PluginTileProvider.h"; sourceTree = "<group>"; fileEncoding = 4; lastKnownFileType = sourcecode.c.h; explicitFileType = undefined; includeInIndex = 0; };
		EB58789DBFEC405E9BF38F5B /* TBXML.h */ = {isa = PBXFileReference; name = "TBXML.h"; path = "cordova-plugin-googlemaps/TBXML.h"; sourceTree = "<group>"; fileEncoding = 4; lastKnownFileType = sourcecode.c.h; explicitFileType = undefined; includeInIndex = 0; };
		8B2F899A35894DF68BA9B434 /* PluginTileOverlay.h */ = {isa = PBXFileReference; name = "PluginTileOverlay.h"; path = "cordova-plugin-googlemaps/PluginTileOverlay.h"; sourceTree = "<group>"; fileEncoding = 4; lastKnownFileType = sourcecode.c.h; explicitFileType = undefined; includeInIndex = 0; };
		9208BD0B640E451F84B5D6FE /* GMSCoordinateBounds+Geometry.h */ = {isa = PBXFileReference; name = "GMSCoordinateBounds+Geometry.h"; path = "cordova-plugin-googlemaps/GMSCoordinateBounds+Geometry.h"; sourceTree = "<group>"; fileEncoding = 4; lastKnownFileType = sourcecode.c.h; explicitFileType = undefined; includeInIndex = 0; };
		A489CBDB872C453282C83226 /* MyPluginLayer.h */ = {isa = PBXFileReference; name = "MyPluginLayer.h"; path = "cordova-plugin-googlemaps/MyPluginLayer.h"; sourceTree = "<group>"; fileEncoding = 4; lastKnownFileType = sourcecode.c.h; explicitFileType = undefined; includeInIndex = 0; };
		1EA3F5C325BB4BB696F1BA8E /* MyPluginScrollView.h */ = {isa = PBXFileReference; name = "MyPluginScrollView.h"; path = "cordova-plugin-googlemaps/MyPluginScrollView.h"; sourceTree = "<group>"; fileEncoding = 4; lastKnownFileType = sourcecode.c.h; explicitFileType = undefined; includeInIndex = 0; };
		A491FB38E0BC492895E64FB1 /* PluginMarkerCluster.h */ = {isa = PBXFileReference; name = "PluginMarkerCluster.h"; path = "cordova-plugin-googlemaps/PluginMarkerCluster.h"; sourceTree = "<group>"; fileEncoding = 4; lastKnownFileType = sourcecode.c.h; explicitFileType = undefined; includeInIndex = 0; };
		191006A42CA14CA193624380 /* UIImageCache.h */ = {isa = PBXFileReference; name = "UIImageCache.h"; path = "cordova-plugin-googlemaps/UIImageCache.h"; sourceTree = "<group>"; fileEncoding = 4; lastKnownFileType = sourcecode.c.h; explicitFileType = undefined; includeInIndex = 0; };
		DA278F6C87B142869F099B9D /* PluginStreetViewPanorama.h */ = {isa = PBXFileReference; name = "PluginStreetViewPanorama.h"; path = "cordova-plugin-googlemaps/PluginStreetViewPanorama.h"; sourceTree = "<group>"; fileEncoding = 4; lastKnownFileType = sourcecode.c.h; explicitFileType = undefined; includeInIndex = 0; };
		28BB1C8F3E1E435B8CD0CC79 /* PluginStreetViewPanoramaController.h */ = {isa = PBXFileReference; name = "PluginStreetViewPanoramaController.h"; path = "cordova-plugin-googlemaps/PluginStreetViewPanoramaController.h"; sourceTree = "<group>"; fileEncoding = 4; lastKnownFileType = sourcecode.c.h; explicitFileType = undefined; includeInIndex = 0; };
		42658B1C617F4814A8A4B2D1 /* PluginViewController.h */ = {isa = PBXFileReference; name = "PluginViewController.h"; path = "cordova-plugin-googlemaps/PluginViewController.h"; sourceTree = "<group>"; fileEncoding = 4; lastKnownFileType = sourcecode.c.h; explicitFileType = undefined; includeInIndex = 0; };
		C9FBFC83FAB24963A7FF24C8 /* IPluginView.h */ = {isa = PBXFileReference; name = "IPluginView.h"; path = "cordova-plugin-googlemaps/IPluginView.h"; sourceTree = "<group>"; fileEncoding = 4; lastKnownFileType = sourcecode.c.h; explicitFileType = undefined; includeInIndex = 0; };
		4400CD6A563C47DBB4EC0867 /* IPluginProtocol.h */ = {isa = PBXFileReference; name = "IPluginProtocol.h"; path = "cordova-plugin-googlemaps/IPluginProtocol.h"; sourceTree = "<group>"; fileEncoding = 4; lastKnownFileType = sourcecode.c.h; explicitFileType = undefined; includeInIndex = 0; };
		DBD69A74B1C745B790E9BC6C /* pgm_Localizable_en.json */ = {isa = PBXFileReference; name = "pgm_Localizable_en.json"; path = "pgm_Localizable_en.json"; sourceTree = "<group>"; fileEncoding = undefined; lastKnownFileType = unknown; explicitFileType = undefined; includeInIndex = 0; };
		8D65F876FE5843CE99D601E2 /* pgm_Localizable_es.json */ = {isa = PBXFileReference; name = "pgm_Localizable_es.json"; path = "pgm_Localizable_es.json"; sourceTree = "<group>"; fileEncoding = undefined; lastKnownFileType = unknown; explicitFileType = undefined; includeInIndex = 0; };
		DCDE51B3BAC24D30B998490C /* pgm_Localizable_ja.json */ = {isa = PBXFileReference; name = "pgm_Localizable_ja.json"; path = "pgm_Localizable_ja.json"; sourceTree = "<group>"; fileEncoding = undefined; lastKnownFileType = unknown; explicitFileType = undefined; includeInIndex = 0; };
		3833AD398ABE4B81A6E7EEFF /* pgm_Localizable_ru.json */ = {isa = PBXFileReference; name = "pgm_Localizable_ru.json"; path = "pgm_Localizable_ru.json"; sourceTree = "<group>"; fileEncoding = undefined; lastKnownFileType = unknown; explicitFileType = undefined; includeInIndex = 0; };
		9B3DDCD773B94D4DACE338ED /* pgm_Localizable_uk.json */ = {isa = PBXFileReference; name = "pgm_Localizable_uk.json"; path = "pgm_Localizable_uk.json"; sourceTree = "<group>"; fileEncoding = undefined; lastKnownFileType = unknown; explicitFileType = undefined; includeInIndex = 0; };
		257FB4C62E43447A8600C510 /* pgm_Localizable_pt-BR.json */ = {isa = PBXFileReference; name = "pgm_Localizable_pt-BR.json"; path = "pgm_Localizable_pt-BR.json"; sourceTree = "<group>"; fileEncoding = undefined; lastKnownFileType = unknown; explicitFileType = undefined; includeInIndex = 0; };
		5CDBE4336B6849718EB13F54 /* pgm_Localizable_de.json */ = {isa = PBXFileReference; name = "pgm_Localizable_de.json"; path = "pgm_Localizable_de.json"; sourceTree = "<group>"; fileEncoding = undefined; lastKnownFileType = unknown; explicitFileType = undefined; includeInIndex = 0; };
		1215CA539E53411CA68FA490 /* pgm_Localizable_fr.json */ = {isa = PBXFileReference; name = "pgm_Localizable_fr.json"; path = "pgm_Localizable_fr.json"; sourceTree = "<group>"; fileEncoding = undefined; lastKnownFileType = unknown; explicitFileType = undefined; includeInIndex = 0; };
		DA88FC6DFFE743AE9BBFEFE2 /* pgm_Localizable_hi.json */ = {isa = PBXFileReference; name = "pgm_Localizable_hi.json"; path = "pgm_Localizable_hi.json"; sourceTree = "<group>"; fileEncoding = undefined; lastKnownFileType = unknown; explicitFileType = undefined; includeInIndex = 0; };
		447AC336741E4FE3977A1A67 /* pgm_Localizable_ar.json */ = {isa = PBXFileReference; name = "pgm_Localizable_ar.json"; path = "pgm_Localizable_ar.json"; sourceTree = "<group>"; fileEncoding = undefined; lastKnownFileType = unknown; explicitFileType = undefined; includeInIndex = 0; };
		BF7DADD114B74624BC2DA6C0 /* pgm_Localizable_nl.json */ = {isa = PBXFileReference; name = "pgm_Localizable_nl.json"; path = "pgm_Localizable_nl.json"; sourceTree = "<group>"; fileEncoding = undefined; lastKnownFileType = unknown; explicitFileType = undefined; includeInIndex = 0; };
		1523E9AC8B4B4539953DFFF7 /* pgm_Localizable_pl.json */ = {isa = PBXFileReference; name = "pgm_Localizable_pl.json"; path = "pgm_Localizable_pl.json"; sourceTree = "<group>"; fileEncoding = undefined; lastKnownFileType = unknown; explicitFileType = undefined; includeInIndex = 0; };
		25238E381A6B42E3A351323E /* pgm_Localizable_da.json */ = {isa = PBXFileReference; name = "pgm_Localizable_da.json"; path = "pgm_Localizable_da.json"; sourceTree = "<group>"; fileEncoding = undefined; lastKnownFileType = unknown; explicitFileType = undefined; includeInIndex = 0; };
		5182D89491194FEBA5E92214 /* pgm_Localizable_vi.json */ = {isa = PBXFileReference; name = "pgm_Localizable_vi.json"; path = "pgm_Localizable_vi.json"; sourceTree = "<group>"; fileEncoding = undefined; lastKnownFileType = unknown; explicitFileType = undefined; includeInIndex = 0; };
		509EB56E0CA84ACB9064CE87 /* CDVInAppBrowser.m */ = {isa = PBXFileReference; name = "CDVInAppBrowser.m"; path = "cordova-plugin-inappbrowser/CDVInAppBrowser.m"; sourceTree = "<group>"; fileEncoding = 4; lastKnownFileType = sourcecode.c.objc; explicitFileType = undefined; includeInIndex = 0; };
		75CB5107CAF84D6E94D6205C /* CDVInAppBrowser.h */ = {isa = PBXFileReference; name = "CDVInAppBrowser.h"; path = "cordova-plugin-inappbrowser/CDVInAppBrowser.h"; sourceTree = "<group>"; fileEncoding = 4; lastKnownFileType = sourcecode.c.h; explicitFileType = undefined; includeInIndex = 0; };
		9A248B87EBA74699A8CC6BF5 /* APPLocalNotification.m */ = {isa = PBXFileReference; name = "APPLocalNotification.m"; path = "cordova-plugin-local-notification/APPLocalNotification.m"; sourceTree = "<group>"; fileEncoding = 4; lastKnownFileType = sourcecode.c.objc; explicitFileType = undefined; includeInIndex = 0; };
		A9D740FF1F4048AF87F492CF /* APPNotificationContent.m */ = {isa = PBXFileReference; name = "APPNotificationContent.m"; path = "cordova-plugin-local-notification/APPNotificationContent.m"; sourceTree = "<group>"; fileEncoding = 4; lastKnownFileType = sourcecode.c.objc; explicitFileType = undefined; includeInIndex = 0; };
		8FC4BDD289EA41D997FC4F74 /* APPNotificationOptions.m */ = {isa = PBXFileReference; name = "APPNotificationOptions.m"; path = "cordova-plugin-local-notification/APPNotificationOptions.m"; sourceTree = "<group>"; fileEncoding = 4; lastKnownFileType = sourcecode.c.objc; explicitFileType = undefined; includeInIndex = 0; };
		F160EA88ADCC46A7AF1E4E56 /* UNUserNotificationCenter+APPLocalNotification.m */ = {isa = PBXFileReference; name = "UNUserNotificationCenter+APPLocalNotification.m"; path = "cordova-plugin-local-notification/UNUserNotificationCenter+APPLocalNotification.m"; sourceTree = "<group>"; fileEncoding = 4; lastKnownFileType = sourcecode.c.objc; explicitFileType = undefined; includeInIndex = 0; };
		53C858B0263643919A2ED4E2 /* UNNotificationRequest+APPLocalNotification.m */ = {isa = PBXFileReference; name = "UNNotificationRequest+APPLocalNotification.m"; path = "cordova-plugin-local-notification/UNNotificationRequest+APPLocalNotification.m"; sourceTree = "<group>"; fileEncoding = 4; lastKnownFileType = sourcecode.c.objc; explicitFileType = undefined; includeInIndex = 0; };
		036BBCD903974C79B6BD8072 /* APPLocalNotification.h */ = {isa = PBXFileReference; name = "APPLocalNotification.h"; path = "cordova-plugin-local-notification/APPLocalNotification.h"; sourceTree = "<group>"; fileEncoding = 4; lastKnownFileType = sourcecode.c.h; explicitFileType = undefined; includeInIndex = 0; };
		9AEF2C253B2C4B998BC37B8A /* APPNotificationContent.h */ = {isa = PBXFileReference; name = "APPNotificationContent.h"; path = "cordova-plugin-local-notification/APPNotificationContent.h"; sourceTree = "<group>"; fileEncoding = 4; lastKnownFileType = sourcecode.c.h; explicitFileType = undefined; includeInIndex = 0; };
		DC5EB519BADB44DCAB548243 /* APPNotificationOptions.h */ = {isa = PBXFileReference; name = "APPNotificationOptions.h"; path = "cordova-plugin-local-notification/APPNotificationOptions.h"; sourceTree = "<group>"; fileEncoding = 4; lastKnownFileType = sourcecode.c.h; explicitFileType = undefined; includeInIndex = 0; };
		D2A388E469A24F5AB69425A9 /* UNUserNotificationCenter+APPLocalNotification.h */ = {isa = PBXFileReference; name = "UNUserNotificationCenter+APPLocalNotification.h"; path = "cordova-plugin-local-notification/UNUserNotificationCenter+APPLocalNotification.h"; sourceTree = "<group>"; fileEncoding = 4; lastKnownFileType = sourcecode.c.h; explicitFileType = undefined; includeInIndex = 0; };
		C90A6D1DC2244090AEDE91EB /* UNNotificationRequest+APPLocalNotification.h */ = {isa = PBXFileReference; name = "UNNotificationRequest+APPLocalNotification.h"; path = "cordova-plugin-local-notification/UNNotificationRequest+APPLocalNotification.h"; sourceTree = "<group>"; fileEncoding = 4; lastKnownFileType = sourcecode.c.h; explicitFileType = undefined; includeInIndex = 0; };
		9A93085A11E245E99C65C6C1 /* UserNotifications.framework */ = {isa = PBXFileReference; name = "UserNotifications.framework"; path = "System/Library/Frameworks/UserNotifications.framework"; sourceTree = SDKROOT; fileEncoding = undefined; lastKnownFileType = wrapper.framework; explicitFileType = undefined; includeInIndex = 0; };
		4631BD2D6F6646339403B93A /* CDVCapture.m */ = {isa = PBXFileReference; name = "CDVCapture.m"; path = "cordova-plugin-media-capture/CDVCapture.m"; sourceTree = "<group>"; fileEncoding = 4; lastKnownFileType = sourcecode.c.objc; explicitFileType = undefined; includeInIndex = 0; };
		CABC031EAAF546FEA55239E1 /* CDVCapture.h */ = {isa = PBXFileReference; name = "CDVCapture.h"; path = "cordova-plugin-media-capture/CDVCapture.h"; sourceTree = "<group>"; fileEncoding = 4; lastKnownFileType = sourcecode.c.h; explicitFileType = undefined; includeInIndex = 0; };
		3591A1EF0F0C4213BCE5669E /* CDVCapture.bundle */ = {isa = PBXFileReference; name = "CDVCapture.bundle"; path = "CDVCapture.bundle"; sourceTree = "<group>"; fileEncoding = undefined; lastKnownFileType = wrapper.plug-in; explicitFileType = undefined; includeInIndex = 0; };
		3DA7EF8C3B5047FFA43ECDE0 /* CDVConnection.m */ = {isa = PBXFileReference; name = "CDVConnection.m"; path = "cordova-plugin-network-information/CDVConnection.m"; sourceTree = "<group>"; fileEncoding = 4; lastKnownFileType = sourcecode.c.objc; explicitFileType = undefined; includeInIndex = 0; };
		5E2C1274288D43A88AA5AFD9 /* CDVReachability.m */ = {isa = PBXFileReference; name = "CDVReachability.m"; path = "cordova-plugin-network-information/CDVReachability.m"; sourceTree = "<group>"; fileEncoding = 4; lastKnownFileType = sourcecode.c.objc; explicitFileType = undefined; includeInIndex = 0; };
		D36C4BEA9C3247369DA969ED /* CDVConnection.h */ = {isa = PBXFileReference; name = "CDVConnection.h"; path = "cordova-plugin-network-information/CDVConnection.h"; sourceTree = "<group>"; fileEncoding = 4; lastKnownFileType = sourcecode.c.h; explicitFileType = undefined; includeInIndex = 0; };
		E56560EED373482F98BFDB11 /* CDVReachability.h */ = {isa = PBXFileReference; name = "CDVReachability.h"; path = "cordova-plugin-network-information/CDVReachability.h"; sourceTree = "<group>"; fileEncoding = 4; lastKnownFileType = sourcecode.c.h; explicitFileType = undefined; includeInIndex = 0; };
		4FA08D2BE45F40859FEB66B6 /* SystemConfiguration.framework */ = {isa = PBXFileReference; name = "SystemConfiguration.framework"; path = "System/Library/Frameworks/SystemConfiguration.framework"; sourceTree = SDKROOT; fileEncoding = undefined; lastKnownFileType = wrapper.framework; explicitFileType = undefined; includeInIndex = 0; };
		CA74022E7A7C4433AC0A0106 /* CoreTelephony.framework */ = {isa = PBXFileReference; name = "CoreTelephony.framework"; path = "System/Library/Frameworks/CoreTelephony.framework"; sourceTree = SDKROOT; fileEncoding = undefined; lastKnownFileType = wrapper.framework; explicitFileType = undefined; includeInIndex = 0; };
		2D5C70FEE49B42D78EECEBD3 /* SaveImage.m */ = {isa = PBXFileReference; name = "SaveImage.m"; path = "cordova-plugin-save-image/SaveImage.m"; sourceTree = "<group>"; fileEncoding = 4; lastKnownFileType = sourcecode.c.objc; explicitFileType = undefined; includeInIndex = 0; };
		4D02704669BC47C4BBCBFB84 /* SaveImage.h */ = {isa = PBXFileReference; name = "SaveImage.h"; path = "cordova-plugin-save-image/SaveImage.h"; sourceTree = "<group>"; fileEncoding = 4; lastKnownFileType = sourcecode.c.h; explicitFileType = undefined; includeInIndex = 0; };
		B8336337D7E34D95BF3DCB4C /* CDVOrientation.m */ = {isa = PBXFileReference; name = "CDVOrientation.m"; path = "cordova-plugin-screen-orientation/CDVOrientation.m"; sourceTree = "<group>"; fileEncoding = 4; lastKnownFileType = sourcecode.c.objc; explicitFileType = undefined; includeInIndex = 0; };
		49238458DB8D423488BFA019 /* CDVOrientation.h */ = {isa = PBXFileReference; name = "CDVOrientation.h"; path = "cordova-plugin-screen-orientation/CDVOrientation.h"; sourceTree = "<group>"; fileEncoding = 4; lastKnownFileType = sourcecode.c.h; explicitFileType = undefined; includeInIndex = 0; };
		0B130439B9C94AC7B6A846E6 /* CDVTTS.m */ = {isa = PBXFileReference; name = "CDVTTS.m"; path = "cordova-plugin-tts/CDVTTS.m"; sourceTree = "<group>"; fileEncoding = 4; lastKnownFileType = sourcecode.c.objc; explicitFileType = undefined; includeInIndex = 0; };
		B477E1BE39CF4A78858777D8 /* CDVTTS.h */ = {isa = PBXFileReference; name = "CDVTTS.h"; path = "cordova-plugin-tts/CDVTTS.h"; sourceTree = "<group>"; fileEncoding = 4; lastKnownFileType = sourcecode.c.h; explicitFileType = undefined; includeInIndex = 0; };
		CFDC6773AC7A4DDCBDB1F17A /* CDVVibration.m */ = {isa = PBXFileReference; name = "CDVVibration.m"; path = "cordova-plugin-vibration/CDVVibration.m"; sourceTree = "<group>"; fileEncoding = 4; lastKnownFileType = sourcecode.c.objc; explicitFileType = undefined; includeInIndex = 0; };
		23AFF8921FDD4906AC218BC6 /* CDVVibration.h */ = {isa = PBXFileReference; name = "CDVVibration.h"; path = "cordova-plugin-vibration/CDVVibration.h"; sourceTree = "<group>"; fileEncoding = 4; lastKnownFileType = sourcecode.c.h; explicitFileType = undefined; includeInIndex = 0; };
		CEB81798C855422EA3512376 /* UICKeyChainStore.m */ = {isa = PBXFileReference; name = "UICKeyChainStore.m"; path = "cordova-unique-device-id/UICKeyChainStore.m"; sourceTree = "<group>"; fileEncoding = 4; lastKnownFileType = sourcecode.c.objc; explicitFileType = undefined; includeInIndex = 0; };
		555A147116F94440A9EFFDE9 /* CDVUniqueDeviceID.m */ = {isa = PBXFileReference; name = "CDVUniqueDeviceID.m"; path = "cordova-unique-device-id/CDVUniqueDeviceID.m"; sourceTree = "<group>"; fileEncoding = 4; lastKnownFileType = sourcecode.c.objc; explicitFileType = undefined; includeInIndex = 0; };
		157584B0D79D46859A0F26BC /* UICKeyChainStore.h */ = {isa = PBXFileReference; name = "UICKeyChainStore.h"; path = "cordova-unique-device-id/UICKeyChainStore.h"; sourceTree = "<group>"; fileEncoding = 4; lastKnownFileType = sourcecode.c.h; explicitFileType = undefined; includeInIndex = 0; };
		FCAE459B72194B4A9BF76AEB /* CDVUniqueDeviceID.h */ = {isa = PBXFileReference; name = "CDVUniqueDeviceID.h"; path = "cordova-unique-device-id/CDVUniqueDeviceID.h"; sourceTree = "<group>"; fileEncoding = 4; lastKnownFileType = sourcecode.c.h; explicitFileType = undefined; includeInIndex = 0; };
		A999975CE5324E88B2A0D8E7 /* Security.framework */ = {isa = PBXFileReference; name = "Security.framework"; path = "System/Library/Frameworks/Security.framework"; sourceTree = SDKROOT; fileEncoding = undefined; lastKnownFileType = wrapper.framework; explicitFileType = undefined; includeInIndex = 0; };
/* End PBXFileReference section */

/* Begin PBXFrameworksBuildPhase section */
		1D60588F0D05DD3D006BFB54 /* Frameworks */ = {
			isa = PBXFrameworksBuildPhase;
			buildActionMask = 2147483647;
			files = (
				301BF552109A68D80062928A /* libCordova.a in Frameworks */,
				6EB0509660DA48CAB0D2929D /* ImageIO.framework in Frameworks */,
				1B310982ECEB4955947B2F3A /* CoreLocation.framework in Frameworks */,
				62C18181D7924EF3AAC1BF00 /* AVFoundation.framework in Frameworks */,
				318AE86124B646428D29FAC2 /* libz.tbd in Frameworks */,
				495931035C954B6980FC7A17 /* AudioToolbox.framework in Frameworks */,
				9A28D7953B7641F08F73CE71 /* UserNotifications.framework in Frameworks */,
				19B467BD2FD74525A522302A /* SystemConfiguration.framework in Frameworks */,
				1D0CBEE9A95243D0B42859C0 /* CoreTelephony.framework in Frameworks */,
				39E05DFCF2644884AE666925 /* Security.framework in Frameworks */,
			);
			runOnlyForDeploymentPostprocessing = 0;
		};
/* End PBXFrameworksBuildPhase section */

/* Begin PBXGroup section */
		080E96DDFE201D6D7F000001 /* Classes */ = {
			isa = PBXGroup;
			children = (
				302D95EE14D2391D003F00A1 /* MainViewController.h */,
				302D95EF14D2391D003F00A1 /* MainViewController.m */,
				302D95F014D2391D003F00A1 /* MainViewController.xib */,
				1D3623240D0F684500981E51 /* AppDelegate.h */,
				1D3623250D0F684500981E51 /* AppDelegate.m */,
			);
			name = Classes;
			path = "eAbsensi FMIPA/Classes";
			sourceTree = SOURCE_ROOT;
		};
		19C28FACFE9D520D11CA2CBB /* Products */ = {
			isa = PBXGroup;
			children = (
				1D6058910D05DD3D006BFB54 /* eAbsensi FMIPA.app */,
			);
			name = Products;
			sourceTree = "<group>";
		};
		29B97314FDCFA39411CA2CEA /* CustomTemplate */ = {
			isa = PBXGroup;
			children = (
				EB87FDF41871DAF40020F90C /* config.xml */,
				EB87FDF31871DA8E0020F90C /* www */,
				EB87FDF11871DA420020F90C /* Staging */,
				301BF52D109A57CC0062928A /* CordovaLib.xcodeproj */,
				080E96DDFE201D6D7F000001 /* Classes */,
				307C750510C5A3420062BCA9 /* Plugins */,
				29B97315FDCFA39411CA2CEA /* Other Sources */,
				29B97317FDCFA39411CA2CEA /* Resources */,
				29B97323FDCFA39411CA2CEA /* Frameworks */,
				19C28FACFE9D520D11CA2CBB /* Products */,
			);
			name = CustomTemplate;
			sourceTree = "<group>";
		};
		29B97315FDCFA39411CA2CEA /* Other Sources */ = {
			isa = PBXGroup;
			children = (
				32CA4F630368D1EE00C91783 /* eAbsensi FMIPA-Prefix.pch */,
				29B97316FDCFA39411CA2CEA /* main.m */,
				ED33DF2A687741AEAF9F8254 /* Bridging-Header.h */,
			);
			name = "Other Sources";
			path = "eAbsensi FMIPA";
			sourceTree = "<group>";
		};
		29B97317FDCFA39411CA2CEA /* Resources */ = {
			isa = PBXGroup;
			children = (
				0207DA571B56EA530066E2B4 /* Images.xcassets */,
				3047A50E1AB8057F00498E2A /* config */,
				8D1107310486CEB800E47090 /* eAbsensi FMIPA-Info.plist */,
				6AFF5BF81D6E424B00AB3073 /* CDVLaunchScreen.storyboard */,
				8CB19A0F8454491C91ABCA45 /* CDVNotification.bundle */,
				DBD69A74B1C745B790E9BC6C /* pgm_Localizable_en.json */,
				8D65F876FE5843CE99D601E2 /* pgm_Localizable_es.json */,
				DCDE51B3BAC24D30B998490C /* pgm_Localizable_ja.json */,
				3833AD398ABE4B81A6E7EEFF /* pgm_Localizable_ru.json */,
				9B3DDCD773B94D4DACE338ED /* pgm_Localizable_uk.json */,
				257FB4C62E43447A8600C510 /* pgm_Localizable_pt-BR.json */,
				5CDBE4336B6849718EB13F54 /* pgm_Localizable_de.json */,
				1215CA539E53411CA68FA490 /* pgm_Localizable_fr.json */,
				DA88FC6DFFE743AE9BBFEFE2 /* pgm_Localizable_hi.json */,
				447AC336741E4FE3977A1A67 /* pgm_Localizable_ar.json */,
				BF7DADD114B74624BC2DA6C0 /* pgm_Localizable_nl.json */,
				1523E9AC8B4B4539953DFFF7 /* pgm_Localizable_pl.json */,
				25238E381A6B42E3A351323E /* pgm_Localizable_da.json */,
				5182D89491194FEBA5E92214 /* pgm_Localizable_vi.json */,
				3591A1EF0F0C4213BCE5669E /* CDVCapture.bundle */,
			);
			name = Resources;
			path = "eAbsensi FMIPA/Resources";
			sourceTree = "<group>";
		};
		29B97323FDCFA39411CA2CEA /* Frameworks */ = {
			isa = PBXGroup;
			children = (
				801C0671D4C44BE192BAF017 /* ImageIO.framework */,
				916183E31BB04D06A95BDF3E /* CoreLocation.framework */,
				4A7F3283BB14456FB78CFAA8 /* AVFoundation.framework */,
				6FD43C98DCA94FDE98BA3BC6 /* libz.tbd */,
				856209F693CC4F00B5786AE9 /* AudioToolbox.framework */,
				9A93085A11E245E99C65C6C1 /* UserNotifications.framework */,
				4FA08D2BE45F40859FEB66B6 /* SystemConfiguration.framework */,
				CA74022E7A7C4433AC0A0106 /* CoreTelephony.framework */,
				A999975CE5324E88B2A0D8E7 /* Security.framework */,
			);
			name = Frameworks;
			sourceTree = "<group>";
		};
		301BF52E109A57CC0062928A /* Products */ = {
			isa = PBXGroup;
			children = (
				301BF535109A57CC0062928A /* libCordova.a */,
				907D8124214C687600058A10 /* Cordova.framework */,
			);
			name = Products;
			sourceTree = "<group>";
		};
		3047A50E1AB8057F00498E2A /* config */ = {
			isa = PBXGroup;
			children = (
				3047A50F1AB8059700498E2A /* build-debug.xcconfig */,
				3047A5101AB8059700498E2A /* build-release.xcconfig */,
				3047A5111AB8059700498E2A /* build.xcconfig */,
			);
			name = config;
			sourceTree = "<group>";
		};
		307C750510C5A3420062BCA9 /* Plugins */ = {
			isa = PBXGroup;
			children = (
				15C7E46C65E8430F99996079 /* APPBadge.m */,
				E39B377240A045CBB7DDDFF0 /* APPBadge.h */,
				B02FFDDCEBA6478E9FA15C85 /* UIImage+CropScaleOrientation.m */,
				9ABCB9AAE7E1477E8E4C6DC1 /* CDVCamera.m */,
				76508E07648747F09E240F43 /* CDVJpegHeaderWriter.m */,
				59ADE78CB99C446196075020 /* UIImage+CropScaleOrientation.h */,
				52656A95D9BF42DC9A48497F /* CDVCamera.h */,
				DAD9998083A44A888DAF23E5 /* CDVJpegHeaderWriter.h */,
				EE324CF8B9674A62BC091DEA /* CDVExif.h */,
				C04E3687E8B74FECB36AEEAD /* CDVDevice.m */,
				42A9A54E5B204D85B39F37CE /* CDVDevice.h */,
				C1B72E90223B43B886F3537B /* CDVCompass.m */,
				28A6E74761D74D359C4E0A8C /* CDVCompass.h */,
				D7B41400F4164929810BFB93 /* CDVNotification.m */,
				62CA2435935046F6B078B6D5 /* CDVNotification.h */,
				EC19E7381FC5454A805E560D /* CDVFile.m */,
				B1B08FB49802452FAF4753F4 /* CDVLocalFilesystem.m */,
				AF98869D2BA6415BA1B17410 /* CDVAssetLibraryFilesystem.m */,
				C23B5995BDD24867A7161EA5 /* CDVFile.h */,
				D28C94C69FBC4D47813AF69E /* CDVLocalFilesystem.h */,
				2B4AAD8D0BC94C42B79B3242 /* CDVAssetLibraryFilesystem.h */,
				5C10A10A13D547C9B02B672C /* CDVFileTransfer.m */,
				186CF1D38E1E4F528FDEA158 /* CDVFileTransfer.h */,
				FA4D8893BF534777AAC3D904 /* CDVLocation.m */,
				2ADBAB0B07A64AE3AEB8F96F /* CDVLocation.h */,
				7FF067BA16DB4451B5E1DFEA /* PluginObjects.m */,
				4EE1F47012B249B5A8043FBF /* PluginCircle.m */,
				AE48AAEDB84C48249CE57F46 /* PluginGeocoder.m */,
				9CAEBA8AC69E4790A9183793 /* PluginLocationService.m */,
				F30995EBE2B64F05B2C6034D /* PluginEnvironment.m */,
				6ECEC40D650C4A18AC888535 /* CordovaGoogleMaps.m */,
				7DE3A2627F00416FA697AC7B /* PluginMapViewController.m */,
				F9B11403B7F442AE9C1433D9 /* PluginGroundOverlay.m */,
				22A1BEAC2F9B432CAE7DDE11 /* PluginKmlOverlay.m */,
				94F92A909B0B4A1D891A5C2C /* PluginMap.m */,
				F6482053EC6749EEAEFE15EB /* PluginMarker.m */,
				401BAFBFA02F4E399C9BB35A /* PluginUtil.m */,
				D056E9F6F9A94A34A350E925 /* PluginPolygon.m */,
				120428E5386F4FB4B5D80934 /* PluginPolyline.m */,
				A9C762F260D040B9B1892E88 /* PluginTileProvider.m */,
				8E806A36286D4057A48ADC76 /* TBXML.m */,
				B72B5B8341D94A61854569D5 /* PluginTileOverlay.m */,
				5FA6E70436E84A56BE17374E /* GMSCoordinateBounds+Geometry.m */,
				14FC999677C745BFB2BD0AE5 /* MyPluginLayer.m */,
				50AAFF3D9D374321A3DA1003 /* MyPluginScrollView.m */,
				82FDE83AAA7D4D2F9108EE73 /* PluginMarkerCluster.m */,
				DDCC9D86383B4C939D44EFF4 /* UIImageCache.m */,
				CCC811778DF140A48864DBCA /* PluginStreetViewPanorama.m */,
				1271CF3A7CE74049B9E2A97E /* PluginStreetViewPanoramaController.m */,
				98436068728C4C83BEF90EA8 /* PluginViewController.m */,
				44395E611AF54C27ABB2577D /* PluginObjects.h */,
				E6B51D437F3449ACA09DA73C /* PluginCircle.h */,
				0CE7B0EB12BD4AFA84DAED69 /* PluginGeocoder.h */,
				B151AD0DD8D04A20A68ED6D9 /* PluginLocationService.h */,
				D076920B81784739A219B686 /* PluginEnvironment.h */,
				6C1369987B7E455281DEBEB5 /* CordovaGoogleMaps.h */,
				0154FE72DA124CAEA6432EF3 /* PluginMapViewController.h */,
				D1D3ED9E25F849AEBE405E76 /* PluginGroundOverlay.h */,
				A76ABC66D591422687541763 /* PluginKmlOverlay.h */,
				D3D7FBB3DF214D3CADB59C69 /* PluginMap.h */,
				BF4C1B2E876F46C58CB2CA1A /* PluginMarker.h */,
				D2656B8DBA0045B59C03F1BE /* PluginUtil.h */,
				D6776DC82F824EA2A54FABB4 /* PluginPolygon.h */,
				C8C357E392294F77993C9BAE /* PluginPolyline.h */,
				E79B3383D04F4A5DA900C7A3 /* PluginTileProvider.h */,
				EB58789DBFEC405E9BF38F5B /* TBXML.h */,
				8B2F899A35894DF68BA9B434 /* PluginTileOverlay.h */,
				9208BD0B640E451F84B5D6FE /* GMSCoordinateBounds+Geometry.h */,
				A489CBDB872C453282C83226 /* MyPluginLayer.h */,
				1EA3F5C325BB4BB696F1BA8E /* MyPluginScrollView.h */,
				A491FB38E0BC492895E64FB1 /* PluginMarkerCluster.h */,
				191006A42CA14CA193624380 /* UIImageCache.h */,
				DA278F6C87B142869F099B9D /* PluginStreetViewPanorama.h */,
				28BB1C8F3E1E435B8CD0CC79 /* PluginStreetViewPanoramaController.h */,
				42658B1C617F4814A8A4B2D1 /* PluginViewController.h */,
				C9FBFC83FAB24963A7FF24C8 /* IPluginView.h */,
				4400CD6A563C47DBB4EC0867 /* IPluginProtocol.h */,
				509EB56E0CA84ACB9064CE87 /* CDVInAppBrowser.m */,
				75CB5107CAF84D6E94D6205C /* CDVInAppBrowser.h */,
				9A248B87EBA74699A8CC6BF5 /* APPLocalNotification.m */,
				A9D740FF1F4048AF87F492CF /* APPNotificationContent.m */,
				8FC4BDD289EA41D997FC4F74 /* APPNotificationOptions.m */,
				F160EA88ADCC46A7AF1E4E56 /* UNUserNotificationCenter+APPLocalNotification.m */,
				53C858B0263643919A2ED4E2 /* UNNotificationRequest+APPLocalNotification.m */,
				036BBCD903974C79B6BD8072 /* APPLocalNotification.h */,
				9AEF2C253B2C4B998BC37B8A /* APPNotificationContent.h */,
				DC5EB519BADB44DCAB548243 /* APPNotificationOptions.h */,
				D2A388E469A24F5AB69425A9 /* UNUserNotificationCenter+APPLocalNotification.h */,
				C90A6D1DC2244090AEDE91EB /* UNNotificationRequest+APPLocalNotification.h */,
				4631BD2D6F6646339403B93A /* CDVCapture.m */,
				CABC031EAAF546FEA55239E1 /* CDVCapture.h */,
				3DA7EF8C3B5047FFA43ECDE0 /* CDVConnection.m */,
				5E2C1274288D43A88AA5AFD9 /* CDVReachability.m */,
				D36C4BEA9C3247369DA969ED /* CDVConnection.h */,
				E56560EED373482F98BFDB11 /* CDVReachability.h */,
				2D5C70FEE49B42D78EECEBD3 /* SaveImage.m */,
				4D02704669BC47C4BBCBFB84 /* SaveImage.h */,
				B8336337D7E34D95BF3DCB4C /* CDVOrientation.m */,
				49238458DB8D423488BFA019 /* CDVOrientation.h */,
				0B130439B9C94AC7B6A846E6 /* CDVTTS.m */,
				B477E1BE39CF4A78858777D8 /* CDVTTS.h */,
				CFDC6773AC7A4DDCBDB1F17A /* CDVVibration.m */,
				23AFF8921FDD4906AC218BC6 /* CDVVibration.h */,
				CEB81798C855422EA3512376 /* UICKeyChainStore.m */,
				555A147116F94440A9EFFDE9 /* CDVUniqueDeviceID.m */,
				157584B0D79D46859A0F26BC /* UICKeyChainStore.h */,
				FCAE459B72194B4A9BF76AEB /* CDVUniqueDeviceID.h */,
			);
			name = Plugins;
			path = "eAbsensi FMIPA/Plugins";
			sourceTree = SOURCE_ROOT;
		};
		EB87FDF11871DA420020F90C /* Staging */ = {
			isa = PBXGroup;
			children = (
				F840E1F0165FE0F500CFE078 /* config.xml */,
				301BF56E109A69640062928A /* www */,
			);
			name = Staging;
			sourceTree = "<group>";
		};
/* End PBXGroup section */

/* Begin PBXNativeTarget section */
		1D6058900D05DD3D006BFB54 /* eAbsensi FMIPA */ = {
			isa = PBXNativeTarget;
			buildConfigurationList = 1D6058960D05DD3E006BFB54 /* Build configuration list for PBXNativeTarget "eAbsensi FMIPA" */;
			buildPhases = (
				304B58A110DAC018002A0835 /* Copy www directory */,
				1D60588D0D05DD3D006BFB54 /* Resources */,
				1D60588E0D05DD3D006BFB54 /* Sources */,
				1D60588F0D05DD3D006BFB54 /* Frameworks */,
			);
			buildRules = (
			);
			dependencies = (
				301BF551109A68C00062928A /* PBXTargetDependency */,
			);
			name = "eAbsensi FMIPA";
			productName = "eAbsensi FMIPA";
			productReference = 1D6058910D05DD3D006BFB54 /* eAbsensi FMIPA.app */;
			productType = "com.apple.product-type.application";
		};
/* End PBXNativeTarget section */

/* Begin PBXProject section */
		29B97313FDCFA39411CA2CEA /* Project object */ = {
			isa = PBXProject;
			attributes = {
				LastUpgradeCheck = 510;
				TargetAttributes = {
					1D6058900D05DD3D006BFB54 = {
						ProvisioningStyle = Automatic;
					};
				};
			};
			buildConfigurationList = C01FCF4E08A954540054247B /* Build configuration list for PBXProject "eAbsensi FMIPA" */;
			compatibilityVersion = "Xcode 3.2";
			developmentRegion = English;
			hasScannedForEncodings = 1;
			mainGroup = 29B97314FDCFA39411CA2CEA /* CustomTemplate */;
			projectDirPath = "";
			projectReferences = (
				{
					ProductGroup = 301BF52E109A57CC0062928A /* Products */;
					ProjectRef = 301BF52D109A57CC0062928A /* CordovaLib.xcodeproj */;
				},
			);
			projectRoot = "";
			targets = (
				1D6058900D05DD3D006BFB54 /* eAbsensi FMIPA */,
			);
		};
/* End PBXProject section */

/* Begin PBXReferenceProxy section */
		301BF535109A57CC0062928A /* libCordova.a */ = {
			isa = PBXReferenceProxy;
			fileType = archive.ar;
			path = libCordova.a;
			remoteRef = 301BF534109A57CC0062928A /* PBXContainerItemProxy */;
			sourceTree = BUILT_PRODUCTS_DIR;
		};
		907D8124214C687600058A10 /* Cordova.framework */ = {
			isa = PBXReferenceProxy;
			fileType = wrapper.framework;
			path = Cordova.framework;
			remoteRef = 907D8123214C687600058A10 /* PBXContainerItemProxy */;
			sourceTree = BUILT_PRODUCTS_DIR;
		};
/* End PBXReferenceProxy section */

/* Begin PBXResourcesBuildPhase section */
		1D60588D0D05DD3D006BFB54 /* Resources */ = {
			isa = PBXResourcesBuildPhase;
			buildActionMask = 2147483647;
			files = (
				302D95F214D2391D003F00A1 /* MainViewController.xib in Resources */,
				0207DA581B56EA530066E2B4 /* Images.xcassets in Resources */,
				6AFF5BF91D6E424B00AB3073 /* CDVLaunchScreen.storyboard in Resources */,
				737D85C04DDE44B8AF36D5F2 /* CDVNotification.bundle in Resources */,
				8DA6362AD4EB495D9BF9A73E /* pgm_Localizable_en.json in Resources */,
				3FD25AA34CE34C09BA558B4C /* pgm_Localizable_es.json in Resources */,
				4B88796BE6E642889A49EC95 /* pgm_Localizable_ja.json in Resources */,
				46733A41799D44B2A340F538 /* pgm_Localizable_ru.json in Resources */,
				4ADAAF0D7C1D4DF191809469 /* pgm_Localizable_uk.json in Resources */,
				C1BF366A13BD4306872B7885 /* pgm_Localizable_pt-BR.json in Resources */,
				D6B9F65285FF4262BCDD1C8D /* pgm_Localizable_de.json in Resources */,
				82D59DD23FCB491BB8EEC5D4 /* pgm_Localizable_fr.json in Resources */,
				48200915D3C6454B91E80AAC /* pgm_Localizable_hi.json in Resources */,
				1EE322E80EDC440596486A43 /* pgm_Localizable_ar.json in Resources */,
				68CE840185504313943D9E51 /* pgm_Localizable_nl.json in Resources */,
				B38E7A9977EA4A3893A564B4 /* pgm_Localizable_pl.json in Resources */,
				F9D6EC8752DE4A78B440B2C6 /* pgm_Localizable_da.json in Resources */,
				F073E7146ABC4F36A8702784 /* pgm_Localizable_vi.json in Resources */,
				D30E67D5A54F44AB9C0EE6E0 /* CDVCapture.bundle in Resources */,
			);
			runOnlyForDeploymentPostprocessing = 0;
		};
/* End PBXResourcesBuildPhase section */

/* Begin PBXShellScriptBuildPhase section */
		304B58A110DAC018002A0835 /* Copy www directory */ = {
			isa = PBXShellScriptBuildPhase;
			buildActionMask = 2147483647;
			files = (
			);
			inputPaths = (
			);
			name = "Copy www directory";
			outputPaths = (
			);
			runOnlyForDeploymentPostprocessing = 0;
			shellPath = /bin/sh;
			shellScript = "\"$SRCROOT/eAbsensi FMIPA/Scripts/copy-www-build-step.sh\"";
			showEnvVarsInLog = 0;
		};
/* End PBXShellScriptBuildPhase section */

/* Begin PBXSourcesBuildPhase section */
		1D60588E0D05DD3D006BFB54 /* Sources */ = {
			isa = PBXSourcesBuildPhase;
			buildActionMask = 2147483647;
			files = (
				1D60589B0D05DD56006BFB54 /* main.m in Sources */,
				1D3623260D0F684500981E51 /* AppDelegate.m in Sources */,
				302D95F114D2391D003F00A1 /* MainViewController.m in Sources */,
				8D1771A1DB9D44CDBEE6B273 /* APPBadge.m in Sources */,
				E6D43FCAE8A147AA938372C8 /* UIImage+CropScaleOrientation.m in Sources */,
				377117578E274855A42254AA /* CDVCamera.m in Sources */,
				F2489933922D4E6FA8552980 /* CDVJpegHeaderWriter.m in Sources */,
				DCE0FB21BF12438BA005D8B3 /* CDVDevice.m in Sources */,
				6918DBB673DE4A30A3289230 /* CDVCompass.m in Sources */,
				B672BE364A1F40FC9CCBEC71 /* CDVNotification.m in Sources */,
				E398CBF061274EB590D8CDCA /* CDVFile.m in Sources */,
				BE69195753CF409F81BE50BB /* CDVLocalFilesystem.m in Sources */,
				E9004730133A4C5FB7A4900E /* CDVAssetLibraryFilesystem.m in Sources */,
				EC79AE74B6B74716AC382418 /* CDVFileTransfer.m in Sources */,
				B974F3A674254081A41BFECC /* CDVLocation.m in Sources */,
				5FAC383EC9774FD28FA4EF7D /* PluginObjects.m in Sources */,
				A7394AFFF0AA4B7899FB4251 /* PluginCircle.m in Sources */,
				ACD0B57D5F5F42B5B128E116 /* PluginGeocoder.m in Sources */,
				97DC75A07D7F4D8B84AB04F9 /* PluginLocationService.m in Sources */,
				D98C92CECC1E426BBA89D0F3 /* PluginEnvironment.m in Sources */,
				D4CE32E5913346EBAF4BE8FD /* CordovaGoogleMaps.m in Sources */,
				0859CCA4DC0D47DB8206A198 /* PluginMapViewController.m in Sources */,
				A42E6E6F6C8946EB8730FA1A /* PluginGroundOverlay.m in Sources */,
				B1B1236295574BE38B91DAA7 /* PluginKmlOverlay.m in Sources */,
				524B549FC4984A64B3436777 /* PluginMap.m in Sources */,
				FD569E65BDE849BFB576FD5A /* PluginMarker.m in Sources */,
				B942EC9382014311A4705F2A /* PluginUtil.m in Sources */,
				0865F5CF34AA4D89A23DF2A9 /* PluginPolygon.m in Sources */,
				7D7333CB6D21488EBD63D31F /* PluginPolyline.m in Sources */,
				E4107C35E3E5410D8F4164E9 /* PluginTileProvider.m in Sources */,
				9827B6369A68449AA4BB5DB6 /* TBXML.m in Sources */,
				889F116E21614317A59DD749 /* PluginTileOverlay.m in Sources */,
				AFFA6E72699A413180F95D0B /* GMSCoordinateBounds+Geometry.m in Sources */,
				818A14666D4D40229A867C26 /* MyPluginLayer.m in Sources */,
				7A6A5E76D9F1400C9995D19D /* MyPluginScrollView.m in Sources */,
				3DEB9FF94F974257BA4C3296 /* PluginMarkerCluster.m in Sources */,
				119711C5303F45E3BAB0BB59 /* UIImageCache.m in Sources */,
				6D7C257BE83A4935BA4A1FD8 /* PluginStreetViewPanorama.m in Sources */,
				7E87091AA7044D6F843CF86A /* PluginStreetViewPanoramaController.m in Sources */,
				F925F76BE0084E08B808E18D /* PluginViewController.m in Sources */,
				F7F1F336CEF9428EB3A80B5C /* CDVInAppBrowser.m in Sources */,
				A7A6C0931C004E1BBC595B1D /* APPLocalNotification.m in Sources */,
				A8D2E92AECC34B66A66FB001 /* APPNotificationContent.m in Sources */,
				E222EDAA6931450C968BDAE8 /* APPNotificationOptions.m in Sources */,
				F7613FBCCF504C74B3973440 /* UNUserNotificationCenter+APPLocalNotification.m in Sources */,
				432992502AC5461AA3505929 /* UNNotificationRequest+APPLocalNotification.m in Sources */,
				A08C6AE79AF54BD6A8EDE661 /* CDVCapture.m in Sources */,
				87F3776D230E4E6584318B6D /* CDVConnection.m in Sources */,
				D396A307A414465BBD7B3E12 /* CDVReachability.m in Sources */,
				1166728502604FFB95C2640C /* SaveImage.m in Sources */,
				91AE30EBA7B440E4AD726430 /* CDVOrientation.m in Sources */,
				6FC113EF43434E3289547F6C /* CDVTTS.m in Sources */,
				BDC3E1515B4245E481E4E697 /* CDVVibration.m in Sources */,
				E7AA077351F8440C92D65B53 /* UICKeyChainStore.m in Sources */,
				EF338282D34B460DB4163ACF /* CDVUniqueDeviceID.m in Sources */,
			);
			runOnlyForDeploymentPostprocessing = 0;
		};
/* End PBXSourcesBuildPhase section */

/* Begin PBXTargetDependency section */
		301BF551109A68C00062928A /* PBXTargetDependency */ = {
			isa = PBXTargetDependency;
			name = CordovaLib;
			targetProxy = 301BF550109A68C00062928A /* PBXContainerItemProxy */;
		};
/* End PBXTargetDependency section */

/* Begin XCBuildConfiguration section */
		1D6058940D05DD3E006BFB54 /* Debug */ = {
			isa = XCBuildConfiguration;
			baseConfigurationReference = 3047A50F1AB8059700498E2A /* build-debug.xcconfig */;
			buildSettings = {
				ALWAYS_SEARCH_USER_PATHS = NO;
				ASSETCATALOG_COMPILER_APPICON_NAME = AppIcon;
				ASSETCATALOG_COMPILER_LAUNCHIMAGE_NAME = LaunchImage;
				CLANG_ENABLE_MODULES = YES;
				CLANG_ENABLE_OBJC_ARC = YES;
				COPY_PHASE_STRIP = NO;
				GCC_DYNAMIC_NO_PIC = NO;
				GCC_OPTIMIZATION_LEVEL = 0;
				GCC_PRECOMPILE_PREFIX_HEADER = YES;
				GCC_PREFIX_HEADER = "eAbsensi FMIPA/eAbsensi FMIPA-Prefix.pch";
				GCC_THUMB_SUPPORT = NO;
				GCC_VERSION = "";
				INFOPLIST_FILE = "eAbsensi FMIPA/eAbsensi FMIPA-Info.plist";
				IPHONEOS_DEPLOYMENT_TARGET = 10.0;
				LD_RUNPATH_SEARCH_PATHS = "@executable_path/Frameworks";
				PRODUCT_BUNDLE_IDENTIFIER = com.ahmar.id.absensifmipa;
				PRODUCT_NAME = "$(TARGET_NAME)";
				TARGETED_DEVICE_FAMILY = "1,2";
			};
			name = Debug;
		};
		1D6058950D05DD3E006BFB54 /* Release */ = {
			isa = XCBuildConfiguration;
			baseConfigurationReference = 3047A5101AB8059700498E2A /* build-release.xcconfig */;
			buildSettings = {
				ALWAYS_SEARCH_USER_PATHS = NO;
				ASSETCATALOG_COMPILER_APPICON_NAME = AppIcon;
				ASSETCATALOG_COMPILER_LAUNCHIMAGE_NAME = LaunchImage;
				CLANG_ENABLE_MODULES = YES;
				CLANG_ENABLE_OBJC_ARC = YES;
				COPY_PHASE_STRIP = YES;
				GCC_PRECOMPILE_PREFIX_HEADER = YES;
				GCC_PREFIX_HEADER = "eAbsensi FMIPA/eAbsensi FMIPA-Prefix.pch";
				GCC_THUMB_SUPPORT = NO;
				GCC_VERSION = "";
				INFOPLIST_FILE = "eAbsensi FMIPA/eAbsensi FMIPA-Info.plist";
				IPHONEOS_DEPLOYMENT_TARGET = 10.0;
				LD_RUNPATH_SEARCH_PATHS = "@executable_path/Frameworks";
				PRODUCT_BUNDLE_IDENTIFIER = com.ahmar.id.absensifmipa;
				PRODUCT_NAME = "$(TARGET_NAME)";
				TARGETED_DEVICE_FAMILY = "1,2";
			};
			name = Release;
		};
		C01FCF4F08A954540054247B /* Debug */ = {
			isa = XCBuildConfiguration;
			baseConfigurationReference = 3047A5111AB8059700498E2A /* build.xcconfig */;
			buildSettings = {
				CLANG_ENABLE_MODULES = YES;
				CLANG_ENABLE_OBJC_ARC = YES;
				CLANG_WARN_BLOCK_CAPTURE_AUTORELEASING = YES;
				CLANG_WARN_BOOL_CONVERSION = YES;
				CLANG_WARN_COMMA = YES;
				CLANG_WARN_CONSTANT_CONVERSION = YES;
				CLANG_WARN_DEPRECATED_OBJC_IMPLEMENTATIONS = YES;
				CLANG_WARN_EMPTY_BODY = YES;
				CLANG_WARN_ENUM_CONVERSION = YES;
				CLANG_WARN_INFINITE_RECURSION = YES;
				CLANG_WARN_INT_CONVERSION = YES;
				CLANG_WARN_NON_LITERAL_NULL_CONVERSION = YES;
				CLANG_WARN_OBJC_IMPLICIT_RETAIN_SELF = YES;
				CLANG_WARN_OBJC_LITERAL_CONVERSION = YES;
				CLANG_WARN_RANGE_LOOP_ANALYSIS = YES;
				CLANG_WARN_STRICT_PROTOTYPES = YES;
				CLANG_WARN_SUSPICIOUS_MOVE = YES;
				CLANG_WARN_UNREACHABLE_CODE = YES;
				CLANG_WARN__DUPLICATE_METHOD_MATCH = YES;
				ENABLE_STRICT_OBJC_MSGSEND = YES;
				ENABLE_TESTABILITY = YES;
				GCC_C_LANGUAGE_STANDARD = c99;
				GCC_NO_COMMON_BLOCKS = YES;
				GCC_THUMB_SUPPORT = NO;
				GCC_VERSION = "";
				GCC_WARN_64_TO_32_BIT_CONVERSION = YES;
				GCC_WARN_ABOUT_RETURN_TYPE = YES;
				GCC_WARN_UNDECLARED_SELECTOR = YES;
				GCC_WARN_UNINITIALIZED_AUTOS = YES;
				GCC_WARN_UNUSED_FUNCTION = YES;
				GCC_WARN_UNUSED_VARIABLE = YES;
				ONLY_ACTIVE_ARCH = YES;
				SDKROOT = iphoneos;
				SKIP_INSTALL = NO;
				WK_WEB_VIEW_ONLY = 0;
				PRODUCT_BUNDLE_IDENTIFIER = com.ahmar.id.absensifmipa;
			};
			name = Debug;
		};
		C01FCF5008A954540054247B /* Release */ = {
			isa = XCBuildConfiguration;
			baseConfigurationReference = 3047A5111AB8059700498E2A /* build.xcconfig */;
			buildSettings = {
				CLANG_ENABLE_MODULES = YES;
				CLANG_ENABLE_OBJC_ARC = YES;
				CLANG_WARN_BLOCK_CAPTURE_AUTORELEASING = YES;
				CLANG_WARN_BOOL_CONVERSION = YES;
				CLANG_WARN_COMMA = YES;
				CLANG_WARN_CONSTANT_CONVERSION = YES;
				CLANG_WARN_DEPRECATED_OBJC_IMPLEMENTATIONS = YES;
				CLANG_WARN_EMPTY_BODY = YES;
				CLANG_WARN_ENUM_CONVERSION = YES;
				CLANG_WARN_INFINITE_RECURSION = YES;
				CLANG_WARN_INT_CONVERSION = YES;
				CLANG_WARN_NON_LITERAL_NULL_CONVERSION = YES;
				CLANG_WARN_OBJC_IMPLICIT_RETAIN_SELF = YES;
				CLANG_WARN_OBJC_LITERAL_CONVERSION = YES;
				CLANG_WARN_RANGE_LOOP_ANALYSIS = YES;
				CLANG_WARN_STRICT_PROTOTYPES = YES;
				CLANG_WARN_SUSPICIOUS_MOVE = YES;
				CLANG_WARN_UNREACHABLE_CODE = YES;
				CLANG_WARN__DUPLICATE_METHOD_MATCH = YES;
				ENABLE_STRICT_OBJC_MSGSEND = YES;
				GCC_C_LANGUAGE_STANDARD = c99;
				GCC_NO_COMMON_BLOCKS = YES;
				GCC_THUMB_SUPPORT = NO;
				GCC_VERSION = "";
				GCC_WARN_64_TO_32_BIT_CONVERSION = YES;
				GCC_WARN_ABOUT_RETURN_TYPE = YES;
				GCC_WARN_UNDECLARED_SELECTOR = YES;
				GCC_WARN_UNINITIALIZED_AUTOS = YES;
				GCC_WARN_UNUSED_FUNCTION = YES;
				GCC_WARN_UNUSED_VARIABLE = YES;
				SDKROOT = iphoneos;
				SKIP_INSTALL = NO;
				WK_WEB_VIEW_ONLY = 0;
				PRODUCT_BUNDLE_IDENTIFIER = com.ahmar.id.absensifmipa;
			};
			name = Release;
		};
/* End XCBuildConfiguration section */

/* Begin XCConfigurationList section */
		1D6058960D05DD3E006BFB54 /* Build configuration list for PBXNativeTarget "eAbsensi FMIPA" */ = {
			isa = XCConfigurationList;
			buildConfigurations = (
				1D6058940D05DD3E006BFB54 /* Debug */,
				1D6058950D05DD3E006BFB54 /* Release */,
			);
			defaultConfigurationIsVisible = 0;
			defaultConfigurationName = Release;
		};
		C01FCF4E08A954540054247B /* Build configuration list for PBXProject "eAbsensi FMIPA" */ = {
			isa = XCConfigurationList;
			buildConfigurations = (
				C01FCF4F08A954540054247B /* Debug */,
				C01FCF5008A954540054247B /* Release */,
			);
			defaultConfigurationIsVisible = 0;
			defaultConfigurationName = Release;
		};
/* End XCConfigurationList section */
	};
	rootObject = 29B97313FDCFA39411CA2CEA /* Project object */;
}
